// !$*UTF8*$!
{
	archiveVersion = 1;
	classes = {
	};
	objectVersion = 45;
	objects = {

/* Begin PBXAggregateTarget section */
		E4FE76D80E89556A00971EE6 /* Documentation */ = {
			isa = PBXAggregateTarget;
			buildConfigurationList = E4FE76F70E8955BB00971EE6 /* Build configuration list for PBXAggregateTarget "Documentation" */;
			buildPhases = (
				E4FE76D70E89556A00971EE6 /* ShellScript */,
			);
			dependencies = (
				E459CBB20E8B096700E68D1E /* PBXTargetDependency */,
				E473CBE60E93B61F005CA997 /* PBXTargetDependency */,
			);
			name = Documentation;
			productName = Documentation;
		};
/* End PBXAggregateTarget section */

/* Begin PBXBuildFile section */
		8DC2EF530486A6940098B216 /* InfoPlist.strings in Resources */ = {isa = PBXBuildFile; fileRef = 089C1666FE841158C02AAC07 /* InfoPlist.strings */; };
		E41180270E91E7E700E66053 /* SinglyLinkedList.h in Headers */ = {isa = PBXBuildFile; fileRef = E41180250E91E7E700E66053 /* SinglyLinkedList.h */; };
		E41180280E91E7E700E66053 /* SinglyLinkedList.m in Sources */ = {isa = PBXBuildFile; fileRef = E41180260E91E7E700E66053 /* SinglyLinkedList.m */; };
		E42DBAF20E8C3200000E1FBD /* Deque.h in Headers */ = {isa = PBXBuildFile; fileRef = E42DBAF10E8C3200000E1FBD /* Deque.h */; settings = {ATTRIBUTES = (Public, ); }; };
		E442DFA80E8F1BDF00BD62F6 /* DataStructures.h in Headers */ = {isa = PBXBuildFile; fileRef = E442DFA70E8F1BDF00BD62F6 /* DataStructures.h */; settings = {ATTRIBUTES = (Public, ); }; };
		E442DFB80E8F1E6D00BD62F6 /* AATree.h in Headers */ = {isa = PBXBuildFile; fileRef = E442DFB60E8F1E6D00BD62F6 /* AATree.h */; settings = {ATTRIBUTES = (Public, ); }; };
		E442DFB90E8F1E6D00BD62F6 /* AATree.m in Sources */ = {isa = PBXBuildFile; fileRef = E442DFB70E8F1E6D00BD62F6 /* AATree.m */; };
		E44771F40E912491000889F7 /* ArrayDeque.h in Headers */ = {isa = PBXBuildFile; fileRef = E44771F20E912491000889F7 /* ArrayDeque.h */; settings = {ATTRIBUTES = (Public, ); }; };
		E44771F50E912491000889F7 /* ArrayDeque.m in Sources */ = {isa = PBXBuildFile; fileRef = E44771F30E912491000889F7 /* ArrayDeque.m */; };
		E44773A20E913C89000889F7 /* Util.h in Headers */ = {isa = PBXBuildFile; fileRef = E44773A10E913C89000889F7 /* Util.h */; settings = {ATTRIBUTES = (Public, ); }; };
		E473CB5C0E9346DD005CA997 /* AATree.m in Sources */ = {isa = PBXBuildFile; fileRef = E442DFB70E8F1E6D00BD62F6 /* AATree.m */; };
		E473CB5D0E9346DE005CA997 /* AbstractTree.m in Sources */ = {isa = PBXBuildFile; fileRef = E4ADBC990E88412C00B570BC /* AbstractTree.m */; };
		E473CB5E0E9346DE005CA997 /* ArrayDeque.m in Sources */ = {isa = PBXBuildFile; fileRef = E44771F30E912491000889F7 /* ArrayDeque.m */; };
		E473CB5F0E9346DF005CA997 /* ArrayHeap.m in Sources */ = {isa = PBXBuildFile; fileRef = E4ADBB070E88174200B570BC /* ArrayHeap.m */; };
		E473CB600E9346E0005CA997 /* ArrayQueue.m in Sources */ = {isa = PBXBuildFile; fileRef = E4ADBB090E88174200B570BC /* ArrayQueue.m */; };
		E473CB610E9346E1005CA997 /* ArrayStack.m in Sources */ = {isa = PBXBuildFile; fileRef = E4ADBB0B0E88174200B570BC /* ArrayStack.m */; };
		E473CB620E9346E3005CA997 /* DoublyLinkedList.m in Sources */ = {isa = PBXBuildFile; fileRef = E4ADBB1F0E88174200B570BC /* DoublyLinkedList.m */; };
		E473CB630E9346E4005CA997 /* ListQueue.m in Sources */ = {isa = PBXBuildFile; fileRef = E4ADBB140E88174200B570BC /* ListQueue.m */; };
		E473CB640E9346E5005CA997 /* ListStack.m in Sources */ = {isa = PBXBuildFile; fileRef = E4ADBB160E88174200B570BC /* ListStack.m */; };
		E473CB650E9346E5005CA997 /* RedBlackTree.m in Sources */ = {isa = PBXBuildFile; fileRef = E4ADBB1C0E88174200B570BC /* RedBlackTree.m */; };
		E473CB660E9346E6005CA997 /* SinglyLinkedList.m in Sources */ = {isa = PBXBuildFile; fileRef = E41180260E91E7E700E66053 /* SinglyLinkedList.m */; };
		E473CB670E9346E7005CA997 /* UnbalancedTree.m in Sources */ = {isa = PBXBuildFile; fileRef = E4ADBB230E88174200B570BC /* UnbalancedTree.m */; };
		E473CB7E0E934838005CA997 /* UnbalancedTreeTest.m in Sources */ = {isa = PBXBuildFile; fileRef = E473CB7D0E934838005CA997 /* UnbalancedTreeTest.m */; };
		E473CB870E9348F5005CA997 /* SinglyLinkedListTest.m in Sources */ = {isa = PBXBuildFile; fileRef = E473CA3D0E93346B005CA997 /* SinglyLinkedListTest.m */; };
		E4ADBA930E88155A00B570BC /* Foundation.framework in Frameworks */ = {isa = PBXBuildFile; fileRef = 0867D69BFE84028FC02AAC07 /* Foundation.framework */; settings = {ATTRIBUTES = (Required, ); }; };
		E4ADBB240E88174200B570BC /* ArrayHeap.h in Headers */ = {isa = PBXBuildFile; fileRef = E4ADBB060E88174200B570BC /* ArrayHeap.h */; settings = {ATTRIBUTES = (Public, ); }; };
		E4ADBB250E88174200B570BC /* ArrayHeap.m in Sources */ = {isa = PBXBuildFile; fileRef = E4ADBB070E88174200B570BC /* ArrayHeap.m */; };
		E4ADBB260E88174200B570BC /* ArrayQueue.h in Headers */ = {isa = PBXBuildFile; fileRef = E4ADBB080E88174200B570BC /* ArrayQueue.h */; settings = {ATTRIBUTES = (Public, ); }; };
		E4ADBB270E88174200B570BC /* ArrayQueue.m in Sources */ = {isa = PBXBuildFile; fileRef = E4ADBB090E88174200B570BC /* ArrayQueue.m */; };
		E4ADBB280E88174200B570BC /* ArrayStack.h in Headers */ = {isa = PBXBuildFile; fileRef = E4ADBB0A0E88174200B570BC /* ArrayStack.h */; settings = {ATTRIBUTES = (Public, ); }; };
		E4ADBB290E88174200B570BC /* ArrayStack.m in Sources */ = {isa = PBXBuildFile; fileRef = E4ADBB0B0E88174200B570BC /* ArrayStack.m */; };
		E4ADBB300E88174200B570BC /* Heap.h in Headers */ = {isa = PBXBuildFile; fileRef = E4ADBB120E88174200B570BC /* Heap.h */; settings = {ATTRIBUTES = (Public, ); }; };
		E4ADBB310E88174200B570BC /* ListQueue.h in Headers */ = {isa = PBXBuildFile; fileRef = E4ADBB130E88174200B570BC /* ListQueue.h */; settings = {ATTRIBUTES = (Public, ); }; };
		E4ADBB320E88174200B570BC /* ListQueue.m in Sources */ = {isa = PBXBuildFile; fileRef = E4ADBB140E88174200B570BC /* ListQueue.m */; };
		E4ADBB330E88174200B570BC /* ListStack.h in Headers */ = {isa = PBXBuildFile; fileRef = E4ADBB150E88174200B570BC /* ListStack.h */; settings = {ATTRIBUTES = (Public, ); }; };
		E4ADBB340E88174200B570BC /* ListStack.m in Sources */ = {isa = PBXBuildFile; fileRef = E4ADBB160E88174200B570BC /* ListStack.m */; };
		E4ADBB350E88174200B570BC /* LinkedList.h in Headers */ = {isa = PBXBuildFile; fileRef = E4ADBB170E88174200B570BC /* LinkedList.h */; settings = {ATTRIBUTES = (Public, ); }; };
		E4ADBB360E88174200B570BC /* Queue.h in Headers */ = {isa = PBXBuildFile; fileRef = E4ADBB180E88174200B570BC /* Queue.h */; settings = {ATTRIBUTES = (Public, ); }; };
		E4ADBB390E88174200B570BC /* RedBlackTree.h in Headers */ = {isa = PBXBuildFile; fileRef = E4ADBB1B0E88174200B570BC /* RedBlackTree.h */; settings = {ATTRIBUTES = (Public, ); }; };
		E4ADBB3A0E88174200B570BC /* RedBlackTree.m in Sources */ = {isa = PBXBuildFile; fileRef = E4ADBB1C0E88174200B570BC /* RedBlackTree.m */; };
		E4ADBB3B0E88174200B570BC /* Stack.h in Headers */ = {isa = PBXBuildFile; fileRef = E4ADBB1D0E88174200B570BC /* Stack.h */; settings = {ATTRIBUTES = (Public, ); }; };
		E4ADBB3C0E88174200B570BC /* DoublyLinkedList.h in Headers */ = {isa = PBXBuildFile; fileRef = E4ADBB1E0E88174200B570BC /* DoublyLinkedList.h */; settings = {ATTRIBUTES = (Public, ); }; };
		E4ADBB3D0E88174200B570BC /* DoublyLinkedList.m in Sources */ = {isa = PBXBuildFile; fileRef = E4ADBB1F0E88174200B570BC /* DoublyLinkedList.m */; };
		E4ADBB400E88174200B570BC /* UnbalancedTree.h in Headers */ = {isa = PBXBuildFile; fileRef = E4ADBB220E88174200B570BC /* UnbalancedTree.h */; settings = {ATTRIBUTES = (Public, ); }; };
		E4ADBB410E88174200B570BC /* UnbalancedTree.m in Sources */ = {isa = PBXBuildFile; fileRef = E4ADBB230E88174200B570BC /* UnbalancedTree.m */; };
		E4ADBB800E8828C500B570BC /* README in Resources */ = {isa = PBXBuildFile; fileRef = E4ADBB7E0E8828C500B570BC /* README */; };
		E4ADBB810E8828C500B570BC /* LICENSE in Resources */ = {isa = PBXBuildFile; fileRef = E4ADBB7F0E8828C500B570BC /* LICENSE */; };
		E4ADBC9A0E88412C00B570BC /* AbstractTree.m in Sources */ = {isa = PBXBuildFile; fileRef = E4ADBC990E88412C00B570BC /* AbstractTree.m */; };
		E4D4996A0E93CD1300434CBA /* DoublyLinkedListTest.m in Sources */ = {isa = PBXBuildFile; fileRef = E4D499690E93CD1300434CBA /* DoublyLinkedListTest.m */; };
		E4FE77C70E8978C300971EE6 /* Tree.h in Headers */ = {isa = PBXBuildFile; fileRef = E4FE77C60E8978C300971EE6 /* Tree.h */; settings = {ATTRIBUTES = (Public, ); }; };
		E4FE77CA0E8978DD00971EE6 /* AbstractTree.h in Headers */ = {isa = PBXBuildFile; fileRef = E4FE77C90E8978DD00971EE6 /* AbstractTree.h */; settings = {ATTRIBUTES = (Public, ); }; };
/* End PBXBuildFile section */

/* Begin PBXContainerItemProxy section */
		E459CBB10E8B096700E68D1E /* PBXContainerItemProxy */ = {
			isa = PBXContainerItemProxy;
			containerPortal = 0867D690FE84028FC02AAC07 /* Project object */;
			proxyType = 1;
			remoteGlobalIDString = 8DC2EF4F0486A6940098B216;
			remoteInfo = DataStructures;
		};
		E473CB5A0E9346D0005CA997 /* PBXContainerItemProxy */ = {
			isa = PBXContainerItemProxy;
			containerPortal = 0867D690FE84028FC02AAC07 /* Project object */;
			proxyType = 1;
			remoteGlobalIDString = 8DC2EF4F0486A6940098B216;
			remoteInfo = DataStructures;
		};
		E473CBE50E93B61F005CA997 /* PBXContainerItemProxy */ = {
			isa = PBXContainerItemProxy;
			containerPortal = 0867D690FE84028FC02AAC07 /* Project object */;
			proxyType = 1;
			remoteGlobalIDString = E473CB540E9346CB005CA997;
			remoteInfo = "Unit Testing";
		};
/* End PBXContainerItemProxy section */

/* Begin PBXFileReference section */
		0867D69BFE84028FC02AAC07 /* Foundation.framework */ = {isa = PBXFileReference; lastKnownFileType = wrapper.framework; name = Foundation.framework; path = /System/Library/Frameworks/Foundation.framework; sourceTree = "<absolute>"; };
		089C1667FE841158C02AAC07 /* English */ = {isa = PBXFileReference; fileEncoding = 10; lastKnownFileType = text.plist.strings; name = English; path = English.lproj/InfoPlist.strings; sourceTree = "<group>"; };
		8DC2EF5B0486A6940098B216 /* DataStructures.framework */ = {isa = PBXFileReference; explicitFileType = wrapper.framework; includeInIndex = 0; path = DataStructures.framework; sourceTree = BUILT_PRODUCTS_DIR; };
		E41180250E91E7E700E66053 /* SinglyLinkedList.h */ = {isa = PBXFileReference; fileEncoding = 4; lastKnownFileType = sourcecode.c.h; name = SinglyLinkedList.h; path = source/SinglyLinkedList.h; sourceTree = "<group>"; };
		E41180260E91E7E700E66053 /* SinglyLinkedList.m */ = {isa = PBXFileReference; fileEncoding = 4; lastKnownFileType = sourcecode.c.objc; name = SinglyLinkedList.m; path = source/SinglyLinkedList.m; sourceTree = "<group>"; };
		E42DBAF10E8C3200000E1FBD /* Deque.h */ = {isa = PBXFileReference; fileEncoding = 4; lastKnownFileType = sourcecode.c.h; name = Deque.h; path = source/Deque.h; sourceTree = "<group>"; };
		E442DFA70E8F1BDF00BD62F6 /* DataStructures.h */ = {isa = PBXFileReference; fileEncoding = 4; lastKnownFileType = sourcecode.c.h; name = DataStructures.h; path = source/DataStructures.h; sourceTree = "<group>"; };
		E442DFB60E8F1E6D00BD62F6 /* AATree.h */ = {isa = PBXFileReference; fileEncoding = 4; lastKnownFileType = sourcecode.c.h; name = AATree.h; path = Source/AATree.h; sourceTree = "<group>"; };
		E442DFB70E8F1E6D00BD62F6 /* AATree.m */ = {isa = PBXFileReference; fileEncoding = 4; lastKnownFileType = sourcecode.c.objc; name = AATree.m; path = Source/AATree.m; sourceTree = "<group>"; };
		E44771F20E912491000889F7 /* ArrayDeque.h */ = {isa = PBXFileReference; fileEncoding = 4; lastKnownFileType = sourcecode.c.h; name = ArrayDeque.h; path = source/ArrayDeque.h; sourceTree = "<group>"; };
		E44771F30E912491000889F7 /* ArrayDeque.m */ = {isa = PBXFileReference; fileEncoding = 4; lastKnownFileType = sourcecode.c.objc; name = ArrayDeque.m; path = source/ArrayDeque.m; sourceTree = "<group>"; };
		E44773A10E913C89000889F7 /* Util.h */ = {isa = PBXFileReference; fileEncoding = 4; lastKnownFileType = sourcecode.c.h; name = Util.h; path = source/Util.h; sourceTree = "<group>"; };
		E473C9890E9331FA005CA997 /* Unit Testing-Info.plist */ = {isa = PBXFileReference; lastKnownFileType = text.plist.xml; path = "Unit Testing-Info.plist"; sourceTree = "<group>"; };
		E473C99E0E93333C005CA997 /* SenTestingKit.framework */ = {isa = PBXFileReference; lastKnownFileType = wrapper.framework; name = SenTestingKit.framework; path = Library/Frameworks/SenTestingKit.framework; sourceTree = DEVELOPER_DIR; };
		E473CA3D0E93346B005CA997 /* SinglyLinkedListTest.m */ = {isa = PBXFileReference; fileEncoding = 4; lastKnownFileType = sourcecode.c.objc; name = SinglyLinkedListTest.m; path = test/SinglyLinkedListTest.m; sourceTree = "<group>"; };
		E473CB550E9346CB005CA997 /* Unit Testing.octest */ = {isa = PBXFileReference; explicitFileType = wrapper.cfbundle; includeInIndex = 0; path = "Unit Testing.octest"; sourceTree = BUILT_PRODUCTS_DIR; };
		E473CB7D0E934838005CA997 /* UnbalancedTreeTest.m */ = {isa = PBXFileReference; fileEncoding = 4; lastKnownFileType = sourcecode.c.objc; name = UnbalancedTreeTest.m; path = test/UnbalancedTreeTest.m; sourceTree = "<group>"; };
		E4ADBB060E88174200B570BC /* ArrayHeap.h */ = {isa = PBXFileReference; fileEncoding = 4; lastKnownFileType = sourcecode.c.h; name = ArrayHeap.h; path = source/ArrayHeap.h; sourceTree = "<group>"; };
		E4ADBB070E88174200B570BC /* ArrayHeap.m */ = {isa = PBXFileReference; fileEncoding = 4; lastKnownFileType = sourcecode.c.objc; name = ArrayHeap.m; path = source/ArrayHeap.m; sourceTree = "<group>"; };
		E4ADBB080E88174200B570BC /* ArrayQueue.h */ = {isa = PBXFileReference; fileEncoding = 4; lastKnownFileType = sourcecode.c.h; name = ArrayQueue.h; path = source/ArrayQueue.h; sourceTree = "<group>"; };
		E4ADBB090E88174200B570BC /* ArrayQueue.m */ = {isa = PBXFileReference; fileEncoding = 4; lastKnownFileType = sourcecode.c.objc; name = ArrayQueue.m; path = source/ArrayQueue.m; sourceTree = "<group>"; };
		E4ADBB0A0E88174200B570BC /* ArrayStack.h */ = {isa = PBXFileReference; fileEncoding = 4; lastKnownFileType = sourcecode.c.h; name = ArrayStack.h; path = source/ArrayStack.h; sourceTree = "<group>"; };
		E4ADBB0B0E88174200B570BC /* ArrayStack.m */ = {isa = PBXFileReference; fileEncoding = 4; lastKnownFileType = sourcecode.c.objc; name = ArrayStack.m; path = source/ArrayStack.m; sourceTree = "<group>"; };
		E4ADBB120E88174200B570BC /* Heap.h */ = {isa = PBXFileReference; fileEncoding = 4; lastKnownFileType = sourcecode.c.h; name = Heap.h; path = source/Heap.h; sourceTree = "<group>"; };
		E4ADBB130E88174200B570BC /* ListQueue.h */ = {isa = PBXFileReference; fileEncoding = 4; lastKnownFileType = sourcecode.c.h; name = ListQueue.h; path = source/ListQueue.h; sourceTree = "<group>"; };
		E4ADBB140E88174200B570BC /* ListQueue.m */ = {isa = PBXFileReference; fileEncoding = 4; lastKnownFileType = sourcecode.c.objc; name = ListQueue.m; path = source/ListQueue.m; sourceTree = "<group>"; };
		E4ADBB150E88174200B570BC /* ListStack.h */ = {isa = PBXFileReference; fileEncoding = 4; lastKnownFileType = sourcecode.c.h; name = ListStack.h; path = source/ListStack.h; sourceTree = "<group>"; };
		E4ADBB160E88174200B570BC /* ListStack.m */ = {isa = PBXFileReference; fileEncoding = 4; lastKnownFileType = sourcecode.c.objc; name = ListStack.m; path = source/ListStack.m; sourceTree = "<group>"; };
		E4ADBB170E88174200B570BC /* LinkedList.h */ = {isa = PBXFileReference; fileEncoding = 4; lastKnownFileType = sourcecode.c.h; name = LinkedList.h; path = source/LinkedList.h; sourceTree = "<group>"; };
		E4ADBB180E88174200B570BC /* Queue.h */ = {isa = PBXFileReference; fileEncoding = 4; lastKnownFileType = sourcecode.c.h; name = Queue.h; path = source/Queue.h; sourceTree = "<group>"; };
		E4ADBB1B0E88174200B570BC /* RedBlackTree.h */ = {isa = PBXFileReference; fileEncoding = 4; lastKnownFileType = sourcecode.c.h; name = RedBlackTree.h; path = source/RedBlackTree.h; sourceTree = "<group>"; };
		E4ADBB1C0E88174200B570BC /* RedBlackTree.m */ = {isa = PBXFileReference; fileEncoding = 4; lastKnownFileType = sourcecode.c.objc; name = RedBlackTree.m; path = source/RedBlackTree.m; sourceTree = "<group>"; };
		E4ADBB1D0E88174200B570BC /* Stack.h */ = {isa = PBXFileReference; fileEncoding = 4; lastKnownFileType = sourcecode.c.h; name = Stack.h; path = source/Stack.h; sourceTree = "<group>"; };
		E4ADBB1E0E88174200B570BC /* DoublyLinkedList.h */ = {isa = PBXFileReference; fileEncoding = 4; lastKnownFileType = sourcecode.c.h; name = DoublyLinkedList.h; path = source/DoublyLinkedList.h; sourceTree = "<group>"; };
		E4ADBB1F0E88174200B570BC /* DoublyLinkedList.m */ = {isa = PBXFileReference; fileEncoding = 4; lastKnownFileType = sourcecode.c.objc; name = DoublyLinkedList.m; path = source/DoublyLinkedList.m; sourceTree = "<group>"; };
		E4ADBB220E88174200B570BC /* UnbalancedTree.h */ = {isa = PBXFileReference; fileEncoding = 4; lastKnownFileType = sourcecode.c.h; name = UnbalancedTree.h; path = source/UnbalancedTree.h; sourceTree = "<group>"; };
		E4ADBB230E88174200B570BC /* UnbalancedTree.m */ = {isa = PBXFileReference; fileEncoding = 4; lastKnownFileType = sourcecode.c.objc; name = UnbalancedTree.m; path = source/UnbalancedTree.m; sourceTree = "<group>"; };
		E4ADBB7E0E8828C500B570BC /* README */ = {isa = PBXFileReference; fileEncoding = 4; lastKnownFileType = text; path = README; sourceTree = "<group>"; };
		E4ADBB7F0E8828C500B570BC /* LICENSE */ = {isa = PBXFileReference; fileEncoding = 4; lastKnownFileType = text; path = LICENSE; sourceTree = "<group>"; };
		E4ADBC990E88412C00B570BC /* AbstractTree.m */ = {isa = PBXFileReference; fileEncoding = 4; lastKnownFileType = sourcecode.c.objc; name = AbstractTree.m; path = source/AbstractTree.m; sourceTree = "<group>"; };
		E4CFCDB00E8FD18300B0253A /* docs.html */ = {isa = PBXFileReference; fileEncoding = 4; lastKnownFileType = text.html; path = docs.html; sourceTree = "<group>"; };
		E4CFCDB10E8FD18300B0253A /* Doxyfile */ = {isa = PBXFileReference; fileEncoding = 4; lastKnownFileType = text; path = Doxyfile; sourceTree = "<group>"; };
		E4CFCDB20E8FD18300B0253A /* doxygen-cocoa-tags.xml */ = {isa = PBXFileReference; fileEncoding = 4; lastKnownFileType = text.xml; path = "doxygen-cocoa-tags.xml"; sourceTree = "<group>"; };
		E4CFCDB30E8FD18300B0253A /* doxygen.css */ = {isa = PBXFileReference; fileEncoding = 4; lastKnownFileType = text.css; path = doxygen.css; sourceTree = "<group>"; };
		E4D499690E93CD1300434CBA /* DoublyLinkedListTest.m */ = {isa = PBXFileReference; fileEncoding = 4; lastKnownFileType = sourcecode.c.objc; name = DoublyLinkedListTest.m; path = test/DoublyLinkedListTest.m; sourceTree = "<group>"; };
		E4FE77C60E8978C300971EE6 /* Tree.h */ = {isa = PBXFileReference; fileEncoding = 4; lastKnownFileType = sourcecode.c.h; name = Tree.h; path = source/Tree.h; sourceTree = "<group>"; };
		E4FE77C90E8978DD00971EE6 /* AbstractTree.h */ = {isa = PBXFileReference; fileEncoding = 4; lastKnownFileType = sourcecode.c.h; name = AbstractTree.h; path = source/AbstractTree.h; sourceTree = "<group>"; };
/* End PBXFileReference section */

/* Begin PBXFrameworksBuildPhase section */
		8DC2EF560486A6940098B216 /* Frameworks */ = {
			isa = PBXFrameworksBuildPhase;
			buildActionMask = 2147483647;
			files = (
				E4ADBA930E88155A00B570BC /* Foundation.framework in Frameworks */,
			);
			runOnlyForDeploymentPostprocessing = 0;
		};
		E473CB520E9346CB005CA997 /* Frameworks */ = {
			isa = PBXFrameworksBuildPhase;
			buildActionMask = 2147483647;
			files = (
			);
			runOnlyForDeploymentPostprocessing = 0;
		};
/* End PBXFrameworksBuildPhase section */

/* Begin PBXGroup section */
		034768DFFF38A50411DB9C8B /* Products */ = {
			isa = PBXGroup;
			children = (
				8DC2EF5B0486A6940098B216 /* DataStructures.framework */,
				E473CB550E9346CB005CA997 /* Unit Testing.octest */,
			);
			name = Products;
			sourceTree = "<group>";
		};
		0867D691FE84028FC02AAC07 /* DataStructures */ = {
			isa = PBXGroup;
			children = (
				08FB77AEFE84172EC02AAC07 /* Classes */,
				E473C9A70E933350005CA997 /* Test Cases */,
				E4CFCDAD0E8FD16400B0253A /* Documentation */,
				089C1665FE841158C02AAC07 /* Resources */,
				0867D69AFE84028FC02AAC07 /* Frameworks */,
				034768DFFF38A50411DB9C8B /* Products */,
			);
			name = DataStructures;
			sourceTree = "<group>";
		};
		0867D69AFE84028FC02AAC07 /* Frameworks */ = {
			isa = PBXGroup;
			children = (
				E473C99E0E93333C005CA997 /* SenTestingKit.framework */,
				0867D69BFE84028FC02AAC07 /* Foundation.framework */,
			);
			name = Frameworks;
			sourceTree = "<group>";
		};
		089C1665FE841158C02AAC07 /* Resources */ = {
			isa = PBXGroup;
			children = (
				E4ADBB7F0E8828C500B570BC /* LICENSE */,
				E4ADBB7E0E8828C500B570BC /* README */,
				089C1666FE841158C02AAC07 /* InfoPlist.strings */,
				E473C9890E9331FA005CA997 /* Unit Testing-Info.plist */,
			);
			name = Resources;
			sourceTree = "<group>";
		};
		08FB77AEFE84172EC02AAC07 /* Classes */ = {
			isa = PBXGroup;
			children = (
				E442DFB60E8F1E6D00BD62F6 /* AATree.h */,
				E442DFB70E8F1E6D00BD62F6 /* AATree.m */,
				E4FE77C90E8978DD00971EE6 /* AbstractTree.h */,
				E4ADBC990E88412C00B570BC /* AbstractTree.m */,
				E44771F20E912491000889F7 /* ArrayDeque.h */,
				E44771F30E912491000889F7 /* ArrayDeque.m */,
				E4ADBB060E88174200B570BC /* ArrayHeap.h */,
				E4ADBB070E88174200B570BC /* ArrayHeap.m */,
				E4ADBB080E88174200B570BC /* ArrayQueue.h */,
				E4ADBB090E88174200B570BC /* ArrayQueue.m */,
				E4ADBB0A0E88174200B570BC /* ArrayStack.h */,
				E4ADBB0B0E88174200B570BC /* ArrayStack.m */,
				E442DFA70E8F1BDF00BD62F6 /* DataStructures.h */,
				E42DBAF10E8C3200000E1FBD /* Deque.h */,
				E4ADBB1E0E88174200B570BC /* DoublyLinkedList.h */,
				E4ADBB1F0E88174200B570BC /* DoublyLinkedList.m */,
				E4ADBB120E88174200B570BC /* Heap.h */,
				E4ADBB130E88174200B570BC /* ListQueue.h */,
				E4ADBB140E88174200B570BC /* ListQueue.m */,
				E4ADBB150E88174200B570BC /* ListStack.h */,
				E4ADBB160E88174200B570BC /* ListStack.m */,
				E4ADBB170E88174200B570BC /* LinkedList.h */,
				E4ADBB180E88174200B570BC /* Queue.h */,
				E4ADBB1B0E88174200B570BC /* RedBlackTree.h */,
				E4ADBB1C0E88174200B570BC /* RedBlackTree.m */,
				E41180250E91E7E700E66053 /* SinglyLinkedList.h */,
				E41180260E91E7E700E66053 /* SinglyLinkedList.m */,
				E4ADBB1D0E88174200B570BC /* Stack.h */,
				E4FE77C60E8978C300971EE6 /* Tree.h */,
				E4ADBB220E88174200B570BC /* UnbalancedTree.h */,
				E4ADBB230E88174200B570BC /* UnbalancedTree.m */,
				E44773A10E913C89000889F7 /* Util.h */,
			);
			name = Classes;
			sourceTree = "<group>";
		};
		E473C9A70E933350005CA997 /* Test Cases */ = {
			isa = PBXGroup;
			children = (
				E4D499690E93CD1300434CBA /* DoublyLinkedListTest.m */,
				E473CA3D0E93346B005CA997 /* SinglyLinkedListTest.m */,
				E473CB7D0E934838005CA997 /* UnbalancedTreeTest.m */,
			);
			name = "Test Cases";
			sourceTree = "<group>";
		};
		E4CFCDAD0E8FD16400B0253A /* Documentation */ = {
			isa = PBXGroup;
			children = (
				E4CFCDB00E8FD18300B0253A /* docs.html */,
				E4CFCDB10E8FD18300B0253A /* Doxyfile */,
				E4CFCDB20E8FD18300B0253A /* doxygen-cocoa-tags.xml */,
				E4CFCDB30E8FD18300B0253A /* doxygen.css */,
			);
			name = Documentation;
			sourceTree = "<group>";
		};
/* End PBXGroup section */

/* Begin PBXHeadersBuildPhase section */
		8DC2EF500486A6940098B216 /* Headers */ = {
			isa = PBXHeadersBuildPhase;
			buildActionMask = 2147483647;
			files = (
				E4ADBB240E88174200B570BC /* ArrayHeap.h in Headers */,
				E4ADBB260E88174200B570BC /* ArrayQueue.h in Headers */,
				E4ADBB280E88174200B570BC /* ArrayStack.h in Headers */,
				E4ADBB300E88174200B570BC /* Heap.h in Headers */,
				E4ADBB310E88174200B570BC /* ListQueue.h in Headers */,
				E4ADBB330E88174200B570BC /* ListStack.h in Headers */,
				E4ADBB350E88174200B570BC /* LinkedList.h in Headers */,
				E4ADBB360E88174200B570BC /* Queue.h in Headers */,
				E4ADBB390E88174200B570BC /* RedBlackTree.h in Headers */,
				E4ADBB3B0E88174200B570BC /* Stack.h in Headers */,
				E4ADBB3C0E88174200B570BC /* DoublyLinkedList.h in Headers */,
				E4ADBB400E88174200B570BC /* UnbalancedTree.h in Headers */,
				E4FE77C70E8978C300971EE6 /* Tree.h in Headers */,
				E4FE77CA0E8978DD00971EE6 /* AbstractTree.h in Headers */,
				E42DBAF20E8C3200000E1FBD /* Deque.h in Headers */,
				E442DFA80E8F1BDF00BD62F6 /* DataStructures.h in Headers */,
				E442DFB80E8F1E6D00BD62F6 /* AATree.h in Headers */,
				E44771F40E912491000889F7 /* ArrayDeque.h in Headers */,
				E44773A20E913C89000889F7 /* Util.h in Headers */,
				E41180270E91E7E700E66053 /* SinglyLinkedList.h in Headers */,
			);
			runOnlyForDeploymentPostprocessing = 0;
		};
/* End PBXHeadersBuildPhase section */

/* Begin PBXNativeTarget section */
		8DC2EF4F0486A6940098B216 /* DataStructures */ = {
			isa = PBXNativeTarget;
			buildConfigurationList = 1DEB91AD08733DA50010E9CD /* Build configuration list for PBXNativeTarget "DataStructures" */;
			buildPhases = (
				8DC2EF500486A6940098B216 /* Headers */,
				8DC2EF520486A6940098B216 /* Resources */,
				8DC2EF540486A6940098B216 /* Sources */,
				8DC2EF560486A6940098B216 /* Frameworks */,
			);
			buildRules = (
			);
			dependencies = (
			);
			name = DataStructures;
			productInstallPath = "$(HOME)/Library/Frameworks";
			productName = DataStructures;
			productReference = 8DC2EF5B0486A6940098B216 /* DataStructures.framework */;
			productType = "com.apple.product-type.framework";
		};
		E473CB540E9346CB005CA997 /* Unit Testing */ = {
			isa = PBXNativeTarget;
			buildConfigurationList = E473CB690E9346F3005CA997 /* Build configuration list for PBXNativeTarget "Unit Testing" */;
			buildPhases = (
				E473CB500E9346CB005CA997 /* Resources */,
				E473CB510E9346CB005CA997 /* Sources */,
				E473CB520E9346CB005CA997 /* Frameworks */,
				E473CB530E9346CB005CA997 /* ShellScript */,
			);
			buildRules = (
			);
			dependencies = (
				E473CB5B0E9346D0005CA997 /* PBXTargetDependency */,
			);
			name = "Unit Testing";
			productName = "Unit Testing";
			productReference = E473CB550E9346CB005CA997 /* Unit Testing.octest */;
			productType = "com.apple.product-type.bundle";
		};
/* End PBXNativeTarget section */

/* Begin PBXProject section */
		0867D690FE84028FC02AAC07 /* Project object */ = {
			isa = PBXProject;
			buildConfigurationList = 1DEB91B108733DA50010E9CD /* Build configuration list for PBXProject "DataStructures" */;
			compatibilityVersion = "Xcode 3.1";
			hasScannedForEncodings = 1;
			mainGroup = 0867D691FE84028FC02AAC07 /* DataStructures */;
			productRefGroup = 034768DFFF38A50411DB9C8B /* Products */;
			projectDirPath = "";
			projectRoot = "";
			targets = (
				8DC2EF4F0486A6940098B216 /* DataStructures */,
				E473CB540E9346CB005CA997 /* Unit Testing */,
				E4FE76D80E89556A00971EE6 /* Documentation */,
			);
		};
/* End PBXProject section */

/* Begin PBXResourcesBuildPhase section */
		8DC2EF520486A6940098B216 /* Resources */ = {
			isa = PBXResourcesBuildPhase;
			buildActionMask = 2147483647;
			files = (
				8DC2EF530486A6940098B216 /* InfoPlist.strings in Resources */,
				E4ADBB800E8828C500B570BC /* README in Resources */,
				E4ADBB810E8828C500B570BC /* LICENSE in Resources */,
			);
			runOnlyForDeploymentPostprocessing = 0;
		};
		E473CB500E9346CB005CA997 /* Resources */ = {
			isa = PBXResourcesBuildPhase;
			buildActionMask = 2147483647;
			files = (
			);
			runOnlyForDeploymentPostprocessing = 0;
		};
/* End PBXResourcesBuildPhase section */

/* Begin PBXShellScriptBuildPhase section */
		E473CB530E9346CB005CA997 /* ShellScript */ = {
			isa = PBXShellScriptBuildPhase;
			buildActionMask = 2147483647;
			files = (
			);
			inputPaths = (
			);
			outputPaths = (
			);
			runOnlyForDeploymentPostprocessing = 0;
			shellPath = /bin/sh;
			shellScript = "# Run the unit tests in this test bundle.\n\"${SYSTEM_DEVELOPER_DIR}/Tools/RunUnitTests\"\n";
		};
		E4FE76D70E89556A00971EE6 /* ShellScript */ = {
			isa = PBXShellScriptBuildPhase;
			buildActionMask = 2147483647;
			files = (
			);
			inputPaths = (
			);
			outputPaths = (
			);
			runOnlyForDeploymentPostprocessing = 0;
			shellPath = /bin/sh;
			shellScript = doxygen;
		};
/* End PBXShellScriptBuildPhase section */

/* Begin PBXSourcesBuildPhase section */
		8DC2EF540486A6940098B216 /* Sources */ = {
			isa = PBXSourcesBuildPhase;
			buildActionMask = 2147483647;
			files = (
				E4ADBB250E88174200B570BC /* ArrayHeap.m in Sources */,
				E4ADBB270E88174200B570BC /* ArrayQueue.m in Sources */,
				E4ADBB290E88174200B570BC /* ArrayStack.m in Sources */,
				E4ADBB320E88174200B570BC /* ListQueue.m in Sources */,
				E4ADBB340E88174200B570BC /* ListStack.m in Sources */,
				E4ADBB3A0E88174200B570BC /* RedBlackTree.m in Sources */,
				E4ADBB3D0E88174200B570BC /* DoublyLinkedList.m in Sources */,
				E4ADBB410E88174200B570BC /* UnbalancedTree.m in Sources */,
				E4ADBC9A0E88412C00B570BC /* AbstractTree.m in Sources */,
				E442DFB90E8F1E6D00BD62F6 /* AATree.m in Sources */,
				E44771F50E912491000889F7 /* ArrayDeque.m in Sources */,
				E41180280E91E7E700E66053 /* SinglyLinkedList.m in Sources */,
			);
			runOnlyForDeploymentPostprocessing = 0;
		};
		E473CB510E9346CB005CA997 /* Sources */ = {
			isa = PBXSourcesBuildPhase;
			buildActionMask = 2147483647;
			files = (
				E473CB5C0E9346DD005CA997 /* AATree.m in Sources */,
				E473CB5D0E9346DE005CA997 /* AbstractTree.m in Sources */,
				E473CB5E0E9346DE005CA997 /* ArrayDeque.m in Sources */,
				E473CB5F0E9346DF005CA997 /* ArrayHeap.m in Sources */,
				E473CB600E9346E0005CA997 /* ArrayQueue.m in Sources */,
				E473CB610E9346E1005CA997 /* ArrayStack.m in Sources */,
				E473CB620E9346E3005CA997 /* DoublyLinkedList.m in Sources */,
				E473CB630E9346E4005CA997 /* ListQueue.m in Sources */,
				E473CB640E9346E5005CA997 /* ListStack.m in Sources */,
				E473CB650E9346E5005CA997 /* RedBlackTree.m in Sources */,
				E473CB660E9346E6005CA997 /* SinglyLinkedList.m in Sources */,
				E473CB670E9346E7005CA997 /* UnbalancedTree.m in Sources */,
				E473CB7E0E934838005CA997 /* UnbalancedTreeTest.m in Sources */,
				E473CB870E9348F5005CA997 /* SinglyLinkedListTest.m in Sources */,
				E4D4996A0E93CD1300434CBA /* DoublyLinkedListTest.m in Sources */,
			);
			runOnlyForDeploymentPostprocessing = 0;
		};
/* End PBXSourcesBuildPhase section */

/* Begin PBXTargetDependency section */
		E459CBB20E8B096700E68D1E /* PBXTargetDependency */ = {
			isa = PBXTargetDependency;
			target = 8DC2EF4F0486A6940098B216 /* DataStructures */;
			targetProxy = E459CBB10E8B096700E68D1E /* PBXContainerItemProxy */;
		};
		E473CB5B0E9346D0005CA997 /* PBXTargetDependency */ = {
			isa = PBXTargetDependency;
			target = 8DC2EF4F0486A6940098B216 /* DataStructures */;
			targetProxy = E473CB5A0E9346D0005CA997 /* PBXContainerItemProxy */;
		};
		E473CBE60E93B61F005CA997 /* PBXTargetDependency */ = {
			isa = PBXTargetDependency;
			target = E473CB540E9346CB005CA997 /* Unit Testing */;
			targetProxy = E473CBE50E93B61F005CA997 /* PBXContainerItemProxy */;
		};
/* End PBXTargetDependency section */

/* Begin PBXVariantGroup section */
		089C1666FE841158C02AAC07 /* InfoPlist.strings */ = {
			isa = PBXVariantGroup;
			children = (
				089C1667FE841158C02AAC07 /* English */,
			);
			name = InfoPlist.strings;
			sourceTree = "<group>";
		};
/* End PBXVariantGroup section */

/* Begin XCBuildConfiguration section */
		1DEB91AE08733DA50010E9CD /* Debug */ = {
			isa = XCBuildConfiguration;
			buildSettings = {
				ALWAYS_SEARCH_USER_PATHS = NO;
				COPY_PHASE_STRIP = NO;
				DYLIB_COMPATIBILITY_VERSION = 1;
				DYLIB_CURRENT_VERSION = 1;
				FRAMEWORK_VERSION = A;
				GCC_DYNAMIC_NO_PIC = NO;
				GCC_ENABLE_FIX_AND_CONTINUE = YES;
				GCC_ENABLE_OBJC_GC = supported;
				GCC_MODEL_TUNING = G5;
				GCC_OPTIMIZATION_LEVEL = 0;
				GCC_PRECOMPILE_PREFIX_HEADER = NO;
				GCC_PREFIX_HEADER = "";
				INFOPLIST_FILE = Info.plist;
				INSTALL_PATH = "$(HOME)/Library/Frameworks";
				PRODUCT_NAME = DataStructures;
				WRAPPER_EXTENSION = framework;
			};
			name = Debug;
		};
		1DEB91AF08733DA50010E9CD /* Release */ = {
			isa = XCBuildConfiguration;
			buildSettings = {
				ALWAYS_SEARCH_USER_PATHS = NO;
				DEBUG_INFORMATION_FORMAT = "dwarf-with-dsym";
				DYLIB_COMPATIBILITY_VERSION = 1;
				DYLIB_CURRENT_VERSION = 1;
				FRAMEWORK_VERSION = A;
				GCC_ENABLE_OBJC_GC = supported;
				GCC_MODEL_TUNING = G5;
				GCC_PRECOMPILE_PREFIX_HEADER = NO;
				GCC_PREFIX_HEADER = "";
				INFOPLIST_FILE = Info.plist;
				INSTALL_PATH = "$(HOME)/Library/Frameworks";
				PRODUCT_NAME = DataStructures;
				WRAPPER_EXTENSION = framework;
			};
			name = Release;
		};
		1DEB91B208733DA50010E9CD /* Debug */ = {
			isa = XCBuildConfiguration;
			buildSettings = {
				ARCHS = "$(ARCHS_STANDARD_32_BIT)";
				GCC_C_LANGUAGE_STANDARD = c99;
				GCC_ENABLE_SYMBOL_SEPARATION = NO;
				GCC_OPTIMIZATION_LEVEL = 0;
				GCC_USE_GCC3_PFE_SUPPORT = YES;
				GCC_WARN_ABOUT_RETURN_TYPE = YES;
				GCC_WARN_MISSING_PARENTHESES = NO;
				GCC_WARN_UNUSED_VARIABLE = YES;
				ONLY_ACTIVE_ARCH = YES;
				PREBINDING = NO;
				PRECOMPS_INCLUDE_HEADERS_FROM_BUILT_PRODUCTS_DIR = NO;
				SDKROOT = macosx10.5;
			};
			name = Debug;
		};
		1DEB91B308733DA50010E9CD /* Release */ = {
			isa = XCBuildConfiguration;
			buildSettings = {
				ARCHS = "$(ARCHS_STANDARD_32_BIT)";
				GCC_C_LANGUAGE_STANDARD = c99;
				GCC_ENABLE_SYMBOL_SEPARATION = NO;
				GCC_USE_GCC3_PFE_SUPPORT = YES;
				GCC_WARN_ABOUT_RETURN_TYPE = YES;
				GCC_WARN_MISSING_PARENTHESES = NO;
				GCC_WARN_UNUSED_VARIABLE = YES;
				PREBINDING = NO;
				PRECOMPS_INCLUDE_HEADERS_FROM_BUILT_PRODUCTS_DIR = NO;
				SDKROOT = macosx10.5;
			};
			name = Release;
		};
		E473CB580E9346CB005CA997 /* Debug */ = {
			isa = XCBuildConfiguration;
			buildSettings = {
				ALWAYS_SEARCH_USER_PATHS = NO;
				COPY_PHASE_STRIP = NO;
				FRAMEWORK_SEARCH_PATHS = "$(DEVELOPER_LIBRARY_DIR)/Frameworks";
				GCC_DYNAMIC_NO_PIC = NO;
				GCC_ENABLE_FIX_AND_CONTINUE = NO;
				GCC_ENABLE_OBJC_EXCEPTIONS = YES;
				GCC_MODEL_TUNING = G5;
				GCC_OPTIMIZATION_LEVEL = 0;
				GCC_PRECOMPILE_PREFIX_HEADER = YES;
				GCC_PREFIX_HEADER = "$(SYSTEM_LIBRARY_DIR)/Frameworks/Cocoa.framework/Headers/Cocoa.h";
				INFOPLIST_FILE = "Unit Testing-Info.plist";
				INSTALL_PATH = "$(USER_LIBRARY_DIR)/Bundles";
				OTHER_LDFLAGS = (
					"-framework",
					Cocoa,
					"-framework",
					SenTestingKit,
				);
				PREBINDING = NO;
				PRODUCT_NAME = "Unit Testing";
				WRAPPER_EXTENSION = octest;
			};
			name = Debug;
		};
		E473CB590E9346CB005CA997 /* Release */ = {
			isa = XCBuildConfiguration;
			buildSettings = {
				ALWAYS_SEARCH_USER_PATHS = NO;
				COPY_PHASE_STRIP = YES;
				DEBUG_INFORMATION_FORMAT = "dwarf-with-dsym";
				FRAMEWORK_SEARCH_PATHS = "$(DEVELOPER_LIBRARY_DIR)/Frameworks";
				GCC_ENABLE_FIX_AND_CONTINUE = NO;
				GCC_ENABLE_OBJC_EXCEPTIONS = YES;
				GCC_MODEL_TUNING = G5;
				GCC_PRECOMPILE_PREFIX_HEADER = YES;
				GCC_PREFIX_HEADER = "$(SYSTEM_LIBRARY_DIR)/Frameworks/Cocoa.framework/Headers/Cocoa.h";
				INFOPLIST_FILE = "Unit Testing-Info.plist";
				INSTALL_PATH = "$(USER_LIBRARY_DIR)/Bundles";
				OTHER_LDFLAGS = (
					"-framework",
					Cocoa,
					"-framework",
					SenTestingKit,
				);
				PREBINDING = NO;
				PRODUCT_NAME = "Unit Testing";
				WRAPPER_EXTENSION = octest;
				ZERO_LINK = NO;
			};
			name = Release;
		};
		E4FE76D90E89556A00971EE6 /* Debug */ = {
			isa = XCBuildConfiguration;
			buildSettings = {
				COPY_PHASE_STRIP = NO;
				GCC_DYNAMIC_NO_PIC = NO;
				GCC_OPTIMIZATION_LEVEL = 0;
				PRODUCT_NAME = Documentation;
			};
			name = Debug;
		};
		E4FE76DA0E89556A00971EE6 /* Release */ = {
			isa = XCBuildConfiguration;
			buildSettings = {
				COPY_PHASE_STRIP = YES;
				DEBUG_INFORMATION_FORMAT = "dwarf-with-dsym";
				GCC_ENABLE_FIX_AND_CONTINUE = NO;
				PRODUCT_NAME = Documentation;
				ZERO_LINK = NO;
			};
			name = Release;
		};
/* End XCBuildConfiguration section */

/* Begin XCConfigurationList section */
		1DEB91AD08733DA50010E9CD /* Build configuration list for PBXNativeTarget "DataStructures" */ = {
			isa = XCConfigurationList;
			buildConfigurations = (
				1DEB91AE08733DA50010E9CD /* Debug */,
				1DEB91AF08733DA50010E9CD /* Release */,
			);
			defaultConfigurationIsVisible = 0;
			defaultConfigurationName = Release;
		};
		1DEB91B108733DA50010E9CD /* Build configuration list for PBXProject "DataStructures" */ = {
			isa = XCConfigurationList;
			buildConfigurations = (
				1DEB91B208733DA50010E9CD /* Debug */,
				1DEB91B308733DA50010E9CD /* Release */,
			);
			defaultConfigurationIsVisible = 0;
			defaultConfigurationName = Release;
		};
		E473CB690E9346F3005CA997 /* Build configuration list for PBXNativeTarget "Unit Testing" */ = {
			isa = XCConfigurationList;
			buildConfigurations = (
				E473CB580E9346CB005CA997 /* Debug */,
				E473CB590E9346CB005CA997 /* Release */,
			);
			defaultConfigurationIsVisible = 0;
			defaultConfigurationName = Release;
		};
		E4FE76F70E8955BB00971EE6 /* Build configuration list for PBXAggregateTarget "Documentation" */ = {
			isa = XCConfigurationList;
			buildConfigurations = (
				E4FE76D90E89556A00971EE6 /* Debug */,
				E4FE76DA0E89556A00971EE6 /* Release */,
			);
			defaultConfigurationIsVisible = 0;
			defaultConfigurationName = Release;
		};
/* End XCConfigurationList section */
	};
	rootObject = 0867D690FE84028FC02AAC07 /* Project object */;
}
