// !$*UTF8*$!
{
	archiveVersion = 1;
	classes = {
	};
	objectVersion = 45;
	objects = {

/* Begin PBXBuildFile section */
		5DFBC1F510A749CA007BF56F /* Foundation.framework in Frameworks */ = {isa = PBXBuildFile; fileRef = 5DFBC1F410A749CA007BF56F /* Foundation.framework */; };
		5DFBC1F710A749CA007BF56F /* UIKit.framework in Frameworks */ = {isa = PBXBuildFile; fileRef = 5DFBC1F610A749CA007BF56F /* UIKit.framework */; };
		5DFBC1FE10A74A1B007BF56F /* iPhoneUnitTestingApp.xib in Resources */ = {isa = PBXBuildFile; fileRef = 5DFBC1DA10A748D8007BF56F /* iPhoneUnitTestingApp.xib */; };
		5DFBC1FF10A74A1F007BF56F /* iPhoneUnitTestingAppDelegate.m in Sources */ = {isa = PBXBuildFile; fileRef = 5DFBC1D710A748CC007BF56F /* iPhoneUnitTestingAppDelegate.m */; };
		5DFBC20010A74A1F007BF56F /* iPhoneUnitTestingApp.m in Sources */ = {isa = PBXBuildFile; fileRef = 5DFBC1D910A748CC007BF56F /* iPhoneUnitTestingApp.m */; };
		5DFBC2BB10A7540A007BF56F /* CHAbstractBinarySearchTreeTest.m in Sources */ = {isa = PBXBuildFile; fileRef = E4B1AD170EB580BC00B43ADA /* CHAbstractBinarySearchTreeTest.m */; };
		5DFBC2BC10A7540A007BF56F /* CHAbstractCircularBufferCollectionTest.m in Sources */ = {isa = PBXBuildFile; fileRef = E4D3A4C60F789FF500E21CF8 /* CHAbstractCircularBufferCollectionTest.m */; };
		5DFBC2BD10A7540A007BF56F /* CHAbstractListCollectionTest.m in Sources */ = {isa = PBXBuildFile; fileRef = E4A720C50EA78DCE00E0AC21 /* CHAbstractListCollectionTest.m */; };
		5DFBC2BE10A7540A007BF56F /* CHAbstractMutableArrayCollectionTest.m in Sources */ = {isa = PBXBuildFile; fileRef = E4A720CA0EA78DFB00E0AC21 /* CHAbstractMutableArrayCollectionTest.m */; };
		5DFBC2BF10A7540A007BF56F /* CHAnderssonTreeTest.m in Sources */ = {isa = PBXBuildFile; fileRef = E40D18050E94519F007F39D8 /* CHAnderssonTreeTest.m */; };
		5DFBC2C010A7540A007BF56F /* CHAVLTreeTest.m in Sources */ = {isa = PBXBuildFile; fileRef = E400FCF30EBE15F300AC172B /* CHAVLTreeTest.m */; };
		5DFBC2C110A7540A007BF56F /* CHCustomDictionariesTest.m in Sources */ = {isa = PBXBuildFile; fileRef = E4D48E960FE9510B009BA8BC /* CHCustomDictionariesTest.m */; };
		5DFBC2C210A7540A007BF56F /* CHDequeTest.m in Sources */ = {isa = PBXBuildFile; fileRef = E4FD52CC0ECA8589006D9FF8 /* CHDequeTest.m */; };
		5DFBC2C310A7540A007BF56F /* CHHeapTest.m in Sources */ = {isa = PBXBuildFile; fileRef = E40D18220E9452BB007F39D8 /* CHHeapTest.m */; };
		5DFBC2C410A7540A007BF56F /* CHLinkedListTest.m in Sources */ = {isa = PBXBuildFile; fileRef = E4D499690E93CD1300434CBA /* CHLinkedListTest.m */; };
		5DFBC2C510A7540A007BF56F /* CHLockableTest.m in Sources */ = {isa = PBXBuildFile; fileRef = E4FBE17F0F8B21860039E4D0 /* CHLockableTest.m */; };
		5DFBC2C610A7540A007BF56F /* CHMultiDictionaryTest.m in Sources */ = {isa = PBXBuildFile; fileRef = E48BFA840EE842CF0004D5E6 /* CHMultiDictionaryTest.m */; };
		5DFBC2C710A7540A007BF56F /* CHCustomSetsTest.m in Sources */ = {isa = PBXBuildFile; fileRef = E49BE3DB0FB230D4002904AB /* CHCustomSetsTest.m */; };
		5DFBC2C810A7540A007BF56F /* CHQueueTest.m in Sources */ = {isa = PBXBuildFile; fileRef = E4FD52F50ECA8A9F006D9FF8 /* CHQueueTest.m */; };
		5DFBC2C910A7540A007BF56F /* CHRedBlackTreeTest.m in Sources */ = {isa = PBXBuildFile; fileRef = E40D181C0E9452BB007F39D8 /* CHRedBlackTreeTest.m */; };
		5DFBC2CA10A7540A007BF56F /* CHSortedSetTest.m in Sources */ = {isa = PBXBuildFile; fileRef = E4290A77100CE7F100C2C968 /* CHSortedSetTest.m */; };
		5DFBC2CB10A7540A007BF56F /* CHStackTest.m in Sources */ = {isa = PBXBuildFile; fileRef = E4FD53020ECA9212006D9FF8 /* CHStackTest.m */; };
		5DFBC2CC10A7540A007BF56F /* CHTreapTest.m in Sources */ = {isa = PBXBuildFile; fileRef = E410360E0EC424E600C2CFB9 /* CHTreapTest.m */; };
		5DFBC2CD10A7540A007BF56F /* CHUnbalancedTreeTest.m in Sources */ = {isa = PBXBuildFile; fileRef = E40D181E0E9452BB007F39D8 /* CHUnbalancedTreeTest.m */; };
		5DFBC2CE10A7540A007BF56F /* UtilTest.m in Sources */ = {isa = PBXBuildFile; fileRef = E44EB0F10ECB83230071F93A /* UtilTest.m */; };
		5DFBC2E910A754AD007BF56F /* libCHDataStructures.a in Frameworks */ = {isa = PBXBuildFile; fileRef = E4399A0D10A33C1200209906 /* libCHDataStructures.a */; };
		5DFBC30C10A7564E007BF56F /* libCHDataStructures.a in Frameworks */ = {isa = PBXBuildFile; fileRef = E4399A0D10A33C1200209906 /* libCHDataStructures.a */; };
		5DFBC3B010A765AE007BF56F /* CHDataStructuresiPhone.octest in Resources */ = {isa = PBXBuildFile; fileRef = 5DFBC2D710A7540A007BF56F /* CHDataStructuresiPhone.octest */; };
		E4399A1F10A33C7A00209906 /* CHAbstractBinarySearchTree.m in Sources */ = {isa = PBXBuildFile; fileRef = E4ADBC990E88412C00B570BC /* CHAbstractBinarySearchTree.m */; };
		E4399A2210A33C7A00209906 /* CHAbstractCircularBufferCollection.m in Sources */ = {isa = PBXBuildFile; fileRef = E4C430840F74AC4F00EDBB0B /* CHAbstractCircularBufferCollection.m */; };
		E4399A2410A33C7A00209906 /* CHAbstractListCollection.m in Sources */ = {isa = PBXBuildFile; fileRef = E48860B90EA66072000F132A /* CHAbstractListCollection.m */; };
		E4399A3510A33C7A00209906 /* CHDoublyLinkedList.m in Sources */ = {isa = PBXBuildFile; fileRef = E4ADBB1F0E88174200B570BC /* CHDoublyLinkedList.m */; };
		E4399A3910A33C7A00209906 /* CHListDeque.m in Sources */ = {isa = PBXBuildFile; fileRef = E40D184B0E945580007F39D8 /* CHListDeque.m */; };
		E4399A3B10A33C7A00209906 /* CHListQueue.m in Sources */ = {isa = PBXBuildFile; fileRef = E4ADBB140E88174200B570BC /* CHListQueue.m */; };
		E4399A5810A33C7A00209906 /* CHSinglyLinkedList.m in Sources */ = {isa = PBXBuildFile; fileRef = E41180260E91E7E700E66053 /* CHSinglyLinkedList.m */; };
		E4399A5E10A33C7A00209906 /* CHTreap.m in Sources */ = {isa = PBXBuildFile; fileRef = E41035270EC409B900C2CFB9 /* CHTreap.m */; };
		E4399A6010A33C7A00209906 /* CHUnbalancedTree.m in Sources */ = {isa = PBXBuildFile; fileRef = E4ADBB230E88174200B570BC /* CHUnbalancedTree.m */; };
		E4399A6210A33C7A00209906 /* Util.m in Sources */ = {isa = PBXBuildFile; fileRef = E4723A710EB91B7A006FE465 /* Util.m */; };
		E4399A6A10A33D3B00209906 /* CHAbstractBinarySearchTree.h in Headers */ = {isa = PBXBuildFile; fileRef = E4FE77C90E8978DD00971EE6 /* CHAbstractBinarySearchTree.h */; };
		E4399A6B10A33D3C00209906 /* CHAbstractBinarySearchTree_Internal.h in Headers */ = {isa = PBXBuildFile; fileRef = E41D293D0F6CC44900AF80C4 /* CHAbstractBinarySearchTree_Internal.h */; };
		E4399A6C10A33D3C00209906 /* CHAbstractCircularBufferCollection.h in Headers */ = {isa = PBXBuildFile; fileRef = E4C430830F74AC4F00EDBB0B /* CHAbstractCircularBufferCollection.h */; };
		E4399A6D10A33D3D00209906 /* CHAbstractListCollection.h in Headers */ = {isa = PBXBuildFile; fileRef = E48860B80EA66072000F132A /* CHAbstractListCollection.h */; };
		E4399A6E10A33D3E00209906 /* CHAbstractMutableArrayCollection.h in Headers */ = {isa = PBXBuildFile; fileRef = E48860C10EA660A1000F132A /* CHAbstractMutableArrayCollection.h */; };
		E4399A7D10A33D5D00209906 /* CHAbstractMutableArrayCollection.m in Sources */ = {isa = PBXBuildFile; fileRef = E48860C20EA660A1000F132A /* CHAbstractMutableArrayCollection.m */; };
		E4399A7E10A33D5E00209906 /* CHAnderssonTree.h in Headers */ = {isa = PBXBuildFile; fileRef = E442DFB60E8F1E6D00BD62F6 /* CHAnderssonTree.h */; };
		E4399A7F10A33D5E00209906 /* CHAnderssonTree.m in Sources */ = {isa = PBXBuildFile; fileRef = E442DFB70E8F1E6D00BD62F6 /* CHAnderssonTree.m */; };
		E4399A8010A33D5F00209906 /* CHAVLTree.h in Headers */ = {isa = PBXBuildFile; fileRef = E44558090EBCB70A00D9C482 /* CHAVLTree.h */; };
		E4399A8110A33D6000209906 /* CHAVLTree.m in Sources */ = {isa = PBXBuildFile; fileRef = E445580A0EBCB70A00D9C482 /* CHAVLTree.m */; };
		E4399A8210A33D6100209906 /* CHCircularBufferDeque.h in Headers */ = {isa = PBXBuildFile; fileRef = E400CAC10F791A08003189D3 /* CHCircularBufferDeque.h */; };
		E4399A8310A33D6100209906 /* CHCircularBufferDeque.m in Sources */ = {isa = PBXBuildFile; fileRef = E400CAC20F791A08003189D3 /* CHCircularBufferDeque.m */; };
		E4399A8410A33D6200209906 /* CHCircularBufferQueue.h in Headers */ = {isa = PBXBuildFile; fileRef = E400CAAA0F7919B7003189D3 /* CHCircularBufferQueue.h */; };
		E4399A8510A33D6300209906 /* CHCircularBufferQueue.m in Sources */ = {isa = PBXBuildFile; fileRef = E400CAAB0F7919B7003189D3 /* CHCircularBufferQueue.m */; };
		E4399A8610A33D6300209906 /* CHCircularBufferStack.h in Headers */ = {isa = PBXBuildFile; fileRef = E4D9413E0F93C147001BAE05 /* CHCircularBufferStack.h */; };
		E4399A8710A33D6400209906 /* CHCircularBufferStack.m in Sources */ = {isa = PBXBuildFile; fileRef = E4D9413F0F93C147001BAE05 /* CHCircularBufferStack.m */; };
		E4399A8810A33D6500209906 /* CHDataStructures.h in Headers */ = {isa = PBXBuildFile; fileRef = E442DFA70E8F1BDF00BD62F6 /* CHDataStructures.h */; };
		E4399A8910A33D6600209906 /* CHDeque.h in Headers */ = {isa = PBXBuildFile; fileRef = E42DBAF10E8C3200000E1FBD /* CHDeque.h */; };
		E4399A8A10A33D6700209906 /* CHDoublyLinkedList.h in Headers */ = {isa = PBXBuildFile; fileRef = E4ADBB1E0E88174200B570BC /* CHDoublyLinkedList.h */; };
		E4399A8D10A33D6D00209906 /* CHListDeque.h in Headers */ = {isa = PBXBuildFile; fileRef = E40D184A0E945580007F39D8 /* CHListDeque.h */; };
		E4399A8E10A33D6E00209906 /* CHLinkedList.h in Headers */ = {isa = PBXBuildFile; fileRef = E4ADBB170E88174200B570BC /* CHLinkedList.h */; };
		E4399A9410A33D7500209906 /* CHListStack.m in Sources */ = {isa = PBXBuildFile; fileRef = E4ADBB160E88174200B570BC /* CHListStack.m */; };
		E4399A9610A33D7800209906 /* CHListStack.h in Headers */ = {isa = PBXBuildFile; fileRef = E4ADBB150E88174200B570BC /* CHListStack.h */; };
		E4399A9710A33D7A00209906 /* CHListQueue.h in Headers */ = {isa = PBXBuildFile; fileRef = E4ADBB130E88174200B570BC /* CHListQueue.h */; };
		E4399A9A10A33D8200209906 /* CHRedBlackTree.m in Sources */ = {isa = PBXBuildFile; fileRef = E4ADBB1C0E88174200B570BC /* CHRedBlackTree.m */; };
		E4399A9B10A33D8200209906 /* CHRedBlackTree.h in Headers */ = {isa = PBXBuildFile; fileRef = E4ADBB1B0E88174200B570BC /* CHRedBlackTree.h */; };
		E4399A9C10A33D8300209906 /* CHQueue.h in Headers */ = {isa = PBXBuildFile; fileRef = E4ADBB180E88174200B570BC /* CHQueue.h */; };
		E4399A9D10A33D8300209906 /* CHOrderedSet.m in Sources */ = {isa = PBXBuildFile; fileRef = E49BE2820FB21058002904AB /* CHOrderedSet.m */; };
		E4399A9E10A33D8400209906 /* CHOrderedSet.h in Headers */ = {isa = PBXBuildFile; fileRef = E49BE2810FB21058002904AB /* CHOrderedSet.h */; };
		E4399A9F10A33D8400209906 /* CHOrderedDictionary.m in Sources */ = {isa = PBXBuildFile; fileRef = E4558DAF0FE7598700CC5860 /* CHOrderedDictionary.m */; };
		E4399AA010A33D8500209906 /* CHOrderedDictionary.h in Headers */ = {isa = PBXBuildFile; fileRef = E4558DAE0FE7598700CC5860 /* CHOrderedDictionary.h */; };
		E4399AA110A33D8500209906 /* CHMutableArrayStack.m in Sources */ = {isa = PBXBuildFile; fileRef = E4ADBB0B0E88174200B570BC /* CHMutableArrayStack.m */; };
		E4399AA210A33D8600209906 /* CHMutableArrayStack.h in Headers */ = {isa = PBXBuildFile; fileRef = E4ADBB0A0E88174200B570BC /* CHMutableArrayStack.h */; };
		E4399AA310A33D8700209906 /* CHMutableArrayQueue.m in Sources */ = {isa = PBXBuildFile; fileRef = E4ADBB090E88174200B570BC /* CHMutableArrayQueue.m */; };
		E4399AA410A33D8700209906 /* CHMutableArrayQueue.h in Headers */ = {isa = PBXBuildFile; fileRef = E4ADBB080E88174200B570BC /* CHMutableArrayQueue.h */; };
		E4399AA510A33D8800209906 /* CHMutableArrayHeap.m in Sources */ = {isa = PBXBuildFile; fileRef = E4ADBB070E88174200B570BC /* CHMutableArrayHeap.m */; };
		E4399AA610A33D8900209906 /* CHMutableArrayHeap.h in Headers */ = {isa = PBXBuildFile; fileRef = E4ADBB060E88174200B570BC /* CHMutableArrayHeap.h */; };
		E4399AA710A33D8900209906 /* CHMutableArrayDeque.m in Sources */ = {isa = PBXBuildFile; fileRef = E44771F30E912491000889F7 /* CHMutableArrayDeque.m */; };
		E4399AA810A33D8A00209906 /* CHMutableArrayDeque.h in Headers */ = {isa = PBXBuildFile; fileRef = E44771F20E912491000889F7 /* CHMutableArrayDeque.h */; };
		E4399AA910A33D8B00209906 /* CHMultiDictionary.m in Sources */ = {isa = PBXBuildFile; fileRef = E48BF9720EE7A2010004D5E6 /* CHMultiDictionary.m */; };
		E4399AAA10A33D8B00209906 /* CHMultiDictionary.h in Headers */ = {isa = PBXBuildFile; fileRef = E48BF92E0EE79AAE0004D5E6 /* CHMultiDictionary.h */; };
		E4399AAB10A33D8C00209906 /* CHLockableSet.m in Sources */ = {isa = PBXBuildFile; fileRef = E40C4D01108D7A6A00A63A23 /* CHLockableSet.m */; };
		E4399AAC10A33D8C00209906 /* CHLockableSet.h in Headers */ = {isa = PBXBuildFile; fileRef = E40C4D00108D7A6A00A63A23 /* CHLockableSet.h */; };
		E4399AAD10A33D8D00209906 /* CHLockableObject.m in Sources */ = {isa = PBXBuildFile; fileRef = E4EF44D70F86C52200C59C52 /* CHLockableObject.m */; };
		E4399AAE10A33D8E00209906 /* CHLockableObject.h in Headers */ = {isa = PBXBuildFile; fileRef = E4558CF60FE749FC00CC5860 /* CHLockableObject.h */; };
		E4399AAF10A33D8E00209906 /* CHLockableDictionary.m in Sources */ = {isa = PBXBuildFile; fileRef = E4558D900FE758C300CC5860 /* CHLockableDictionary.m */; };
		E4399AB010A33D8F00209906 /* CHLockableDictionary.h in Headers */ = {isa = PBXBuildFile; fileRef = E4558D8F0FE758C300CC5860 /* CHLockableDictionary.h */; };
		E4399AB110A33D9000209906 /* CHLockable.h in Headers */ = {isa = PBXBuildFile; fileRef = E4EF44D60F86C52200C59C52 /* CHLockable.h */; };
		E4399AB410A33D9400209906 /* Util.h in Headers */ = {isa = PBXBuildFile; fileRef = E44773A10E913C89000889F7 /* Util.h */; };
		E4399AB510A33D9500209906 /* CHUnbalancedTree.h in Headers */ = {isa = PBXBuildFile; fileRef = E4ADBB220E88174200B570BC /* CHUnbalancedTree.h */; };
		E4399AB710A33D9700209906 /* CHSortedSet.h in Headers */ = {isa = PBXBuildFile; fileRef = E4128A950FB27E4F00CC187D /* CHSortedSet.h */; };
		E4399AB810A33D9900209906 /* CHTreap.h in Headers */ = {isa = PBXBuildFile; fileRef = E41035260EC409B900C2CFB9 /* CHTreap.h */; };
		E4399AB910A33D9A00209906 /* CHSortedDictionary.m in Sources */ = {isa = PBXBuildFile; fileRef = E4558DB50FE7599500CC5860 /* CHSortedDictionary.m */; };
		E4399ABA10A33D9B00209906 /* CHSortedDictionary.h in Headers */ = {isa = PBXBuildFile; fileRef = E4558DB40FE7599500CC5860 /* CHSortedDictionary.h */; };
		E4399ABB10A33D9C00209906 /* CHSinglyLinkedList.h in Headers */ = {isa = PBXBuildFile; fileRef = E41180250E91E7E700E66053 /* CHSinglyLinkedList.h */; };
		E4399AC010A33DA900209906 /* CHStack.h in Headers */ = {isa = PBXBuildFile; fileRef = E4ADBB1D0E88174200B570BC /* CHStack.h */; };
		E4399AC110A33DAC00209906 /* CHSearchTree.h in Headers */ = {isa = PBXBuildFile; fileRef = E4FE77C60E8978C300971EE6 /* CHSearchTree.h */; };
		E4399AC310A33DB100209906 /* CHHeap.h in Headers */ = {isa = PBXBuildFile; fileRef = E4ADBB120E88174200B570BC /* CHHeap.h */; };
		E4399AC610A33DBB00209906 /* CHDataStructures_Prefix.pch in Headers */ = {isa = PBXBuildFile; fileRef = E4E7C1260EC0CACE009B19D7 /* CHDataStructures_Prefix.pch */; };
/* End PBXBuildFile section */

/* Begin PBXContainerItemProxy section */
		5DFBC3A510A76580007BF56F /* PBXContainerItemProxy */ = {
			isa = PBXContainerItemProxy;
			containerPortal = 0867D690FE84028FC02AAC07 /* Project object */;
			proxyType = 1;
			remoteGlobalIDString = E4399A0C10A33C1200209906;
			remoteInfo = "iPhone Library";
		};
		5DFBC3B610A765E5007BF56F /* PBXContainerItemProxy */ = {
			isa = PBXContainerItemProxy;
			containerPortal = 0867D690FE84028FC02AAC07 /* Project object */;
			proxyType = 1;
			remoteGlobalIDString = 5DFBC2B610A7540A007BF56F;
			remoteInfo = "iPhone Unit Testing";
		};
/* End PBXContainerItemProxy section */

/* Begin PBXFileReference section */
		089C1667FE841158C02AAC07 /* English */ = {isa = PBXFileReference; fileEncoding = 10; lastKnownFileType = text.plist.strings; name = English; path = resources/English.lproj/InfoPlist.strings; sourceTree = "<group>"; };
		5DFBC1D610A748CC007BF56F /* iPhoneUnitTestingAppDelegate.h */ = {isa = PBXFileReference; fileEncoding = 4; lastKnownFileType = sourcecode.c.h; name = iPhoneUnitTestingAppDelegate.h; path = iPhone/iPhoneUnitTestingAppDelegate.h; sourceTree = "<group>"; };
		5DFBC1D710A748CC007BF56F /* iPhoneUnitTestingAppDelegate.m */ = {isa = PBXFileReference; fileEncoding = 4; lastKnownFileType = sourcecode.c.objc; name = iPhoneUnitTestingAppDelegate.m; path = iPhone/iPhoneUnitTestingAppDelegate.m; sourceTree = "<group>"; };
		5DFBC1D910A748CC007BF56F /* iPhoneUnitTestingApp.m */ = {isa = PBXFileReference; fileEncoding = 4; lastKnownFileType = sourcecode.c.objc; name = iPhoneUnitTestingApp.m; path = iPhone/iPhoneUnitTestingApp.m; sourceTree = "<group>"; };
		5DFBC1DA10A748D8007BF56F /* iPhoneUnitTestingApp.xib */ = {isa = PBXFileReference; lastKnownFileType = file.xib; name = iPhoneUnitTestingApp.xib; path = iPhone/iPhoneUnitTestingApp.xib; sourceTree = "<group>"; };
		5DFBC1ED10A74964007BF56F /* CHDataStructures.app */ = {isa = PBXFileReference; explicitFileType = wrapper.application; includeInIndex = 0; path = CHDataStructures.app; sourceTree = BUILT_PRODUCTS_DIR; };
		5DFBC1EF10A74964007BF56F /* iPhoneUnitTestingApp.plist */ = {isa = PBXFileReference; lastKnownFileType = text.plist.xml; name = iPhoneUnitTestingApp.plist; path = iPhone/iPhoneUnitTestingApp.plist; sourceTree = "<group>"; };
		5DFBC1F410A749CA007BF56F /* Foundation.framework */ = {isa = PBXFileReference; lastKnownFileType = wrapper.framework; name = Foundation.framework; path = System/Library/Frameworks/Foundation.framework; sourceTree = SDKROOT; };
		5DFBC1F610A749CA007BF56F /* UIKit.framework */ = {isa = PBXFileReference; lastKnownFileType = wrapper.framework; name = UIKit.framework; path = System/Library/Frameworks/UIKit.framework; sourceTree = SDKROOT; };
		5DFBC2D710A7540A007BF56F /* CHDataStructuresiPhone.octest */ = {isa = PBXFileReference; explicitFileType = wrapper.cfbundle; includeInIndex = 0; path = CHDataStructuresiPhone.octest; sourceTree = BUILT_PRODUCTS_DIR; };
		E400CAAA0F7919B7003189D3 /* CHCircularBufferQueue.h */ = {isa = PBXFileReference; fileEncoding = 4; lastKnownFileType = sourcecode.c.h; name = CHCircularBufferQueue.h; path = source/CHCircularBufferQueue.h; sourceTree = "<group>"; };
		E400CAAB0F7919B7003189D3 /* CHCircularBufferQueue.m */ = {isa = PBXFileReference; fileEncoding = 4; lastKnownFileType = sourcecode.c.objc; name = CHCircularBufferQueue.m; path = source/CHCircularBufferQueue.m; sourceTree = "<group>"; };
		E400CAC10F791A08003189D3 /* CHCircularBufferDeque.h */ = {isa = PBXFileReference; fileEncoding = 4; lastKnownFileType = sourcecode.c.h; name = CHCircularBufferDeque.h; path = source/CHCircularBufferDeque.h; sourceTree = "<group>"; };
		E400CAC20F791A08003189D3 /* CHCircularBufferDeque.m */ = {isa = PBXFileReference; fileEncoding = 4; lastKnownFileType = sourcecode.c.objc; name = CHCircularBufferDeque.m; path = source/CHCircularBufferDeque.m; sourceTree = "<group>"; };
		E400FCF30EBE15F300AC172B /* CHAVLTreeTest.m */ = {isa = PBXFileReference; fileEncoding = 4; lastKnownFileType = sourcecode.c.objc; name = CHAVLTreeTest.m; path = test/CHAVLTreeTest.m; sourceTree = "<group>"; };
		E40C4D00108D7A6A00A63A23 /* CHLockableSet.h */ = {isa = PBXFileReference; fileEncoding = 4; lastKnownFileType = sourcecode.c.h; name = CHLockableSet.h; path = source/CHLockableSet.h; sourceTree = "<group>"; };
		E40C4D01108D7A6A00A63A23 /* CHLockableSet.m */ = {isa = PBXFileReference; fileEncoding = 4; lastKnownFileType = sourcecode.c.objc; name = CHLockableSet.m; path = source/CHLockableSet.m; sourceTree = "<group>"; };
		E40D18050E94519F007F39D8 /* CHAnderssonTreeTest.m */ = {isa = PBXFileReference; fileEncoding = 4; lastKnownFileType = sourcecode.c.objc; name = CHAnderssonTreeTest.m; path = test/CHAnderssonTreeTest.m; sourceTree = "<group>"; };
		E40D181C0E9452BB007F39D8 /* CHRedBlackTreeTest.m */ = {isa = PBXFileReference; fileEncoding = 4; lastKnownFileType = sourcecode.c.objc; name = CHRedBlackTreeTest.m; path = test/CHRedBlackTreeTest.m; sourceTree = "<group>"; };
		E40D181E0E9452BB007F39D8 /* CHUnbalancedTreeTest.m */ = {isa = PBXFileReference; fileEncoding = 4; lastKnownFileType = sourcecode.c.objc; name = CHUnbalancedTreeTest.m; path = test/CHUnbalancedTreeTest.m; sourceTree = "<group>"; };
		E40D18220E9452BB007F39D8 /* CHHeapTest.m */ = {isa = PBXFileReference; fileEncoding = 4; lastKnownFileType = sourcecode.c.objc; name = CHHeapTest.m; path = test/CHHeapTest.m; sourceTree = "<group>"; };
		E40D184A0E945580007F39D8 /* CHListDeque.h */ = {isa = PBXFileReference; fileEncoding = 4; lastKnownFileType = sourcecode.c.h; name = CHListDeque.h; path = source/CHListDeque.h; sourceTree = "<group>"; };
		E40D184B0E945580007F39D8 /* CHListDeque.m */ = {isa = PBXFileReference; fileEncoding = 4; lastKnownFileType = sourcecode.c.objc; name = CHListDeque.m; path = source/CHListDeque.m; sourceTree = "<group>"; };
		E41035260EC409B900C2CFB9 /* CHTreap.h */ = {isa = PBXFileReference; fileEncoding = 4; lastKnownFileType = sourcecode.c.h; name = CHTreap.h; path = source/CHTreap.h; sourceTree = "<group>"; };
		E41035270EC409B900C2CFB9 /* CHTreap.m */ = {isa = PBXFileReference; fileEncoding = 4; lastKnownFileType = sourcecode.c.objc; name = CHTreap.m; path = source/CHTreap.m; sourceTree = "<group>"; };
		E410360E0EC424E600C2CFB9 /* CHTreapTest.m */ = {isa = PBXFileReference; fileEncoding = 4; lastKnownFileType = sourcecode.c.objc; name = CHTreapTest.m; path = test/CHTreapTest.m; sourceTree = "<group>"; };
		E41180250E91E7E700E66053 /* CHSinglyLinkedList.h */ = {isa = PBXFileReference; fileEncoding = 4; lastKnownFileType = sourcecode.c.h; name = CHSinglyLinkedList.h; path = source/CHSinglyLinkedList.h; sourceTree = "<group>"; };
		E41180260E91E7E700E66053 /* CHSinglyLinkedList.m */ = {isa = PBXFileReference; fileEncoding = 4; lastKnownFileType = sourcecode.c.objc; name = CHSinglyLinkedList.m; path = source/CHSinglyLinkedList.m; sourceTree = "<group>"; };
		E4128A950FB27E4F00CC187D /* CHSortedSet.h */ = {isa = PBXFileReference; fileEncoding = 4; lastKnownFileType = sourcecode.c.h; name = CHSortedSet.h; path = source/CHSortedSet.h; sourceTree = "<group>"; };
		E41D293D0F6CC44900AF80C4 /* CHAbstractBinarySearchTree_Internal.h */ = {isa = PBXFileReference; fileEncoding = 4; lastKnownFileType = sourcecode.c.h; name = CHAbstractBinarySearchTree_Internal.h; path = source/CHAbstractBinarySearchTree_Internal.h; sourceTree = "<group>"; };
		E4290A77100CE7F100C2C968 /* CHSortedSetTest.m */ = {isa = PBXFileReference; fileEncoding = 4; lastKnownFileType = sourcecode.c.objc; name = CHSortedSetTest.m; path = test/CHSortedSetTest.m; sourceTree = "<group>"; };
		E42DBAF10E8C3200000E1FBD /* CHDeque.h */ = {isa = PBXFileReference; fileEncoding = 4; lastKnownFileType = sourcecode.c.h; name = CHDeque.h; path = source/CHDeque.h; sourceTree = "<group>"; };
		E4399A0D10A33C1200209906 /* libCHDataStructures.a */ = {isa = PBXFileReference; explicitFileType = archive.ar; includeInIndex = 0; path = libCHDataStructures.a; sourceTree = BUILT_PRODUCTS_DIR; };
		E442DFA70E8F1BDF00BD62F6 /* CHDataStructures.h */ = {isa = PBXFileReference; fileEncoding = 4; lastKnownFileType = sourcecode.c.h; name = CHDataStructures.h; path = source/CHDataStructures.h; sourceTree = "<group>"; };
		E442DFB60E8F1E6D00BD62F6 /* CHAnderssonTree.h */ = {isa = PBXFileReference; fileEncoding = 4; lastKnownFileType = sourcecode.c.h; name = CHAnderssonTree.h; path = source/CHAnderssonTree.h; sourceTree = "<group>"; };
		E442DFB70E8F1E6D00BD62F6 /* CHAnderssonTree.m */ = {isa = PBXFileReference; fileEncoding = 4; lastKnownFileType = sourcecode.c.objc; name = CHAnderssonTree.m; path = source/CHAnderssonTree.m; sourceTree = "<group>"; };
		E44558090EBCB70A00D9C482 /* CHAVLTree.h */ = {isa = PBXFileReference; fileEncoding = 4; lastKnownFileType = sourcecode.c.h; name = CHAVLTree.h; path = source/CHAVLTree.h; sourceTree = "<group>"; };
		E445580A0EBCB70A00D9C482 /* CHAVLTree.m */ = {isa = PBXFileReference; fileEncoding = 4; lastKnownFileType = sourcecode.c.objc; name = CHAVLTree.m; path = source/CHAVLTree.m; sourceTree = "<group>"; };
		E44771F20E912491000889F7 /* CHMutableArrayDeque.h */ = {isa = PBXFileReference; fileEncoding = 4; lastKnownFileType = sourcecode.c.h; name = CHMutableArrayDeque.h; path = source/CHMutableArrayDeque.h; sourceTree = "<group>"; };
		E44771F30E912491000889F7 /* CHMutableArrayDeque.m */ = {isa = PBXFileReference; fileEncoding = 4; lastKnownFileType = sourcecode.c.objc; name = CHMutableArrayDeque.m; path = source/CHMutableArrayDeque.m; sourceTree = "<group>"; };
		E44773A10E913C89000889F7 /* Util.h */ = {isa = PBXFileReference; fileEncoding = 4; lastKnownFileType = sourcecode.c.h; name = Util.h; path = source/Util.h; sourceTree = "<group>"; };
		E44EB0F10ECB83230071F93A /* UtilTest.m */ = {isa = PBXFileReference; fileEncoding = 4; lastKnownFileType = sourcecode.c.objc; name = UtilTest.m; path = test/UtilTest.m; sourceTree = "<group>"; };
		E4558CF60FE749FC00CC5860 /* CHLockableObject.h */ = {isa = PBXFileReference; fileEncoding = 4; lastKnownFileType = sourcecode.c.h; name = CHLockableObject.h; path = source/CHLockableObject.h; sourceTree = "<group>"; };
		E4558D8F0FE758C300CC5860 /* CHLockableDictionary.h */ = {isa = PBXFileReference; fileEncoding = 4; lastKnownFileType = sourcecode.c.h; name = CHLockableDictionary.h; path = source/CHLockableDictionary.h; sourceTree = "<group>"; };
		E4558D900FE758C300CC5860 /* CHLockableDictionary.m */ = {isa = PBXFileReference; fileEncoding = 4; lastKnownFileType = sourcecode.c.objc; name = CHLockableDictionary.m; path = source/CHLockableDictionary.m; sourceTree = "<group>"; };
		E4558DAE0FE7598700CC5860 /* CHOrderedDictionary.h */ = {isa = PBXFileReference; fileEncoding = 4; lastKnownFileType = sourcecode.c.h; name = CHOrderedDictionary.h; path = source/CHOrderedDictionary.h; sourceTree = "<group>"; };
		E4558DAF0FE7598700CC5860 /* CHOrderedDictionary.m */ = {isa = PBXFileReference; fileEncoding = 4; lastKnownFileType = sourcecode.c.objc; name = CHOrderedDictionary.m; path = source/CHOrderedDictionary.m; sourceTree = "<group>"; };
		E4558DB40FE7599500CC5860 /* CHSortedDictionary.h */ = {isa = PBXFileReference; fileEncoding = 4; lastKnownFileType = sourcecode.c.h; name = CHSortedDictionary.h; path = source/CHSortedDictionary.h; sourceTree = "<group>"; };
		E4558DB50FE7599500CC5860 /* CHSortedDictionary.m */ = {isa = PBXFileReference; fileEncoding = 4; lastKnownFileType = sourcecode.c.objc; name = CHSortedDictionary.m; path = source/CHSortedDictionary.m; sourceTree = "<group>"; };
		E4723A710EB91B7A006FE465 /* Util.m */ = {isa = PBXFileReference; fileEncoding = 4; lastKnownFileType = sourcecode.c.objc; name = Util.m; path = source/Util.m; sourceTree = "<group>"; };
		E473C9890E9331FA005CA997 /* Info-Unit-Testing.plist */ = {isa = PBXFileReference; lastKnownFileType = text.plist.xml; name = "Info-Unit-Testing.plist"; path = "resources/Info-Unit-Testing.plist"; sourceTree = "<group>"; };
		E473C99E0E93333C005CA997 /* SenTestingKit.framework */ = {isa = PBXFileReference; lastKnownFileType = wrapper.framework; name = SenTestingKit.framework; path = Developer/Library/Frameworks/SenTestingKit.framework; sourceTree = SDKROOT; };
		E48860B80EA66072000F132A /* CHAbstractListCollection.h */ = {isa = PBXFileReference; fileEncoding = 4; lastKnownFileType = sourcecode.c.h; name = CHAbstractListCollection.h; path = source/CHAbstractListCollection.h; sourceTree = "<group>"; };
		E48860B90EA66072000F132A /* CHAbstractListCollection.m */ = {isa = PBXFileReference; fileEncoding = 4; lastKnownFileType = sourcecode.c.objc; name = CHAbstractListCollection.m; path = source/CHAbstractListCollection.m; sourceTree = "<group>"; };
		E48860C10EA660A1000F132A /* CHAbstractMutableArrayCollection.h */ = {isa = PBXFileReference; fileEncoding = 4; lastKnownFileType = sourcecode.c.h; name = CHAbstractMutableArrayCollection.h; path = source/CHAbstractMutableArrayCollection.h; sourceTree = "<group>"; };
		E48860C20EA660A1000F132A /* CHAbstractMutableArrayCollection.m */ = {isa = PBXFileReference; fileEncoding = 4; lastKnownFileType = sourcecode.c.objc; name = CHAbstractMutableArrayCollection.m; path = source/CHAbstractMutableArrayCollection.m; sourceTree = "<group>"; };
		E48BF92E0EE79AAE0004D5E6 /* CHMultiDictionary.h */ = {isa = PBXFileReference; fileEncoding = 4; lastKnownFileType = sourcecode.c.h; name = CHMultiDictionary.h; path = source/CHMultiDictionary.h; sourceTree = "<group>"; };
		E48BF9720EE7A2010004D5E6 /* CHMultiDictionary.m */ = {isa = PBXFileReference; fileEncoding = 4; lastKnownFileType = sourcecode.c.objc; name = CHMultiDictionary.m; path = source/CHMultiDictionary.m; sourceTree = "<group>"; };
		E48BFA840EE842CF0004D5E6 /* CHMultiDictionaryTest.m */ = {isa = PBXFileReference; fileEncoding = 4; lastKnownFileType = sourcecode.c.objc; name = CHMultiDictionaryTest.m; path = test/CHMultiDictionaryTest.m; sourceTree = "<group>"; };
		E49BE2810FB21058002904AB /* CHOrderedSet.h */ = {isa = PBXFileReference; fileEncoding = 4; lastKnownFileType = sourcecode.c.h; name = CHOrderedSet.h; path = source/CHOrderedSet.h; sourceTree = "<group>"; };
		E49BE2820FB21058002904AB /* CHOrderedSet.m */ = {isa = PBXFileReference; fileEncoding = 4; lastKnownFileType = sourcecode.c.objc; name = CHOrderedSet.m; path = source/CHOrderedSet.m; sourceTree = "<group>"; };
		E49BE3DB0FB230D4002904AB /* CHCustomSetsTest.m */ = {isa = PBXFileReference; fileEncoding = 4; lastKnownFileType = sourcecode.c.objc; name = CHCustomSetsTest.m; path = test/CHCustomSetsTest.m; sourceTree = "<group>"; };
		E4A720C50EA78DCE00E0AC21 /* CHAbstractListCollectionTest.m */ = {isa = PBXFileReference; fileEncoding = 4; lastKnownFileType = sourcecode.c.objc; name = CHAbstractListCollectionTest.m; path = test/CHAbstractListCollectionTest.m; sourceTree = "<group>"; };
		E4A720CA0EA78DFB00E0AC21 /* CHAbstractMutableArrayCollectionTest.m */ = {isa = PBXFileReference; fileEncoding = 4; lastKnownFileType = sourcecode.c.objc; name = CHAbstractMutableArrayCollectionTest.m; path = test/CHAbstractMutableArrayCollectionTest.m; sourceTree = "<group>"; };
		E4ADBB060E88174200B570BC /* CHMutableArrayHeap.h */ = {isa = PBXFileReference; fileEncoding = 4; lastKnownFileType = sourcecode.c.h; name = CHMutableArrayHeap.h; path = source/CHMutableArrayHeap.h; sourceTree = "<group>"; };
		E4ADBB070E88174200B570BC /* CHMutableArrayHeap.m */ = {isa = PBXFileReference; fileEncoding = 4; lastKnownFileType = sourcecode.c.objc; name = CHMutableArrayHeap.m; path = source/CHMutableArrayHeap.m; sourceTree = "<group>"; };
		E4ADBB080E88174200B570BC /* CHMutableArrayQueue.h */ = {isa = PBXFileReference; fileEncoding = 4; lastKnownFileType = sourcecode.c.h; name = CHMutableArrayQueue.h; path = source/CHMutableArrayQueue.h; sourceTree = "<group>"; };
		E4ADBB090E88174200B570BC /* CHMutableArrayQueue.m */ = {isa = PBXFileReference; fileEncoding = 4; lastKnownFileType = sourcecode.c.objc; name = CHMutableArrayQueue.m; path = source/CHMutableArrayQueue.m; sourceTree = "<group>"; };
		E4ADBB0A0E88174200B570BC /* CHMutableArrayStack.h */ = {isa = PBXFileReference; fileEncoding = 4; lastKnownFileType = sourcecode.c.h; name = CHMutableArrayStack.h; path = source/CHMutableArrayStack.h; sourceTree = "<group>"; };
		E4ADBB0B0E88174200B570BC /* CHMutableArrayStack.m */ = {isa = PBXFileReference; fileEncoding = 4; lastKnownFileType = sourcecode.c.objc; name = CHMutableArrayStack.m; path = source/CHMutableArrayStack.m; sourceTree = "<group>"; };
		E4ADBB120E88174200B570BC /* CHHeap.h */ = {isa = PBXFileReference; fileEncoding = 4; lastKnownFileType = sourcecode.c.h; name = CHHeap.h; path = source/CHHeap.h; sourceTree = "<group>"; };
		E4ADBB130E88174200B570BC /* CHListQueue.h */ = {isa = PBXFileReference; fileEncoding = 4; lastKnownFileType = sourcecode.c.h; name = CHListQueue.h; path = source/CHListQueue.h; sourceTree = "<group>"; };
		E4ADBB140E88174200B570BC /* CHListQueue.m */ = {isa = PBXFileReference; fileEncoding = 4; lastKnownFileType = sourcecode.c.objc; name = CHListQueue.m; path = source/CHListQueue.m; sourceTree = "<group>"; };
		E4ADBB150E88174200B570BC /* CHListStack.h */ = {isa = PBXFileReference; fileEncoding = 4; lastKnownFileType = sourcecode.c.h; name = CHListStack.h; path = source/CHListStack.h; sourceTree = "<group>"; };
		E4ADBB160E88174200B570BC /* CHListStack.m */ = {isa = PBXFileReference; fileEncoding = 4; lastKnownFileType = sourcecode.c.objc; name = CHListStack.m; path = source/CHListStack.m; sourceTree = "<group>"; };
		E4ADBB170E88174200B570BC /* CHLinkedList.h */ = {isa = PBXFileReference; fileEncoding = 4; lastKnownFileType = sourcecode.c.h; name = CHLinkedList.h; path = source/CHLinkedList.h; sourceTree = "<group>"; };
		E4ADBB180E88174200B570BC /* CHQueue.h */ = {isa = PBXFileReference; fileEncoding = 4; lastKnownFileType = sourcecode.c.h; name = CHQueue.h; path = source/CHQueue.h; sourceTree = "<group>"; };
		E4ADBB1B0E88174200B570BC /* CHRedBlackTree.h */ = {isa = PBXFileReference; fileEncoding = 4; lastKnownFileType = sourcecode.c.h; name = CHRedBlackTree.h; path = source/CHRedBlackTree.h; sourceTree = "<group>"; };
		E4ADBB1C0E88174200B570BC /* CHRedBlackTree.m */ = {isa = PBXFileReference; fileEncoding = 4; lastKnownFileType = sourcecode.c.objc; name = CHRedBlackTree.m; path = source/CHRedBlackTree.m; sourceTree = "<group>"; };
		E4ADBB1D0E88174200B570BC /* CHStack.h */ = {isa = PBXFileReference; fileEncoding = 4; lastKnownFileType = sourcecode.c.h; name = CHStack.h; path = source/CHStack.h; sourceTree = "<group>"; };
		E4ADBB1E0E88174200B570BC /* CHDoublyLinkedList.h */ = {isa = PBXFileReference; fileEncoding = 4; lastKnownFileType = sourcecode.c.h; name = CHDoublyLinkedList.h; path = source/CHDoublyLinkedList.h; sourceTree = "<group>"; };
		E4ADBB1F0E88174200B570BC /* CHDoublyLinkedList.m */ = {isa = PBXFileReference; fileEncoding = 4; lastKnownFileType = sourcecode.c.objc; name = CHDoublyLinkedList.m; path = source/CHDoublyLinkedList.m; sourceTree = "<group>"; };
		E4ADBB220E88174200B570BC /* CHUnbalancedTree.h */ = {isa = PBXFileReference; fileEncoding = 4; lastKnownFileType = sourcecode.c.h; name = CHUnbalancedTree.h; path = source/CHUnbalancedTree.h; sourceTree = "<group>"; };
		E4ADBB230E88174200B570BC /* CHUnbalancedTree.m */ = {isa = PBXFileReference; fileEncoding = 4; lastKnownFileType = sourcecode.c.objc; name = CHUnbalancedTree.m; path = source/CHUnbalancedTree.m; sourceTree = "<group>"; };
		E4ADBC990E88412C00B570BC /* CHAbstractBinarySearchTree.m */ = {isa = PBXFileReference; fileEncoding = 4; lastKnownFileType = sourcecode.c.objc; name = CHAbstractBinarySearchTree.m; path = source/CHAbstractBinarySearchTree.m; sourceTree = "<group>"; };
		E4B1AD170EB580BC00B43ADA /* CHAbstractBinarySearchTreeTest.m */ = {isa = PBXFileReference; fileEncoding = 4; lastKnownFileType = sourcecode.c.objc; name = CHAbstractBinarySearchTreeTest.m; path = test/CHAbstractBinarySearchTreeTest.m; sourceTree = "<group>"; };
		E4C430830F74AC4F00EDBB0B /* CHAbstractCircularBufferCollection.h */ = {isa = PBXFileReference; fileEncoding = 4; lastKnownFileType = sourcecode.c.h; name = CHAbstractCircularBufferCollection.h; path = source/CHAbstractCircularBufferCollection.h; sourceTree = "<group>"; };
		E4C430840F74AC4F00EDBB0B /* CHAbstractCircularBufferCollection.m */ = {isa = PBXFileReference; fileEncoding = 4; lastKnownFileType = sourcecode.c.objc; name = CHAbstractCircularBufferCollection.m; path = source/CHAbstractCircularBufferCollection.m; sourceTree = "<group>"; };
		E4D3A4C60F789FF500E21CF8 /* CHAbstractCircularBufferCollectionTest.m */ = {isa = PBXFileReference; fileEncoding = 4; lastKnownFileType = sourcecode.c.objc; name = CHAbstractCircularBufferCollectionTest.m; path = test/CHAbstractCircularBufferCollectionTest.m; sourceTree = "<group>"; };
		E4D48E960FE9510B009BA8BC /* CHCustomDictionariesTest.m */ = {isa = PBXFileReference; fileEncoding = 4; lastKnownFileType = sourcecode.c.objc; name = CHCustomDictionariesTest.m; path = test/CHCustomDictionariesTest.m; sourceTree = "<group>"; };
		E4D499690E93CD1300434CBA /* CHLinkedListTest.m */ = {isa = PBXFileReference; fileEncoding = 4; lastKnownFileType = sourcecode.c.objc; name = CHLinkedListTest.m; path = test/CHLinkedListTest.m; sourceTree = "<group>"; };
		E4D9413E0F93C147001BAE05 /* CHCircularBufferStack.h */ = {isa = PBXFileReference; fileEncoding = 4; lastKnownFileType = sourcecode.c.h; name = CHCircularBufferStack.h; path = source/CHCircularBufferStack.h; sourceTree = "<group>"; };
		E4D9413F0F93C147001BAE05 /* CHCircularBufferStack.m */ = {isa = PBXFileReference; fileEncoding = 4; lastKnownFileType = sourcecode.c.objc; name = CHCircularBufferStack.m; path = source/CHCircularBufferStack.m; sourceTree = "<group>"; };
		E4E7C1260EC0CACE009B19D7 /* CHDataStructures_Prefix.pch */ = {isa = PBXFileReference; fileEncoding = 4; lastKnownFileType = sourcecode.c.h; name = CHDataStructures_Prefix.pch; path = source/CHDataStructures_Prefix.pch; sourceTree = "<group>"; };
		E4EF44D60F86C52200C59C52 /* CHLockable.h */ = {isa = PBXFileReference; fileEncoding = 4; lastKnownFileType = sourcecode.c.h; name = CHLockable.h; path = source/CHLockable.h; sourceTree = "<group>"; };
		E4EF44D70F86C52200C59C52 /* CHLockableObject.m */ = {isa = PBXFileReference; fileEncoding = 4; lastKnownFileType = sourcecode.c.objc; name = CHLockableObject.m; path = source/CHLockableObject.m; sourceTree = "<group>"; };
		E4FBE17F0F8B21860039E4D0 /* CHLockableTest.m */ = {isa = PBXFileReference; fileEncoding = 4; lastKnownFileType = sourcecode.c.objc; name = CHLockableTest.m; path = test/CHLockableTest.m; sourceTree = "<group>"; };
		E4FD52CC0ECA8589006D9FF8 /* CHDequeTest.m */ = {isa = PBXFileReference; fileEncoding = 4; lastKnownFileType = sourcecode.c.objc; name = CHDequeTest.m; path = test/CHDequeTest.m; sourceTree = "<group>"; };
		E4FD52F50ECA8A9F006D9FF8 /* CHQueueTest.m */ = {isa = PBXFileReference; fileEncoding = 4; lastKnownFileType = sourcecode.c.objc; name = CHQueueTest.m; path = test/CHQueueTest.m; sourceTree = "<group>"; };
		E4FD53020ECA9212006D9FF8 /* CHStackTest.m */ = {isa = PBXFileReference; fileEncoding = 4; lastKnownFileType = sourcecode.c.objc; name = CHStackTest.m; path = test/CHStackTest.m; sourceTree = "<group>"; };
		E4FE77C60E8978C300971EE6 /* CHSearchTree.h */ = {isa = PBXFileReference; fileEncoding = 4; lastKnownFileType = sourcecode.c.h; name = CHSearchTree.h; path = source/CHSearchTree.h; sourceTree = "<group>"; };
		E4FE77C90E8978DD00971EE6 /* CHAbstractBinarySearchTree.h */ = {isa = PBXFileReference; fileEncoding = 4; lastKnownFileType = sourcecode.c.h; name = CHAbstractBinarySearchTree.h; path = source/CHAbstractBinarySearchTree.h; sourceTree = "<group>"; };
/* End PBXFileReference section */

/* Begin PBXFrameworksBuildPhase section */
		5DFBC1EB10A74964007BF56F /* Frameworks */ = {
			isa = PBXFrameworksBuildPhase;
			buildActionMask = 2147483647;
			files = (
				5DFBC1F510A749CA007BF56F /* Foundation.framework in Frameworks */,
				5DFBC1F710A749CA007BF56F /* UIKit.framework in Frameworks */,
				5DFBC30C10A7564E007BF56F /* libCHDataStructures.a in Frameworks */,
			);
			runOnlyForDeploymentPostprocessing = 0;
		};
		5DFBC2CF10A7540A007BF56F /* Frameworks */ = {
			isa = PBXFrameworksBuildPhase;
			buildActionMask = 2147483647;
			files = (
				5DFBC2E910A754AD007BF56F /* libCHDataStructures.a in Frameworks */,
			);
			runOnlyForDeploymentPostprocessing = 0;
		};
		E4399A0B10A33C1200209906 /* Frameworks */ = {
			isa = PBXFrameworksBuildPhase;
			buildActionMask = 2147483647;
			files = (
			);
			runOnlyForDeploymentPostprocessing = 0;
		};
/* End PBXFrameworksBuildPhase section */

/* Begin PBXGroup section */
		034768DFFF38A50411DB9C8B /* Products */ = {
			isa = PBXGroup;
			children = (
				E4399A0D10A33C1200209906 /* libCHDataStructures.a */,
				5DFBC2D710A7540A007BF56F /* CHDataStructuresiPhone.octest */,
				5DFBC1ED10A74964007BF56F /* CHDataStructures.app */,
			);
			name = Products;
			sourceTree = "<group>";
		};
		0867D691FE84028FC02AAC07 /* CHDataStructures */ = {
			isa = PBXGroup;
			children = (
				E4BD316A0FEEE79C00A084B2 /* Framework Code */,
				E473C9A70E933350005CA997 /* Unit Test Code */,
				E4B0A7F710D0725B006653B9 /* iPhone Unit Test App */,
				089C1665FE841158C02AAC07 /* Resources */,
				0867D69AFE84028FC02AAC07 /* Linked Frameworks */,
				034768DFFF38A50411DB9C8B /* Products */,
			);
			name = CHDataStructures;
			sourceTree = "<group>";
		};
		0867D69AFE84028FC02AAC07 /* Linked Frameworks */ = {
			isa = PBXGroup;
			children = (
				5DFBC1F410A749CA007BF56F /* Foundation.framework */,
				E473C99E0E93333C005CA997 /* SenTestingKit.framework */,
				5DFBC1F610A749CA007BF56F /* UIKit.framework */,
			);
			name = "Linked Frameworks";
			sourceTree = "<group>";
		};
		089C1665FE841158C02AAC07 /* Resources */ = {
			isa = PBXGroup;
			children = (
				089C1666FE841158C02AAC07 /* InfoPlist.strings */,
				E473C9890E9331FA005CA997 /* Info-Unit-Testing.plist */,
			);
			name = Resources;
			sourceTree = "<group>";
		};
		08FB77AEFE84172EC02AAC07 /* Classes */ = {
			isa = PBXGroup;
			children = (
				E4FE77C90E8978DD00971EE6 /* CHAbstractBinarySearchTree.h */,
				E41D293D0F6CC44900AF80C4 /* CHAbstractBinarySearchTree_Internal.h */,
				E4ADBC990E88412C00B570BC /* CHAbstractBinarySearchTree.m */,
				E4C430830F74AC4F00EDBB0B /* CHAbstractCircularBufferCollection.h */,
				E4C430840F74AC4F00EDBB0B /* CHAbstractCircularBufferCollection.m */,
				E48860B80EA66072000F132A /* CHAbstractListCollection.h */,
				E48860B90EA66072000F132A /* CHAbstractListCollection.m */,
				E48860C10EA660A1000F132A /* CHAbstractMutableArrayCollection.h */,
				E48860C20EA660A1000F132A /* CHAbstractMutableArrayCollection.m */,
				E442DFB60E8F1E6D00BD62F6 /* CHAnderssonTree.h */,
				E442DFB70E8F1E6D00BD62F6 /* CHAnderssonTree.m */,
				E44558090EBCB70A00D9C482 /* CHAVLTree.h */,
				E445580A0EBCB70A00D9C482 /* CHAVLTree.m */,
				E400CAC10F791A08003189D3 /* CHCircularBufferDeque.h */,
				E400CAC20F791A08003189D3 /* CHCircularBufferDeque.m */,
				E400CAAA0F7919B7003189D3 /* CHCircularBufferQueue.h */,
				E400CAAB0F7919B7003189D3 /* CHCircularBufferQueue.m */,
				E4D9413E0F93C147001BAE05 /* CHCircularBufferStack.h */,
				E4D9413F0F93C147001BAE05 /* CHCircularBufferStack.m */,
				E4ADBB1E0E88174200B570BC /* CHDoublyLinkedList.h */,
				E4ADBB1F0E88174200B570BC /* CHDoublyLinkedList.m */,
				E40D184A0E945580007F39D8 /* CHListDeque.h */,
				E40D184B0E945580007F39D8 /* CHListDeque.m */,
				E4ADBB130E88174200B570BC /* CHListQueue.h */,
				E4ADBB140E88174200B570BC /* CHListQueue.m */,
				E4ADBB150E88174200B570BC /* CHListStack.h */,
				E4ADBB160E88174200B570BC /* CHListStack.m */,
				E4558D8F0FE758C300CC5860 /* CHLockableDictionary.h */,
				E4558D900FE758C300CC5860 /* CHLockableDictionary.m */,
				E4558CF60FE749FC00CC5860 /* CHLockableObject.h */,
				E4EF44D70F86C52200C59C52 /* CHLockableObject.m */,
				E48BF92E0EE79AAE0004D5E6 /* CHMultiDictionary.h */,
				E48BF9720EE7A2010004D5E6 /* CHMultiDictionary.m */,
				E44771F20E912491000889F7 /* CHMutableArrayDeque.h */,
				E44771F30E912491000889F7 /* CHMutableArrayDeque.m */,
				E4ADBB060E88174200B570BC /* CHMutableArrayHeap.h */,
				E4ADBB070E88174200B570BC /* CHMutableArrayHeap.m */,
				E4ADBB080E88174200B570BC /* CHMutableArrayQueue.h */,
				E4ADBB090E88174200B570BC /* CHMutableArrayQueue.m */,
				E4ADBB0A0E88174200B570BC /* CHMutableArrayStack.h */,
				E4ADBB0B0E88174200B570BC /* CHMutableArrayStack.m */,
				E4558DAE0FE7598700CC5860 /* CHOrderedDictionary.h */,
				E4558DAF0FE7598700CC5860 /* CHOrderedDictionary.m */,
				E49BE2810FB21058002904AB /* CHOrderedSet.h */,
				E49BE2820FB21058002904AB /* CHOrderedSet.m */,
				E4ADBB1B0E88174200B570BC /* CHRedBlackTree.h */,
				E4ADBB1C0E88174200B570BC /* CHRedBlackTree.m */,
				E41180250E91E7E700E66053 /* CHSinglyLinkedList.h */,
				E41180260E91E7E700E66053 /* CHSinglyLinkedList.m */,
				E4558DB40FE7599500CC5860 /* CHSortedDictionary.h */,
				E4558DB50FE7599500CC5860 /* CHSortedDictionary.m */,
				E41035260EC409B900C2CFB9 /* CHTreap.h */,
				E41035270EC409B900C2CFB9 /* CHTreap.m */,
				E4ADBB220E88174200B570BC /* CHUnbalancedTree.h */,
				E4ADBB230E88174200B570BC /* CHUnbalancedTree.m */,
				E40C4D00108D7A6A00A63A23 /* CHLockableSet.h */,
				E40C4D01108D7A6A00A63A23 /* CHLockableSet.m */,
			);
			name = Classes;
			sourceTree = "<group>";
		};
		E44B57D00E9558A000F9DD1A /* Protocols */ = {
			isa = PBXGroup;
			children = (
				E42DBAF10E8C3200000E1FBD /* CHDeque.h */,
				E4ADBB120E88174200B570BC /* CHHeap.h */,
				E4ADBB170E88174200B570BC /* CHLinkedList.h */,
				E4EF44D60F86C52200C59C52 /* CHLockable.h */,
				E4ADBB180E88174200B570BC /* CHQueue.h */,
				E4FE77C60E8978C300971EE6 /* CHSearchTree.h */,
				E4128A950FB27E4F00CC187D /* CHSortedSet.h */,
				E4ADBB1D0E88174200B570BC /* CHStack.h */,
			);
			name = Protocols;
			sourceTree = "<group>";
		};
		E473C9A70E933350005CA997 /* Unit Test Code */ = {
			isa = PBXGroup;
			children = (
				E4B1AD170EB580BC00B43ADA /* CHAbstractBinarySearchTreeTest.m */,
				E4D3A4C60F789FF500E21CF8 /* CHAbstractCircularBufferCollectionTest.m */,
				E4A720C50EA78DCE00E0AC21 /* CHAbstractListCollectionTest.m */,
				E4A720CA0EA78DFB00E0AC21 /* CHAbstractMutableArrayCollectionTest.m */,
				E40D18050E94519F007F39D8 /* CHAnderssonTreeTest.m */,
				E400FCF30EBE15F300AC172B /* CHAVLTreeTest.m */,
				E4D48E960FE9510B009BA8BC /* CHCustomDictionariesTest.m */,
				E4FD52CC0ECA8589006D9FF8 /* CHDequeTest.m */,
				E40D18220E9452BB007F39D8 /* CHHeapTest.m */,
				E4D499690E93CD1300434CBA /* CHLinkedListTest.m */,
				E4FBE17F0F8B21860039E4D0 /* CHLockableTest.m */,
				E48BFA840EE842CF0004D5E6 /* CHMultiDictionaryTest.m */,
				E49BE3DB0FB230D4002904AB /* CHCustomSetsTest.m */,
				E4FD52F50ECA8A9F006D9FF8 /* CHQueueTest.m */,
				E40D181C0E9452BB007F39D8 /* CHRedBlackTreeTest.m */,
				E4290A77100CE7F100C2C968 /* CHSortedSetTest.m */,
				E4FD53020ECA9212006D9FF8 /* CHStackTest.m */,
				E410360E0EC424E600C2CFB9 /* CHTreapTest.m */,
				E40D181E0E9452BB007F39D8 /* CHUnbalancedTreeTest.m */,
				E44EB0F10ECB83230071F93A /* UtilTest.m */,
			);
			name = "Unit Test Code";
			sourceTree = "<group>";
		};
		E4B0A7F710D0725B006653B9 /* iPhone Unit Test App */ = {
			isa = PBXGroup;
			children = (
				5DFBC1D910A748CC007BF56F /* iPhoneUnitTestingApp.m */,
				5DFBC1EF10A74964007BF56F /* iPhoneUnitTestingApp.plist */,
				5DFBC1DA10A748D8007BF56F /* iPhoneUnitTestingApp.xib */,
				5DFBC1D610A748CC007BF56F /* iPhoneUnitTestingAppDelegate.h */,
				5DFBC1D710A748CC007BF56F /* iPhoneUnitTestingAppDelegate.m */,
			);
			name = "iPhone Unit Test App";
			sourceTree = "<group>";
		};
		E4BD316A0FEEE79C00A084B2 /* Framework Code */ = {
			isa = PBXGroup;
			children = (
				E442DFA70E8F1BDF00BD62F6 /* CHDataStructures.h */,
				E4E7C1260EC0CACE009B19D7 /* CHDataStructures_Prefix.pch */,
				E44773A10E913C89000889F7 /* Util.h */,
				E4723A710EB91B7A006FE465 /* Util.m */,
				E44B57D00E9558A000F9DD1A /* Protocols */,
				08FB77AEFE84172EC02AAC07 /* Classes */,
			);
			name = "Framework Code";
			sourceTree = "<group>";
		};
/* End PBXGroup section */

/* Begin PBXHeadersBuildPhase section */
		E4399A0910A33C1200209906 /* Headers */ = {
			isa = PBXHeadersBuildPhase;
			buildActionMask = 2147483647;
			files = (
				E4399A6A10A33D3B00209906 /* CHAbstractBinarySearchTree.h in Headers */,
				E4399A6B10A33D3C00209906 /* CHAbstractBinarySearchTree_Internal.h in Headers */,
				E4399A6C10A33D3C00209906 /* CHAbstractCircularBufferCollection.h in Headers */,
				E4399A6D10A33D3D00209906 /* CHAbstractListCollection.h in Headers */,
				E4399A6E10A33D3E00209906 /* CHAbstractMutableArrayCollection.h in Headers */,
				E4399A7E10A33D5E00209906 /* CHAnderssonTree.h in Headers */,
				E4399A8010A33D5F00209906 /* CHAVLTree.h in Headers */,
				E4399A8210A33D6100209906 /* CHCircularBufferDeque.h in Headers */,
				E4399A8410A33D6200209906 /* CHCircularBufferQueue.h in Headers */,
				E4399A8610A33D6300209906 /* CHCircularBufferStack.h in Headers */,
				E4399A8810A33D6500209906 /* CHDataStructures.h in Headers */,
				E4399A8910A33D6600209906 /* CHDeque.h in Headers */,
				E4399A8A10A33D6700209906 /* CHDoublyLinkedList.h in Headers */,
				E4399A8D10A33D6D00209906 /* CHListDeque.h in Headers */,
				E4399A8E10A33D6E00209906 /* CHLinkedList.h in Headers */,
				E4399A9610A33D7800209906 /* CHListStack.h in Headers */,
				E4399A9710A33D7A00209906 /* CHListQueue.h in Headers */,
				E4399A9B10A33D8200209906 /* CHRedBlackTree.h in Headers */,
				E4399A9C10A33D8300209906 /* CHQueue.h in Headers */,
				E4399A9E10A33D8400209906 /* CHOrderedSet.h in Headers */,
				E4399AA010A33D8500209906 /* CHOrderedDictionary.h in Headers */,
				E4399AA210A33D8600209906 /* CHMutableArrayStack.h in Headers */,
				E4399AA410A33D8700209906 /* CHMutableArrayQueue.h in Headers */,
				E4399AA610A33D8900209906 /* CHMutableArrayHeap.h in Headers */,
				E4399AA810A33D8A00209906 /* CHMutableArrayDeque.h in Headers */,
				E4399AAA10A33D8B00209906 /* CHMultiDictionary.h in Headers */,
				E4399AAC10A33D8C00209906 /* CHLockableSet.h in Headers */,
				E4399AAE10A33D8E00209906 /* CHLockableObject.h in Headers */,
				E4399AB010A33D8F00209906 /* CHLockableDictionary.h in Headers */,
				E4399AB110A33D9000209906 /* CHLockable.h in Headers */,
				E4399AB410A33D9400209906 /* Util.h in Headers */,
				E4399AB510A33D9500209906 /* CHUnbalancedTree.h in Headers */,
				E4399AB710A33D9700209906 /* CHSortedSet.h in Headers */,
				E4399AB810A33D9900209906 /* CHTreap.h in Headers */,
				E4399ABA10A33D9B00209906 /* CHSortedDictionary.h in Headers */,
				E4399ABB10A33D9C00209906 /* CHSinglyLinkedList.h in Headers */,
				E4399AC010A33DA900209906 /* CHStack.h in Headers */,
				E4399AC110A33DAC00209906 /* CHSearchTree.h in Headers */,
				E4399AC310A33DB100209906 /* CHHeap.h in Headers */,
				E4399AC610A33DBB00209906 /* CHDataStructures_Prefix.pch in Headers */,
			);
			runOnlyForDeploymentPostprocessing = 0;
		};
/* End PBXHeadersBuildPhase section */

/* Begin PBXNativeTarget section */
		5DFBC1EC10A74964007BF56F /* iPhone Unit Testing App */ = {
			isa = PBXNativeTarget;
			buildConfigurationList = 5DFBC1F310A74966007BF56F /* Build configuration list for PBXNativeTarget "iPhone Unit Testing App" */;
			buildPhases = (
				5DFBC1E910A74964007BF56F /* Resources */,
				5DFBC1EA10A74964007BF56F /* Sources */,
				5DFBC1EB10A74964007BF56F /* Frameworks */,
			);
			buildRules = (
			);
			dependencies = (
				5DFBC3B710A765E5007BF56F /* PBXTargetDependency */,
			);
			name = "iPhone Unit Testing App";
			productName = "iPhone Unit Testing App";
			productReference = 5DFBC1ED10A74964007BF56F /* CHDataStructures.app */;
			productType = "com.apple.product-type.application";
		};
		5DFBC2B610A7540A007BF56F /* iPhone Unit Testing */ = {
			isa = PBXNativeTarget;
			buildConfigurationList = 5DFBC2D310A7540A007BF56F /* Build configuration list for PBXNativeTarget "iPhone Unit Testing" */;
			buildPhases = (
				5DFBC2BA10A7540A007BF56F /* Sources */,
				5DFBC2CF10A7540A007BF56F /* Frameworks */,
			);
			buildRules = (
			);
			dependencies = (
				5DFBC3A610A76580007BF56F /* PBXTargetDependency */,
			);
			name = "iPhone Unit Testing";
			productName = "Unit Testing";
			productReference = 5DFBC2D710A7540A007BF56F /* CHDataStructuresiPhone.octest */;
			productType = "com.apple.product-type.bundle";
		};
		E4399A0C10A33C1200209906 /* iPhone Static Library */ = {
			isa = PBXNativeTarget;
			buildConfigurationList = E4399A6510A33C9800209906 /* Build configuration list for PBXNativeTarget "iPhone Static Library" */;
			buildPhases = (
				E4399A0910A33C1200209906 /* Headers */,
				E4399A0A10A33C1200209906 /* Sources */,
				E4399A0B10A33C1200209906 /* Frameworks */,
			);
			buildRules = (
			);
			dependencies = (
			);
			name = "iPhone Static Library";
			productName = CHDataStructures;
			productReference = E4399A0D10A33C1200209906 /* libCHDataStructures.a */;
			productType = "com.apple.product-type.library.static";
		};
/* End PBXNativeTarget section */

/* Begin PBXProject section */
		0867D690FE84028FC02AAC07 /* Project object */ = {
			isa = PBXProject;
			attributes = {
				BuildIndependentTargetsInParallel = YES;
			};
			buildConfigurationList = 1DEB91B108733DA50010E9CD /* Build configuration list for PBXProject "CHDataStructures-iPhone" */;
			compatibilityVersion = "Xcode 3.1";
			hasScannedForEncodings = 1;
			mainGroup = 0867D691FE84028FC02AAC07 /* CHDataStructures */;
			productRefGroup = 034768DFFF38A50411DB9C8B /* Products */;
			projectDirPath = "";
			projectRoot = "";
			targets = (
				E4399A0C10A33C1200209906 /* iPhone Static Library */,
				5DFBC2B610A7540A007BF56F /* iPhone Unit Testing */,
				5DFBC1EC10A74964007BF56F /* iPhone Unit Testing App */,
			);
		};
/* End PBXProject section */

/* Begin PBXResourcesBuildPhase section */
		5DFBC1E910A74964007BF56F /* Resources */ = {
			isa = PBXResourcesBuildPhase;
			buildActionMask = 2147483647;
			files = (
				5DFBC3B010A765AE007BF56F /* CHDataStructuresiPhone.octest in Resources */,
				5DFBC1FE10A74A1B007BF56F /* iPhoneUnitTestingApp.xib in Resources */,
			);
			runOnlyForDeploymentPostprocessing = 0;
		};
/* End PBXResourcesBuildPhase section */

/* Begin PBXSourcesBuildPhase section */
		5DFBC1EA10A74964007BF56F /* Sources */ = {
			isa = PBXSourcesBuildPhase;
			buildActionMask = 2147483647;
			files = (
				5DFBC20010A74A1F007BF56F /* iPhoneUnitTestingApp.m in Sources */,
				5DFBC1FF10A74A1F007BF56F /* iPhoneUnitTestingAppDelegate.m in Sources */,
			);
			runOnlyForDeploymentPostprocessing = 0;
		};
		5DFBC2BA10A7540A007BF56F /* Sources */ = {
			isa = PBXSourcesBuildPhase;
			buildActionMask = 2147483647;
			files = (
				5DFBC2BB10A7540A007BF56F /* CHAbstractBinarySearchTreeTest.m in Sources */,
				5DFBC2BC10A7540A007BF56F /* CHAbstractCircularBufferCollectionTest.m in Sources */,
				5DFBC2BD10A7540A007BF56F /* CHAbstractListCollectionTest.m in Sources */,
				5DFBC2BE10A7540A007BF56F /* CHAbstractMutableArrayCollectionTest.m in Sources */,
				5DFBC2BF10A7540A007BF56F /* CHAnderssonTreeTest.m in Sources */,
				5DFBC2C010A7540A007BF56F /* CHAVLTreeTest.m in Sources */,
				5DFBC2C110A7540A007BF56F /* CHCustomDictionariesTest.m in Sources */,
				5DFBC2C210A7540A007BF56F /* CHDequeTest.m in Sources */,
				5DFBC2C310A7540A007BF56F /* CHHeapTest.m in Sources */,
				5DFBC2C410A7540A007BF56F /* CHLinkedListTest.m in Sources */,
				5DFBC2C510A7540A007BF56F /* CHLockableTest.m in Sources */,
				5DFBC2C610A7540A007BF56F /* CHMultiDictionaryTest.m in Sources */,
				5DFBC2C710A7540A007BF56F /* CHCustomSetsTest.m in Sources */,
				5DFBC2C810A7540A007BF56F /* CHQueueTest.m in Sources */,
				5DFBC2C910A7540A007BF56F /* CHRedBlackTreeTest.m in Sources */,
				5DFBC2CA10A7540A007BF56F /* CHSortedSetTest.m in Sources */,
				5DFBC2CB10A7540A007BF56F /* CHStackTest.m in Sources */,
				5DFBC2CC10A7540A007BF56F /* CHTreapTest.m in Sources */,
				5DFBC2CD10A7540A007BF56F /* CHUnbalancedTreeTest.m in Sources */,
				5DFBC2CE10A7540A007BF56F /* UtilTest.m in Sources */,
			);
			runOnlyForDeploymentPostprocessing = 0;
		};
		E4399A0A10A33C1200209906 /* Sources */ = {
			isa = PBXSourcesBuildPhase;
			buildActionMask = 2147483647;
			files = (
				E4399A1F10A33C7A00209906 /* CHAbstractBinarySearchTree.m in Sources */,
				E4399A2210A33C7A00209906 /* CHAbstractCircularBufferCollection.m in Sources */,
				E4399A2410A33C7A00209906 /* CHAbstractListCollection.m in Sources */,
				E4399A3510A33C7A00209906 /* CHDoublyLinkedList.m in Sources */,
				E4399A3910A33C7A00209906 /* CHListDeque.m in Sources */,
				E4399A3B10A33C7A00209906 /* CHListQueue.m in Sources */,
				E4399A5810A33C7A00209906 /* CHSinglyLinkedList.m in Sources */,
				E4399A5E10A33C7A00209906 /* CHTreap.m in Sources */,
				E4399A6010A33C7A00209906 /* CHUnbalancedTree.m in Sources */,
				E4399A6210A33C7A00209906 /* Util.m in Sources */,
				E4399A7D10A33D5D00209906 /* CHAbstractMutableArrayCollection.m in Sources */,
				E4399A7F10A33D5E00209906 /* CHAnderssonTree.m in Sources */,
				E4399A8110A33D6000209906 /* CHAVLTree.m in Sources */,
				E4399A8310A33D6100209906 /* CHCircularBufferDeque.m in Sources */,
				E4399A8510A33D6300209906 /* CHCircularBufferQueue.m in Sources */,
				E4399A8710A33D6400209906 /* CHCircularBufferStack.m in Sources */,
				E4399A9410A33D7500209906 /* CHListStack.m in Sources */,
				E4399A9A10A33D8200209906 /* CHRedBlackTree.m in Sources */,
				E4399A9D10A33D8300209906 /* CHOrderedSet.m in Sources */,
				E4399A9F10A33D8400209906 /* CHOrderedDictionary.m in Sources */,
				E4399AA110A33D8500209906 /* CHMutableArrayStack.m in Sources */,
				E4399AA310A33D8700209906 /* CHMutableArrayQueue.m in Sources */,
				E4399AA510A33D8800209906 /* CHMutableArrayHeap.m in Sources */,
				E4399AA710A33D8900209906 /* CHMutableArrayDeque.m in Sources */,
				E4399AA910A33D8B00209906 /* CHMultiDictionary.m in Sources */,
				E4399AAB10A33D8C00209906 /* CHLockableSet.m in Sources */,
				E4399AAD10A33D8D00209906 /* CHLockableObject.m in Sources */,
				E4399AAF10A33D8E00209906 /* CHLockableDictionary.m in Sources */,
				E4399AB910A33D9A00209906 /* CHSortedDictionary.m in Sources */,
			);
			runOnlyForDeploymentPostprocessing = 0;
		};
/* End PBXSourcesBuildPhase section */

/* Begin PBXTargetDependency section */
		5DFBC3A610A76580007BF56F /* PBXTargetDependency */ = {
			isa = PBXTargetDependency;
			target = E4399A0C10A33C1200209906 /* iPhone Static Library */;
			targetProxy = 5DFBC3A510A76580007BF56F /* PBXContainerItemProxy */;
		};
		5DFBC3B710A765E5007BF56F /* PBXTargetDependency */ = {
			isa = PBXTargetDependency;
			target = 5DFBC2B610A7540A007BF56F /* iPhone Unit Testing */;
			targetProxy = 5DFBC3B610A765E5007BF56F /* PBXContainerItemProxy */;
		};
/* End PBXTargetDependency section */

/* Begin PBXVariantGroup section */
		089C1666FE841158C02AAC07 /* InfoPlist.strings */ = {
			isa = PBXVariantGroup;
			children = (
				089C1667FE841158C02AAC07 /* English */,
			);
			name = InfoPlist.strings;
			sourceTree = "<group>";
		};
/* End PBXVariantGroup section */

/* Begin XCBuildConfiguration section */
		1DEB91B208733DA50010E9CD /* Debug */ = {
			isa = XCBuildConfiguration;
			buildSettings = {
				ALWAYS_SEARCH_USER_PATHS = NO;
				ARCHS = "$(ARCHS_UNIVERSAL_IPHONE_OS)";
				CODE_SIGN_IDENTITY = "iPhone Developer";
				COPY_PHASE_STRIP = NO;
				FRAMEWORK_SEARCH_PATHS = /Developer/Platforms/iPhoneOS.platform/Developer/SDKs/iPhoneOS3.1.sdk/Developer/Library/Frameworks;
				GCC_C_LANGUAGE_STANDARD = gnu99;
				GCC_DYNAMIC_NO_PIC = NO;
				GCC_ENABLE_FIX_AND_CONTINUE = YES;
				GCC_ENABLE_OBJC_EXCEPTIONS = YES;
				GCC_ENABLE_OBJC_GC = unsupported;
				GCC_ENABLE_SYMBOL_SEPARATION = NO;
				GCC_OPTIMIZATION_LEVEL = 0;
				GCC_PRECOMPILE_PREFIX_HEADER = YES;
				GCC_USE_GCC3_PFE_SUPPORT = YES;
				GCC_WARN_64_TO_32_BIT_CONVERSION = YES;
				GCC_WARN_ABOUT_RETURN_TYPE = YES;
				GCC_WARN_MISSING_PARENTHESES = NO;
				GCC_WARN_SIGN_COMPARE = YES;
				GCC_WARN_UNUSED_FUNCTION = YES;
				GCC_WARN_UNUSED_VARIABLE = YES;
				PREBINDING = NO;
				PRECOMPS_INCLUDE_HEADERS_FROM_BUILT_PRODUCTS_DIR = NO;
				SDKROOT = iphoneos3.1;
			};
			name = Debug;
		};
		1DEB91B308733DA50010E9CD /* Release */ = {
			isa = XCBuildConfiguration;
			buildSettings = {
				ALWAYS_SEARCH_USER_PATHS = NO;
				ARCHS = "$(ARCHS_UNIVERSAL_IPHONE_OS)";
				CODE_SIGN_IDENTITY = "iPhone Developer";
				COPY_PHASE_STRIP = YES;
				FRAMEWORK_SEARCH_PATHS = /Developer/Platforms/iPhoneOS.platform/Developer/SDKs/iPhoneOS3.1.sdk/Developer/Library/Frameworks;
				GCC_C_LANGUAGE_STANDARD = gnu99;
				GCC_DYNAMIC_NO_PIC = NO;
				GCC_ENABLE_FIX_AND_CONTINUE = NO;
				GCC_ENABLE_OBJC_EXCEPTIONS = YES;
				GCC_ENABLE_OBJC_GC = unsupported;
				GCC_ENABLE_SYMBOL_SEPARATION = NO;
				GCC_PRECOMPILE_PREFIX_HEADER = YES;
				GCC_USE_GCC3_PFE_SUPPORT = YES;
				GCC_WARN_64_TO_32_BIT_CONVERSION = YES;
				GCC_WARN_ABOUT_RETURN_TYPE = YES;
				GCC_WARN_MISSING_PARENTHESES = NO;
				GCC_WARN_SIGN_COMPARE = YES;
				GCC_WARN_UNUSED_FUNCTION = YES;
				GCC_WARN_UNUSED_VARIABLE = YES;
				PREBINDING = NO;
				PRECOMPS_INCLUDE_HEADERS_FROM_BUILT_PRODUCTS_DIR = NO;
				SDKROOT = iphoneos3.1;
			};
			name = Release;
		};
		5DFBC1F010A74965007BF56F /* Debug */ = {
			isa = XCBuildConfiguration;
			buildSettings = {
				INFOPLIST_FILE = iPhone/iPhoneUnitTestingApp.plist;
				INSTALL_PATH = "$(HOME)/Applications";
				OTHER_LDFLAGS = (
					"-framework",
					Foundation,
					"-framework",
					UIKit,
					"-framework",
					SenTestingKit,
				);
				PRODUCT_NAME = CHDataStructures;
			};
			name = Debug;
		};
		5DFBC1F210A74965007BF56F /* Release */ = {
			isa = XCBuildConfiguration;
			buildSettings = {
				DEBUG_INFORMATION_FORMAT = "dwarf-with-dsym";
				INFOPLIST_FILE = iPhone/iPhoneUnitTestingApp.plist;
				INSTALL_PATH = "$(HOME)/Applications";
				OTHER_LDFLAGS = (
					"-framework",
					Foundation,
					"-framework",
					UIKit,
					"-framework",
					SenTestingKit,
				);
				PRODUCT_NAME = CHDataStructures;
			};
			name = Release;
		};
		5DFBC2D410A7540A007BF56F /* Debug */ = {
			isa = XCBuildConfiguration;
			buildSettings = {
				GCC_PREFIX_HEADER = "$(SYSTEM_LIBRARY_DIR)/Frameworks/Foundation.framework/Headers/Foundation.h";
				INFOPLIST_FILE = "resources/Info-Unit-Testing.plist";
				INSTALL_PATH = "$(USER_LIBRARY_DIR)/Bundles";
				OTHER_LDFLAGS = (
					"-framework",
					Foundation,
					"-framework",
					SenTestingKit,
				);
				PRODUCT_NAME = CHDataStructuresiPhone;
				WRAPPER_EXTENSION = octest;
			};
			name = Debug;
		};
		5DFBC2D610A7540A007BF56F /* Release */ = {
			isa = XCBuildConfiguration;
			buildSettings = {
				GCC_PREFIX_HEADER = "$(SYSTEM_LIBRARY_DIR)/Frameworks/Foundation.framework/Headers/Foundation.h";
				INFOPLIST_FILE = "resources/Info-Unit-Testing.plist";
				INSTALL_PATH = "$(USER_LIBRARY_DIR)/Bundles";
				OTHER_LDFLAGS = (
					"-framework",
					Foundation,
					"-framework",
					SenTestingKit,
				);
				PRODUCT_NAME = CHDataStructuresiPhone;
				WRAPPER_EXTENSION = octest;
			};
			name = Release;
		};
		E4399A0E10A33C1300209906 /* Debug */ = {
			isa = XCBuildConfiguration;
			buildSettings = {
				GCC_PREFIX_HEADER = source/CHDataStructures_Prefix.pch;
				PRODUCT_NAME = CHDataStructures;
			};
			name = Debug;
		};
		E4399A1010A33C1300209906 /* Release */ = {
			isa = XCBuildConfiguration;
			buildSettings = {
				GCC_PREFIX_HEADER = source/CHDataStructures_Prefix.pch;
				PRODUCT_NAME = CHDataStructures;
			};
			name = Release;
		};
/* End XCBuildConfiguration section */

/* Begin XCConfigurationList section */
		1DEB91B108733DA50010E9CD /* Build configuration list for PBXProject "CHDataStructures-iPhone" */ = {
			isa = XCConfigurationList;
			buildConfigurations = (
				1DEB91B208733DA50010E9CD /* Debug */,
				1DEB91B308733DA50010E9CD /* Release */,
			);
			defaultConfigurationIsVisible = 0;
			defaultConfigurationName = Debug;
		};
		5DFBC1F310A74966007BF56F /* Build configuration list for PBXNativeTarget "iPhone Unit Testing App" */ = {
			isa = XCConfigurationList;
			buildConfigurations = (
				5DFBC1F010A74965007BF56F /* Debug */,
				5DFBC1F210A74965007BF56F /* Release */,
			);
			defaultConfigurationIsVisible = 0;
			defaultConfigurationName = Debug;
		};
		5DFBC2D310A7540A007BF56F /* Build configuration list for PBXNativeTarget "iPhone Unit Testing" */ = {
			isa = XCConfigurationList;
			buildConfigurations = (
				5DFBC2D410A7540A007BF56F /* Debug */,
				5DFBC2D610A7540A007BF56F /* Release */,
			);
			defaultConfigurationIsVisible = 0;
			defaultConfigurationName = Debug;
		};
		E4399A6510A33C9800209906 /* Build configuration list for PBXNativeTarget "iPhone Static Library" */ = {
			isa = XCConfigurationList;
			buildConfigurations = (
				E4399A0E10A33C1300209906 /* Debug */,
				E4399A1010A33C1300209906 /* Release */,
			);
			defaultConfigurationIsVisible = 0;
			defaultConfigurationName = Debug;
		};
/* End XCConfigurationList section */
	};
	rootObject = 0867D690FE84028FC02AAC07 /* Project object */;
}
