// !$*UTF8*$!
{
	archiveVersion = 1;
	classes = {
	};
	objectVersion = 46;
	objects = {

/* Begin PBXAggregateTarget section */
		E43C87680EA3D35500B3B31E /* Deployment */ = {
			isa = PBXAggregateTarget;
			buildConfigurationList = E43C87740EA3D36600B3B31E /* Build configuration list for PBXAggregateTarget "Deployment" */;
			buildPhases = (
				E41E579A0F6AF8E500FDA687 /* ShellScript */,
				E43C87670EA3D35500B3B31E /* ShellScript */,
			);
			dependencies = (
				E43C876C0EA3D35C00B3B31E /* PBXTargetDependency */,
			);
			name = Deployment;
			productName = "Disk Image";
		};
		E4FAE15B0E968F1B007BB1F9 /* All */ = {
			isa = PBXAggregateTarget;
			buildConfigurationList = E4FAE1670E968F3F007BB1F9 /* Build configuration list for PBXAggregateTarget "All" */;
			buildPhases = (
			);
			dependencies = (
				E4FAE15F0E968F20007BB1F9 /* PBXTargetDependency */,
				E4FAE1610E968F20007BB1F9 /* PBXTargetDependency */,
				963818E91A7105EB0067CF59 /* PBXTargetDependency */,
				963818EB1A7105EB0067CF59 /* PBXTargetDependency */,
				E4FAE1630E968F20007BB1F9 /* PBXTargetDependency */,
				E4FAE1650E968F20007BB1F9 /* PBXTargetDependency */,
				E43C87A50EA3E19500B3B31E /* PBXTargetDependency */,
			);
			name = All;
			productName = All;
		};
		E4FE76D80E89556A00971EE6 /* Documentation */ = {
			isa = PBXAggregateTarget;
			buildConfigurationList = E4FE76F70E8955BB00971EE6 /* Build configuration list for PBXAggregateTarget "Documentation" */;
			buildPhases = (
				E4FE76D70E89556A00971EE6 /* ShellScript */,
			);
			dependencies = (
			);
			name = Documentation;
			productName = Documentation;
		};
/* End PBXAggregateTarget section */

/* Begin PBXBuildFile section */
		969123AC1A7100120073C75A /* CHUtil.m in Sources */ = {isa = PBXBuildFile; fileRef = E4723A710EB91B7A006FE465 /* CHUtil.m */; };
		969123AD1A7100120073C75A /* CHAbstractBinarySearchTree.m in Sources */ = {isa = PBXBuildFile; fileRef = E4ADBC990E88412C00B570BC /* CHAbstractBinarySearchTree.m */; };
		969123AE1A7100120073C75A /* CHAbstractListCollection.m in Sources */ = {isa = PBXBuildFile; fileRef = E48860B90EA66072000F132A /* CHAbstractListCollection.m */; };
		969123AF1A7100120073C75A /* CHAnderssonTree.m in Sources */ = {isa = PBXBuildFile; fileRef = E442DFB70E8F1E6D00BD62F6 /* CHAnderssonTree.m */; };
		969123B01A7100120073C75A /* CHAVLTree.m in Sources */ = {isa = PBXBuildFile; fileRef = E445580A0EBCB70A00D9C482 /* CHAVLTree.m */; };
		969123B11A7100120073C75A /* CHBidirectionalDictionary.m in Sources */ = {isa = PBXBuildFile; fileRef = E4386EEF1123A69C00DC6CAC /* CHBidirectionalDictionary.m */; };
		969123B21A7100120073C75A /* CHBinaryHeap.m in Sources */ = {isa = PBXBuildFile; fileRef = E45F4CC3111F6025008E8B5D /* CHBinaryHeap.m */; };
		969123B31A7100120073C75A /* CHCircularBuffer.m in Sources */ = {isa = PBXBuildFile; fileRef = E46D52B21104B62C007C5D9D /* CHCircularBuffer.m */; };
		969123B41A7100120073C75A /* CHCircularBufferDeque.m in Sources */ = {isa = PBXBuildFile; fileRef = E400CAC20F791A08003189D3 /* CHCircularBufferDeque.m */; };
		969123B51A7100120073C75A /* CHCircularBufferQueue.m in Sources */ = {isa = PBXBuildFile; fileRef = E400CAAB0F7919B7003189D3 /* CHCircularBufferQueue.m */; };
		969123B61A7100120073C75A /* CHCircularBufferStack.m in Sources */ = {isa = PBXBuildFile; fileRef = E4D9413F0F93C147001BAE05 /* CHCircularBufferStack.m */; };
		969123B71A7100120073C75A /* CHDoublyLinkedList.m in Sources */ = {isa = PBXBuildFile; fileRef = E4ADBB1F0E88174200B570BC /* CHDoublyLinkedList.m */; };
		969123B81A7100120073C75A /* CHListDeque.m in Sources */ = {isa = PBXBuildFile; fileRef = E40D184B0E945580007F39D8 /* CHListDeque.m */; };
		969123B91A7100120073C75A /* CHListQueue.m in Sources */ = {isa = PBXBuildFile; fileRef = E4ADBB140E88174200B570BC /* CHListQueue.m */; };
		969123BA1A7100120073C75A /* CHListStack.m in Sources */ = {isa = PBXBuildFile; fileRef = E4ADBB160E88174200B570BC /* CHListStack.m */; };
		969123BB1A7100120073C75A /* CHMultiDictionary.m in Sources */ = {isa = PBXBuildFile; fileRef = E48BF9720EE7A2010004D5E6 /* CHMultiDictionary.m */; };
		969123BC1A7100120073C75A /* CHMutableArrayHeap.m in Sources */ = {isa = PBXBuildFile; fileRef = E4ADBB070E88174200B570BC /* CHMutableArrayHeap.m */; };
		969123BD1A7100120073C75A /* CHMutableDictionary.m in Sources */ = {isa = PBXBuildFile; fileRef = E4558D900FE758C300CC5860 /* CHMutableDictionary.m */; };
		969123BE1A7100120073C75A /* CHMutableSet.m in Sources */ = {isa = PBXBuildFile; fileRef = E40C4D01108D7A6A00A63A23 /* CHMutableSet.m */; };
		969123BF1A7100120073C75A /* CHOrderedDictionary.m in Sources */ = {isa = PBXBuildFile; fileRef = E4558DAF0FE7598700CC5860 /* CHOrderedDictionary.m */; };
		969123C01A7100120073C75A /* CHOrderedSet.m in Sources */ = {isa = PBXBuildFile; fileRef = E49BE2820FB21058002904AB /* CHOrderedSet.m */; };
		969123C11A7100120073C75A /* CHRedBlackTree.m in Sources */ = {isa = PBXBuildFile; fileRef = E4ADBB1C0E88174200B570BC /* CHRedBlackTree.m */; };
		969123C21A7100120073C75A /* CHSinglyLinkedList.m in Sources */ = {isa = PBXBuildFile; fileRef = E41180260E91E7E700E66053 /* CHSinglyLinkedList.m */; };
		969123C31A7100120073C75A /* CHSortedDictionary.m in Sources */ = {isa = PBXBuildFile; fileRef = E4558DB50FE7599500CC5860 /* CHSortedDictionary.m */; };
		969123C41A7100120073C75A /* CHTreap.m in Sources */ = {isa = PBXBuildFile; fileRef = E41035270EC409B900C2CFB9 /* CHTreap.m */; };
		969123C51A7100120073C75A /* CHUnbalancedTree.m in Sources */ = {isa = PBXBuildFile; fileRef = E4ADBB230E88174200B570BC /* CHUnbalancedTree.m */; };
		969123C61A7100470073C75A /* CHDataStructures.h in Headers */ = {isa = PBXBuildFile; fileRef = E442DFA70E8F1BDF00BD62F6 /* CHDataStructures.h */; settings = {ATTRIBUTES = (Public, ); }; };
		969123C71A7100470073C75A /* CHUtil.h in Headers */ = {isa = PBXBuildFile; fileRef = E44773A10E913C89000889F7 /* CHUtil.h */; settings = {ATTRIBUTES = (Public, ); }; };
		969123C81A7100470073C75A /* CHDeque.h in Headers */ = {isa = PBXBuildFile; fileRef = E42DBAF10E8C3200000E1FBD /* CHDeque.h */; settings = {ATTRIBUTES = (Public, ); }; };
		969123C91A7100470073C75A /* CHHeap.h in Headers */ = {isa = PBXBuildFile; fileRef = E4ADBB120E88174200B570BC /* CHHeap.h */; settings = {ATTRIBUTES = (Public, ); }; };
		969123CA1A7100470073C75A /* CHLinkedList.h in Headers */ = {isa = PBXBuildFile; fileRef = E4ADBB170E88174200B570BC /* CHLinkedList.h */; settings = {ATTRIBUTES = (Public, ); }; };
		969123CB1A7100470073C75A /* CHQueue.h in Headers */ = {isa = PBXBuildFile; fileRef = E4ADBB180E88174200B570BC /* CHQueue.h */; settings = {ATTRIBUTES = (Public, ); }; };
		969123CC1A7100470073C75A /* CHSearchTree.h in Headers */ = {isa = PBXBuildFile; fileRef = E4FE77C60E8978C300971EE6 /* CHSearchTree.h */; settings = {ATTRIBUTES = (Public, ); }; };
		969123CD1A7100470073C75A /* CHSortedSet.h in Headers */ = {isa = PBXBuildFile; fileRef = E4128A950FB27E4F00CC187D /* CHSortedSet.h */; settings = {ATTRIBUTES = (Public, ); }; };
		969123CE1A7100470073C75A /* CHStack.h in Headers */ = {isa = PBXBuildFile; fileRef = E4ADBB1D0E88174200B570BC /* CHStack.h */; settings = {ATTRIBUTES = (Public, ); }; };
		969123CF1A7100470073C75A /* CHAbstractBinarySearchTree.h in Headers */ = {isa = PBXBuildFile; fileRef = E4FE77C90E8978DD00971EE6 /* CHAbstractBinarySearchTree.h */; settings = {ATTRIBUTES = (Public, ); }; };
		969123D01A7100470073C75A /* CHAbstractBinarySearchTree_Internal.h in Headers */ = {isa = PBXBuildFile; fileRef = E41D293D0F6CC44900AF80C4 /* CHAbstractBinarySearchTree_Internal.h */; };
		969123D11A7100470073C75A /* CHAbstractListCollection.h in Headers */ = {isa = PBXBuildFile; fileRef = E48860B80EA66072000F132A /* CHAbstractListCollection.h */; settings = {ATTRIBUTES = (Public, ); }; };
		969123D21A7100470073C75A /* CHAnderssonTree.h in Headers */ = {isa = PBXBuildFile; fileRef = E442DFB60E8F1E6D00BD62F6 /* CHAnderssonTree.h */; settings = {ATTRIBUTES = (Public, ); }; };
		969123D31A7100470073C75A /* CHAVLTree.h in Headers */ = {isa = PBXBuildFile; fileRef = E44558090EBCB70A00D9C482 /* CHAVLTree.h */; settings = {ATTRIBUTES = (Public, ); }; };
		969123D41A7100470073C75A /* CHBidirectionalDictionary.h in Headers */ = {isa = PBXBuildFile; fileRef = E4386EEE1123A69C00DC6CAC /* CHBidirectionalDictionary.h */; settings = {ATTRIBUTES = (Public, ); }; };
		969123D51A7100470073C75A /* CHBinaryHeap.h in Headers */ = {isa = PBXBuildFile; fileRef = E45F4CC2111F6025008E8B5D /* CHBinaryHeap.h */; settings = {ATTRIBUTES = (Public, ); }; };
		969123D61A7100470073C75A /* CHCircularBuffer.h in Headers */ = {isa = PBXBuildFile; fileRef = E46D52B11104B62C007C5D9D /* CHCircularBuffer.h */; settings = {ATTRIBUTES = (Public, ); }; };
		969123D71A7100470073C75A /* CHCircularBufferDeque.h in Headers */ = {isa = PBXBuildFile; fileRef = E400CAC10F791A08003189D3 /* CHCircularBufferDeque.h */; settings = {ATTRIBUTES = (Public, ); }; };
		969123D81A7100470073C75A /* CHCircularBufferQueue.h in Headers */ = {isa = PBXBuildFile; fileRef = E400CAAA0F7919B7003189D3 /* CHCircularBufferQueue.h */; settings = {ATTRIBUTES = (Public, ); }; };
		969123D91A7100470073C75A /* CHCircularBufferStack.h in Headers */ = {isa = PBXBuildFile; fileRef = E4D9413E0F93C147001BAE05 /* CHCircularBufferStack.h */; settings = {ATTRIBUTES = (Public, ); }; };
		969123DA1A7100470073C75A /* CHDoublyLinkedList.h in Headers */ = {isa = PBXBuildFile; fileRef = E4ADBB1E0E88174200B570BC /* CHDoublyLinkedList.h */; settings = {ATTRIBUTES = (Public, ); }; };
		969123DB1A7100470073C75A /* CHListDeque.h in Headers */ = {isa = PBXBuildFile; fileRef = E40D184A0E945580007F39D8 /* CHListDeque.h */; settings = {ATTRIBUTES = (Public, ); }; };
		969123DC1A7100480073C75A /* CHListQueue.h in Headers */ = {isa = PBXBuildFile; fileRef = E4ADBB130E88174200B570BC /* CHListQueue.h */; settings = {ATTRIBUTES = (Public, ); }; };
		969123DD1A7100480073C75A /* CHListStack.h in Headers */ = {isa = PBXBuildFile; fileRef = E4ADBB150E88174200B570BC /* CHListStack.h */; settings = {ATTRIBUTES = (Public, ); }; };
		969123DE1A7100480073C75A /* CHMultiDictionary.h in Headers */ = {isa = PBXBuildFile; fileRef = E48BF92E0EE79AAE0004D5E6 /* CHMultiDictionary.h */; settings = {ATTRIBUTES = (Public, ); }; };
		969123DF1A7100480073C75A /* CHMutableArrayHeap.h in Headers */ = {isa = PBXBuildFile; fileRef = E4ADBB060E88174200B570BC /* CHMutableArrayHeap.h */; settings = {ATTRIBUTES = (Public, ); }; };
		969123E01A7100480073C75A /* CHMutableDictionary.h in Headers */ = {isa = PBXBuildFile; fileRef = E4558D8F0FE758C300CC5860 /* CHMutableDictionary.h */; settings = {ATTRIBUTES = (Public, ); }; };
		969123E11A7100480073C75A /* CHMutableSet.h in Headers */ = {isa = PBXBuildFile; fileRef = E40C4D00108D7A6A00A63A23 /* CHMutableSet.h */; settings = {ATTRIBUTES = (Public, ); }; };
		969123E21A7100480073C75A /* CHOrderedDictionary.h in Headers */ = {isa = PBXBuildFile; fileRef = E4558DAE0FE7598700CC5860 /* CHOrderedDictionary.h */; settings = {ATTRIBUTES = (Public, ); }; };
		969123E31A7100480073C75A /* CHOrderedSet.h in Headers */ = {isa = PBXBuildFile; fileRef = E49BE2810FB21058002904AB /* CHOrderedSet.h */; settings = {ATTRIBUTES = (Public, ); }; };
		969123E41A7100480073C75A /* CHRedBlackTree.h in Headers */ = {isa = PBXBuildFile; fileRef = E4ADBB1B0E88174200B570BC /* CHRedBlackTree.h */; settings = {ATTRIBUTES = (Public, ); }; };
		969123E51A7100480073C75A /* CHSinglyLinkedList.h in Headers */ = {isa = PBXBuildFile; fileRef = E41180250E91E7E700E66053 /* CHSinglyLinkedList.h */; settings = {ATTRIBUTES = (Public, ); }; };
		969123E61A7100480073C75A /* CHSortedDictionary.h in Headers */ = {isa = PBXBuildFile; fileRef = E4558DB40FE7599500CC5860 /* CHSortedDictionary.h */; settings = {ATTRIBUTES = (Public, ); }; };
		969123E71A7100480073C75A /* CHTreap.h in Headers */ = {isa = PBXBuildFile; fileRef = E41035260EC409B900C2CFB9 /* CHTreap.h */; settings = {ATTRIBUTES = (Public, ); }; };
		969123E81A7100480073C75A /* CHUnbalancedTree.h in Headers */ = {isa = PBXBuildFile; fileRef = E4ADBB220E88174200B570BC /* CHUnbalancedTree.h */; settings = {ATTRIBUTES = (Public, ); }; };
		96E5B2B11A70FCB50074B77B /* CHDataStructures.framework in Frameworks */ = {isa = PBXBuildFile; fileRef = 96E5B2A61A70FCB40074B77B /* CHDataStructures.framework */; };
		96E5B2C11A70FDAE0074B77B /* CHAbstractListCollectionTest.m in Sources */ = {isa = PBXBuildFile; fileRef = E4A720C50EA78DCE00E0AC21 /* CHAbstractListCollectionTest.m */; };
		96E5B2C21A70FDAE0074B77B /* CHCircularBufferTest.m in Sources */ = {isa = PBXBuildFile; fileRef = E4D3A4C60F789FF500E21CF8 /* CHCircularBufferTest.m */; };
		96E5B2C31A70FDAE0074B77B /* CHCustomDictionariesTest.m in Sources */ = {isa = PBXBuildFile; fileRef = E4D48E960FE9510B009BA8BC /* CHCustomDictionariesTest.m */; };
		96E5B2C41A70FDAE0074B77B /* CHDequeTest.m in Sources */ = {isa = PBXBuildFile; fileRef = E4FD52CC0ECA8589006D9FF8 /* CHDequeTest.m */; };
		96E5B2C51A70FDAE0074B77B /* CHHeapTest.m in Sources */ = {isa = PBXBuildFile; fileRef = E40D18220E9452BB007F39D8 /* CHHeapTest.m */; };
		96E5B2C61A70FDAE0074B77B /* CHLinkedListTest.m in Sources */ = {isa = PBXBuildFile; fileRef = E4D499690E93CD1300434CBA /* CHLinkedListTest.m */; };
		96E5B2C71A70FDAE0074B77B /* CHCustomSetsTest.m in Sources */ = {isa = PBXBuildFile; fileRef = E49BE3DB0FB230D4002904AB /* CHCustomSetsTest.m */; };
		96E5B2C81A70FDAE0074B77B /* CHQueueTest.m in Sources */ = {isa = PBXBuildFile; fileRef = E4FD52F50ECA8A9F006D9FF8 /* CHQueueTest.m */; };
		96E5B2C91A70FDAE0074B77B /* CHSortedSetTest.m in Sources */ = {isa = PBXBuildFile; fileRef = E4290A77100CE7F100C2C968 /* CHSortedSetTest.m */; };
		96E5B2CA1A70FDAE0074B77B /* CHStackTest.m in Sources */ = {isa = PBXBuildFile; fileRef = E4FD53020ECA9212006D9FF8 /* CHStackTest.m */; };
		96E5B2CB1A70FDAE0074B77B /* CHUtilTest.m in Sources */ = {isa = PBXBuildFile; fileRef = E44EB0F10ECB83230071F93A /* CHUtilTest.m */; };
		E40C4D02108D7A6A00A63A23 /* CHMutableSet.h in Headers */ = {isa = PBXBuildFile; fileRef = E40C4D00108D7A6A00A63A23 /* CHMutableSet.h */; settings = {ATTRIBUTES = (Public, ); }; };
		E40C4D03108D7A6A00A63A23 /* CHMutableSet.m in Sources */ = {isa = PBXBuildFile; fileRef = E40C4D01108D7A6A00A63A23 /* CHMutableSet.m */; };
		E40D184D0E945580007F39D8 /* CHListDeque.h in Headers */ = {isa = PBXBuildFile; fileRef = E40D184A0E945580007F39D8 /* CHListDeque.h */; settings = {ATTRIBUTES = (Public, ); }; };
		E40D184E0E945580007F39D8 /* CHListDeque.m in Sources */ = {isa = PBXBuildFile; fileRef = E40D184B0E945580007F39D8 /* CHListDeque.m */; };
		E41035280EC409B900C2CFB9 /* CHTreap.h in Headers */ = {isa = PBXBuildFile; fileRef = E41035260EC409B900C2CFB9 /* CHTreap.h */; settings = {ATTRIBUTES = (Public, ); }; };
		E41035290EC409B900C2CFB9 /* CHTreap.m in Sources */ = {isa = PBXBuildFile; fileRef = E41035270EC409B900C2CFB9 /* CHTreap.m */; };
		E41180270E91E7E700E66053 /* CHSinglyLinkedList.h in Headers */ = {isa = PBXBuildFile; fileRef = E41180250E91E7E700E66053 /* CHSinglyLinkedList.h */; settings = {ATTRIBUTES = (Public, ); }; };
		E41180280E91E7E700E66053 /* CHSinglyLinkedList.m in Sources */ = {isa = PBXBuildFile; fileRef = E41180260E91E7E700E66053 /* CHSinglyLinkedList.m */; };
		E4128A970FB27E4F00CC187D /* CHSortedSet.h in Headers */ = {isa = PBXBuildFile; fileRef = E4128A950FB27E4F00CC187D /* CHSortedSet.h */; settings = {ATTRIBUTES = (Public, ); }; };
		E41D293E0F6CC44900AF80C4 /* CHAbstractBinarySearchTree_Internal.h in Headers */ = {isa = PBXBuildFile; fileRef = E41D293D0F6CC44900AF80C4 /* CHAbstractBinarySearchTree_Internal.h */; };
		E4290A78100CE7F100C2C968 /* CHSortedSetTest.m in Sources */ = {isa = PBXBuildFile; fileRef = E4290A77100CE7F100C2C968 /* CHSortedSetTest.m */; };
		E42DBAF20E8C3200000E1FBD /* CHDeque.h in Headers */ = {isa = PBXBuildFile; fileRef = E42DBAF10E8C3200000E1FBD /* CHDeque.h */; settings = {ATTRIBUTES = (Public, ); }; };
		E4373E09111D337F00953B7D /* CHCircularBufferStack.m in Sources */ = {isa = PBXBuildFile; fileRef = E4D9413F0F93C147001BAE05 /* CHCircularBufferStack.m */; };
		E4373E0A111D337F00953B7D /* CHCircularBufferStack.h in Headers */ = {isa = PBXBuildFile; fileRef = E4D9413E0F93C147001BAE05 /* CHCircularBufferStack.h */; settings = {ATTRIBUTES = (Public, ); }; };
		E4373E0B111D338000953B7D /* CHCircularBufferQueue.m in Sources */ = {isa = PBXBuildFile; fileRef = E400CAAB0F7919B7003189D3 /* CHCircularBufferQueue.m */; };
		E4373E0C111D338100953B7D /* CHCircularBufferQueue.h in Headers */ = {isa = PBXBuildFile; fileRef = E400CAAA0F7919B7003189D3 /* CHCircularBufferQueue.h */; settings = {ATTRIBUTES = (Public, ); }; };
		E4373E0D111D338100953B7D /* CHCircularBufferDeque.m in Sources */ = {isa = PBXBuildFile; fileRef = E400CAC20F791A08003189D3 /* CHCircularBufferDeque.m */; };
		E4373E0E111D338200953B7D /* CHCircularBufferDeque.h in Headers */ = {isa = PBXBuildFile; fileRef = E400CAC10F791A08003189D3 /* CHCircularBufferDeque.h */; settings = {ATTRIBUTES = (Public, ); }; };
		E4386EF01123A69C00DC6CAC /* CHBidirectionalDictionary.h in Headers */ = {isa = PBXBuildFile; fileRef = E4386EEE1123A69C00DC6CAC /* CHBidirectionalDictionary.h */; settings = {ATTRIBUTES = (Public, ); }; };
		E4386EF11123A69C00DC6CAC /* CHBidirectionalDictionary.m in Sources */ = {isa = PBXBuildFile; fileRef = E4386EEF1123A69C00DC6CAC /* CHBidirectionalDictionary.m */; };
		E442DFA80E8F1BDF00BD62F6 /* CHDataStructures.h in Headers */ = {isa = PBXBuildFile; fileRef = E442DFA70E8F1BDF00BD62F6 /* CHDataStructures.h */; settings = {ATTRIBUTES = (Public, ); }; };
		E442DFB80E8F1E6D00BD62F6 /* CHAnderssonTree.h in Headers */ = {isa = PBXBuildFile; fileRef = E442DFB60E8F1E6D00BD62F6 /* CHAnderssonTree.h */; settings = {ATTRIBUTES = (Public, ); }; };
		E442DFB90E8F1E6D00BD62F6 /* CHAnderssonTree.m in Sources */ = {isa = PBXBuildFile; fileRef = E442DFB70E8F1E6D00BD62F6 /* CHAnderssonTree.m */; };
		E445580B0EBCB70A00D9C482 /* CHAVLTree.h in Headers */ = {isa = PBXBuildFile; fileRef = E44558090EBCB70A00D9C482 /* CHAVLTree.h */; settings = {ATTRIBUTES = (Public, ); }; };
		E445580C0EBCB70A00D9C482 /* CHAVLTree.m in Sources */ = {isa = PBXBuildFile; fileRef = E445580A0EBCB70A00D9C482 /* CHAVLTree.m */; };
		E44773A20E913C89000889F7 /* CHUtil.h in Headers */ = {isa = PBXBuildFile; fileRef = E44773A10E913C89000889F7 /* CHUtil.h */; settings = {ATTRIBUTES = (Public, ); }; };
		E44B57660E95538600F9DD1A /* CHDataStructures.framework in Copy Files */ = {isa = PBXBuildFile; fileRef = 8DC2EF5B0486A6940098B216 /* CHDataStructures.framework */; };
		E44B59C70E95852400F9DD1A /* Benchmarks.m in Sources */ = {isa = PBXBuildFile; fileRef = E44B58C40E95820400F9DD1A /* Benchmarks.m */; };
		E44EB0F20ECB83230071F93A /* CHUtilTest.m in Sources */ = {isa = PBXBuildFile; fileRef = E44EB0F10ECB83230071F93A /* CHUtilTest.m */; };
		E4558D910FE758C300CC5860 /* CHMutableDictionary.h in Headers */ = {isa = PBXBuildFile; fileRef = E4558D8F0FE758C300CC5860 /* CHMutableDictionary.h */; settings = {ATTRIBUTES = (Public, ); }; };
		E4558D920FE758C300CC5860 /* CHMutableDictionary.m in Sources */ = {isa = PBXBuildFile; fileRef = E4558D900FE758C300CC5860 /* CHMutableDictionary.m */; };
		E4558DB00FE7598700CC5860 /* CHOrderedDictionary.h in Headers */ = {isa = PBXBuildFile; fileRef = E4558DAE0FE7598700CC5860 /* CHOrderedDictionary.h */; settings = {ATTRIBUTES = (Public, ); }; };
		E4558DB10FE7598700CC5860 /* CHOrderedDictionary.m in Sources */ = {isa = PBXBuildFile; fileRef = E4558DAF0FE7598700CC5860 /* CHOrderedDictionary.m */; };
		E4558DB60FE7599500CC5860 /* CHSortedDictionary.h in Headers */ = {isa = PBXBuildFile; fileRef = E4558DB40FE7599500CC5860 /* CHSortedDictionary.h */; settings = {ATTRIBUTES = (Public, ); }; };
		E4558DB70FE7599500CC5860 /* CHSortedDictionary.m in Sources */ = {isa = PBXBuildFile; fileRef = E4558DB50FE7599500CC5860 /* CHSortedDictionary.m */; };
		E45F4CC4111F6025008E8B5D /* CHBinaryHeap.h in Headers */ = {isa = PBXBuildFile; fileRef = E45F4CC2111F6025008E8B5D /* CHBinaryHeap.h */; settings = {ATTRIBUTES = (Public, ); }; };
		E45F4CC5111F6025008E8B5D /* CHBinaryHeap.m in Sources */ = {isa = PBXBuildFile; fileRef = E45F4CC3111F6025008E8B5D /* CHBinaryHeap.m */; };
		E46300B30ECBEDAF00E1AF73 /* CHLinkedListTest.m in Sources */ = {isa = PBXBuildFile; fileRef = E4D499690E93CD1300434CBA /* CHLinkedListTest.m */; };
		E46778671004633A00E7A565 /* CHDataStructuresFormatters.plist in CopyFiles */ = {isa = PBXBuildFile; fileRef = E49923740FEB7B2600923859 /* CHDataStructuresFormatters.plist */; };
		E46D52B31104B62C007C5D9D /* CHCircularBuffer.h in Headers */ = {isa = PBXBuildFile; fileRef = E46D52B11104B62C007C5D9D /* CHCircularBuffer.h */; settings = {ATTRIBUTES = (Public, ); }; };
		E46D52B41104B62C007C5D9D /* CHCircularBuffer.m in Sources */ = {isa = PBXBuildFile; fileRef = E46D52B21104B62C007C5D9D /* CHCircularBuffer.m */; };
		E4723A720EB91B7A006FE465 /* CHUtil.m in Sources */ = {isa = PBXBuildFile; fileRef = E4723A710EB91B7A006FE465 /* CHUtil.m */; };
		E48860BA0EA66072000F132A /* CHAbstractListCollection.h in Headers */ = {isa = PBXBuildFile; fileRef = E48860B80EA66072000F132A /* CHAbstractListCollection.h */; settings = {ATTRIBUTES = (Public, ); }; };
		E48860BB0EA66072000F132A /* CHAbstractListCollection.m in Sources */ = {isa = PBXBuildFile; fileRef = E48860B90EA66072000F132A /* CHAbstractListCollection.m */; };
		E48BF92F0EE79AAE0004D5E6 /* CHMultiDictionary.h in Headers */ = {isa = PBXBuildFile; fileRef = E48BF92E0EE79AAE0004D5E6 /* CHMultiDictionary.h */; settings = {ATTRIBUTES = (Public, ); }; };
		E48BF9730EE7A2010004D5E6 /* CHMultiDictionary.m in Sources */ = {isa = PBXBuildFile; fileRef = E48BF9720EE7A2010004D5E6 /* CHMultiDictionary.m */; };
		E48BFBB00EE858F40004D5E6 /* CHHeapTest.m in Sources */ = {isa = PBXBuildFile; fileRef = E40D18220E9452BB007F39D8 /* CHHeapTest.m */; };
		E49BE2830FB21058002904AB /* CHOrderedSet.h in Headers */ = {isa = PBXBuildFile; fileRef = E49BE2810FB21058002904AB /* CHOrderedSet.h */; settings = {ATTRIBUTES = (Public, ); }; };
		E49BE2840FB21058002904AB /* CHOrderedSet.m in Sources */ = {isa = PBXBuildFile; fileRef = E49BE2820FB21058002904AB /* CHOrderedSet.m */; };
		E49BE3DC0FB230D4002904AB /* CHCustomSetsTest.m in Sources */ = {isa = PBXBuildFile; fileRef = E49BE3DB0FB230D4002904AB /* CHCustomSetsTest.m */; };
		E4A720C60EA78DCE00E0AC21 /* CHAbstractListCollectionTest.m in Sources */ = {isa = PBXBuildFile; fileRef = E4A720C50EA78DCE00E0AC21 /* CHAbstractListCollectionTest.m */; };
		E4A721A50EA7AED700E0AC21 /* CHDataStructures.framework in Frameworks */ = {isa = PBXBuildFile; fileRef = 8DC2EF5B0486A6940098B216 /* CHDataStructures.framework */; };
		E4ADBA930E88155A00B570BC /* Foundation.framework in Frameworks */ = {isa = PBXBuildFile; fileRef = 0867D69BFE84028FC02AAC07 /* Foundation.framework */; settings = {ATTRIBUTES = (Required, ); }; };
		E4ADBB240E88174200B570BC /* CHMutableArrayHeap.h in Headers */ = {isa = PBXBuildFile; fileRef = E4ADBB060E88174200B570BC /* CHMutableArrayHeap.h */; settings = {ATTRIBUTES = (Public, ); }; };
		E4ADBB250E88174200B570BC /* CHMutableArrayHeap.m in Sources */ = {isa = PBXBuildFile; fileRef = E4ADBB070E88174200B570BC /* CHMutableArrayHeap.m */; };
		E4ADBB300E88174200B570BC /* CHHeap.h in Headers */ = {isa = PBXBuildFile; fileRef = E4ADBB120E88174200B570BC /* CHHeap.h */; settings = {ATTRIBUTES = (Public, ); }; };
		E4ADBB310E88174200B570BC /* CHListQueue.h in Headers */ = {isa = PBXBuildFile; fileRef = E4ADBB130E88174200B570BC /* CHListQueue.h */; settings = {ATTRIBUTES = (Public, ); }; };
		E4ADBB320E88174200B570BC /* CHListQueue.m in Sources */ = {isa = PBXBuildFile; fileRef = E4ADBB140E88174200B570BC /* CHListQueue.m */; };
		E4ADBB330E88174200B570BC /* CHListStack.h in Headers */ = {isa = PBXBuildFile; fileRef = E4ADBB150E88174200B570BC /* CHListStack.h */; settings = {ATTRIBUTES = (Public, ); }; };
		E4ADBB340E88174200B570BC /* CHListStack.m in Sources */ = {isa = PBXBuildFile; fileRef = E4ADBB160E88174200B570BC /* CHListStack.m */; };
		E4ADBB350E88174200B570BC /* CHLinkedList.h in Headers */ = {isa = PBXBuildFile; fileRef = E4ADBB170E88174200B570BC /* CHLinkedList.h */; settings = {ATTRIBUTES = (Public, ); }; };
		E4ADBB360E88174200B570BC /* CHQueue.h in Headers */ = {isa = PBXBuildFile; fileRef = E4ADBB180E88174200B570BC /* CHQueue.h */; settings = {ATTRIBUTES = (Public, ); }; };
		E4ADBB390E88174200B570BC /* CHRedBlackTree.h in Headers */ = {isa = PBXBuildFile; fileRef = E4ADBB1B0E88174200B570BC /* CHRedBlackTree.h */; settings = {ATTRIBUTES = (Public, ); }; };
		E4ADBB3A0E88174200B570BC /* CHRedBlackTree.m in Sources */ = {isa = PBXBuildFile; fileRef = E4ADBB1C0E88174200B570BC /* CHRedBlackTree.m */; };
		E4ADBB3B0E88174200B570BC /* CHStack.h in Headers */ = {isa = PBXBuildFile; fileRef = E4ADBB1D0E88174200B570BC /* CHStack.h */; settings = {ATTRIBUTES = (Public, ); }; };
		E4ADBB3C0E88174200B570BC /* CHDoublyLinkedList.h in Headers */ = {isa = PBXBuildFile; fileRef = E4ADBB1E0E88174200B570BC /* CHDoublyLinkedList.h */; settings = {ATTRIBUTES = (Public, ); }; };
		E4ADBB3D0E88174200B570BC /* CHDoublyLinkedList.m in Sources */ = {isa = PBXBuildFile; fileRef = E4ADBB1F0E88174200B570BC /* CHDoublyLinkedList.m */; };
		E4ADBB400E88174200B570BC /* CHUnbalancedTree.h in Headers */ = {isa = PBXBuildFile; fileRef = E4ADBB220E88174200B570BC /* CHUnbalancedTree.h */; settings = {ATTRIBUTES = (Public, ); }; };
		E4ADBB410E88174200B570BC /* CHUnbalancedTree.m in Sources */ = {isa = PBXBuildFile; fileRef = E4ADBB230E88174200B570BC /* CHUnbalancedTree.m */; };
		E4ADBC9A0E88412C00B570BC /* CHAbstractBinarySearchTree.m in Sources */ = {isa = PBXBuildFile; fileRef = E4ADBC990E88412C00B570BC /* CHAbstractBinarySearchTree.m */; };
		E4D3A4C70F789FF500E21CF8 /* CHCircularBufferTest.m in Sources */ = {isa = PBXBuildFile; fileRef = E4D3A4C60F789FF500E21CF8 /* CHCircularBufferTest.m */; };
		E4D48E970FE9510B009BA8BC /* CHCustomDictionariesTest.m in Sources */ = {isa = PBXBuildFile; fileRef = E4D48E960FE9510B009BA8BC /* CHCustomDictionariesTest.m */; };
		E4DCD17A0EA7B0DF006383FC /* CHDataStructures.framework in Frameworks */ = {isa = PBXBuildFile; fileRef = 8DC2EF5B0486A6940098B216 /* CHDataStructures.framework */; };
		E4FD52CD0ECA8589006D9FF8 /* CHDequeTest.m in Sources */ = {isa = PBXBuildFile; fileRef = E4FD52CC0ECA8589006D9FF8 /* CHDequeTest.m */; };
		E4FD52F60ECA8A9F006D9FF8 /* CHQueueTest.m in Sources */ = {isa = PBXBuildFile; fileRef = E4FD52F50ECA8A9F006D9FF8 /* CHQueueTest.m */; };
		E4FD53030ECA9212006D9FF8 /* CHStackTest.m in Sources */ = {isa = PBXBuildFile; fileRef = E4FD53020ECA9212006D9FF8 /* CHStackTest.m */; };
		E4FE77C70E8978C300971EE6 /* CHSearchTree.h in Headers */ = {isa = PBXBuildFile; fileRef = E4FE77C60E8978C300971EE6 /* CHSearchTree.h */; settings = {ATTRIBUTES = (Public, ); }; };
		E4FE77CA0E8978DD00971EE6 /* CHAbstractBinarySearchTree.h in Headers */ = {isa = PBXBuildFile; fileRef = E4FE77C90E8978DD00971EE6 /* CHAbstractBinarySearchTree.h */; settings = {ATTRIBUTES = (Public, ); }; };
/* End PBXBuildFile section */

/* Begin PBXContainerItemProxy section */
		963818E81A7105EB0067CF59 /* PBXContainerItemProxy */ = {
			isa = PBXContainerItemProxy;
			containerPortal = 0867D690FE84028FC02AAC07 /* Project object */;
			proxyType = 1;
			remoteGlobalIDString = 96E5B2A51A70FCB40074B77B;
			remoteInfo = iOS;
		};
		963818EA1A7105EB0067CF59 /* PBXContainerItemProxy */ = {
			isa = PBXContainerItemProxy;
			containerPortal = 0867D690FE84028FC02AAC07 /* Project object */;
			proxyType = 1;
			remoteGlobalIDString = 96E5B2AF1A70FCB50074B77B;
			remoteInfo = iOSTests;
		};
		96E5B2B21A70FCB50074B77B /* PBXContainerItemProxy */ = {
			isa = PBXContainerItemProxy;
			containerPortal = 0867D690FE84028FC02AAC07 /* Project object */;
			proxyType = 1;
			remoteGlobalIDString = 96E5B2A51A70FCB40074B77B;
			remoteInfo = iOS;
		};
		E428B52E0EA537D9007CB324 /* PBXContainerItemProxy */ = {
			isa = PBXContainerItemProxy;
			containerPortal = 0867D690FE84028FC02AAC07 /* Project object */;
			proxyType = 1;
			remoteGlobalIDString = 8DC2EF4F0486A6940098B216;
			remoteInfo = CHDataStructures;
		};
		E43C876B0EA3D35C00B3B31E /* PBXContainerItemProxy */ = {
			isa = PBXContainerItemProxy;
			containerPortal = 0867D690FE84028FC02AAC07 /* Project object */;
			proxyType = 1;
			remoteGlobalIDString = 8DC2EF4F0486A6940098B216;
			remoteInfo = CHDataStructures;
		};
		E43C87A40EA3E19500B3B31E /* PBXContainerItemProxy */ = {
			isa = PBXContainerItemProxy;
			containerPortal = 0867D690FE84028FC02AAC07 /* Project object */;
			proxyType = 1;
			remoteGlobalIDString = E43C87680EA3D35500B3B31E;
			remoteInfo = "Disk Image";
		};
		E4A721A90EA7AEFB00E0AC21 /* PBXContainerItemProxy */ = {
			isa = PBXContainerItemProxy;
			containerPortal = 0867D690FE84028FC02AAC07 /* Project object */;
			proxyType = 1;
			remoteGlobalIDString = 8DC2EF4F0486A6940098B216;
			remoteInfo = Framework;
		};
		E4FAE15E0E968F20007BB1F9 /* PBXContainerItemProxy */ = {
			isa = PBXContainerItemProxy;
			containerPortal = 0867D690FE84028FC02AAC07 /* Project object */;
			proxyType = 1;
			remoteGlobalIDString = 8DC2EF4F0486A6940098B216;
			remoteInfo = CHDataStructures;
		};
		E4FAE1600E968F20007BB1F9 /* PBXContainerItemProxy */ = {
			isa = PBXContainerItemProxy;
			containerPortal = 0867D690FE84028FC02AAC07 /* Project object */;
			proxyType = 1;
			remoteGlobalIDString = E473CB540E9346CB005CA997;
			remoteInfo = "Unit Testing";
		};
		E4FAE1620E968F20007BB1F9 /* PBXContainerItemProxy */ = {
			isa = PBXContainerItemProxy;
			containerPortal = 0867D690FE84028FC02AAC07 /* Project object */;
			proxyType = 1;
			remoteGlobalIDString = E4FE76D80E89556A00971EE6;
			remoteInfo = Documentation;
		};
		E4FAE1640E968F20007BB1F9 /* PBXContainerItemProxy */ = {
			isa = PBXContainerItemProxy;
			containerPortal = 0867D690FE84028FC02AAC07 /* Project object */;
			proxyType = 1;
			remoteGlobalIDString = E44B59B30E95850F00F9DD1A;
			remoteInfo = Benchmarks;
		};
/* End PBXContainerItemProxy section */

/* Begin PBXCopyFilesBuildPhase section */
		E44B57800E9553A700F9DD1A /* Copy Files */ = {
			isa = PBXCopyFilesBuildPhase;
			buildActionMask = 8;
			dstPath = "";
			dstSubfolderSpec = 10;
			files = (
				E44B57660E95538600F9DD1A /* CHDataStructures.framework in Copy Files */,
			);
			name = "Copy Files";
			runOnlyForDeploymentPostprocessing = 1;
		};
		E4677860100462F600E7A565 /* CopyFiles */ = {
			isa = PBXCopyFilesBuildPhase;
			buildActionMask = 8;
			dstPath = "";
			dstSubfolderSpec = 16;
			files = (
				E46778671004633A00E7A565 /* CHDataStructuresFormatters.plist in CopyFiles */,
			);
			runOnlyForDeploymentPostprocessing = 1;
		};
/* End PBXCopyFilesBuildPhase section */

/* Begin PBXFileReference section */
		0867D69BFE84028FC02AAC07 /* Foundation.framework */ = {isa = PBXFileReference; lastKnownFileType = wrapper.framework; name = Foundation.framework; path = /System/Library/Frameworks/Foundation.framework; sourceTree = "<absolute>"; };
		8DC2EF5B0486A6940098B216 /* CHDataStructures.framework */ = {isa = PBXFileReference; explicitFileType = wrapper.framework; includeInIndex = 0; path = CHDataStructures.framework; sourceTree = BUILT_PRODUCTS_DIR; };
		96A45EE62154A19900C50ABB /* LICENSE */ = {isa = PBXFileReference; lastKnownFileType = text; path = LICENSE; sourceTree = "<group>"; };
		96E14B792592632C006519C9 /* Common.xcconfig */ = {isa = PBXFileReference; lastKnownFileType = text.xcconfig; path = Common.xcconfig; sourceTree = "<group>"; };
		96E14B7A2592634D006519C9 /* Debug.xcconfig */ = {isa = PBXFileReference; lastKnownFileType = text.xcconfig; path = Debug.xcconfig; sourceTree = "<group>"; };
		96E14B7B25926360006519C9 /* Release.xcconfig */ = {isa = PBXFileReference; lastKnownFileType = text.xcconfig; path = Release.xcconfig; sourceTree = "<group>"; };
		96E5B2A61A70FCB40074B77B /* CHDataStructures.framework */ = {isa = PBXFileReference; explicitFileType = wrapper.framework; includeInIndex = 0; path = CHDataStructures.framework; sourceTree = BUILT_PRODUCTS_DIR; };
		96E5B2B01A70FCB50074B77B /* CHDataStructures.xctest */ = {isa = PBXFileReference; explicitFileType = wrapper.cfbundle; includeInIndex = 0; path = CHDataStructures.xctest; sourceTree = BUILT_PRODUCTS_DIR; };
		E400CAAA0F7919B7003189D3 /* CHCircularBufferQueue.h */ = {isa = PBXFileReference; fileEncoding = 4; lastKnownFileType = sourcecode.c.h; name = CHCircularBufferQueue.h; path = source/CHCircularBufferQueue.h; sourceTree = "<group>"; };
		E400CAAB0F7919B7003189D3 /* CHCircularBufferQueue.m */ = {isa = PBXFileReference; fileEncoding = 4; lastKnownFileType = sourcecode.c.objc; name = CHCircularBufferQueue.m; path = source/CHCircularBufferQueue.m; sourceTree = "<group>"; };
		E400CAC10F791A08003189D3 /* CHCircularBufferDeque.h */ = {isa = PBXFileReference; fileEncoding = 4; lastKnownFileType = sourcecode.c.h; name = CHCircularBufferDeque.h; path = source/CHCircularBufferDeque.h; sourceTree = "<group>"; };
		E400CAC20F791A08003189D3 /* CHCircularBufferDeque.m */ = {isa = PBXFileReference; fileEncoding = 4; lastKnownFileType = sourcecode.c.objc; name = CHCircularBufferDeque.m; path = source/CHCircularBufferDeque.m; sourceTree = "<group>"; };
		E40C4D00108D7A6A00A63A23 /* CHMutableSet.h */ = {isa = PBXFileReference; fileEncoding = 4; lastKnownFileType = sourcecode.c.h; name = CHMutableSet.h; path = source/CHMutableSet.h; sourceTree = "<group>"; };
		E40C4D01108D7A6A00A63A23 /* CHMutableSet.m */ = {isa = PBXFileReference; fileEncoding = 4; lastKnownFileType = sourcecode.c.objc; name = CHMutableSet.m; path = source/CHMutableSet.m; sourceTree = "<group>"; };
		E40D18220E9452BB007F39D8 /* CHHeapTest.m */ = {isa = PBXFileReference; fileEncoding = 4; lastKnownFileType = sourcecode.c.objc; name = CHHeapTest.m; path = test/CHHeapTest.m; sourceTree = "<group>"; };
		E40D184A0E945580007F39D8 /* CHListDeque.h */ = {isa = PBXFileReference; fileEncoding = 4; lastKnownFileType = sourcecode.c.h; name = CHListDeque.h; path = source/CHListDeque.h; sourceTree = "<group>"; };
		E40D184B0E945580007F39D8 /* CHListDeque.m */ = {isa = PBXFileReference; fileEncoding = 4; lastKnownFileType = sourcecode.c.objc; name = CHListDeque.m; path = source/CHListDeque.m; sourceTree = "<group>"; };
		E41035260EC409B900C2CFB9 /* CHTreap.h */ = {isa = PBXFileReference; fileEncoding = 4; lastKnownFileType = sourcecode.c.h; name = CHTreap.h; path = source/CHTreap.h; sourceTree = "<group>"; };
		E41035270EC409B900C2CFB9 /* CHTreap.m */ = {isa = PBXFileReference; fileEncoding = 4; lastKnownFileType = sourcecode.c.objc; name = CHTreap.m; path = source/CHTreap.m; sourceTree = "<group>"; };
		E41180250E91E7E700E66053 /* CHSinglyLinkedList.h */ = {isa = PBXFileReference; fileEncoding = 4; lastKnownFileType = sourcecode.c.h; name = CHSinglyLinkedList.h; path = source/CHSinglyLinkedList.h; sourceTree = "<group>"; };
		E41180260E91E7E700E66053 /* CHSinglyLinkedList.m */ = {isa = PBXFileReference; fileEncoding = 4; lastKnownFileType = sourcecode.c.objc; name = CHSinglyLinkedList.m; path = source/CHSinglyLinkedList.m; sourceTree = "<group>"; };
		E4128A950FB27E4F00CC187D /* CHSortedSet.h */ = {isa = PBXFileReference; fileEncoding = 4; lastKnownFileType = sourcecode.c.h; name = CHSortedSet.h; path = source/CHSortedSet.h; sourceTree = "<group>"; };
		E41D293D0F6CC44900AF80C4 /* CHAbstractBinarySearchTree_Internal.h */ = {isa = PBXFileReference; fileEncoding = 4; lastKnownFileType = sourcecode.c.h; name = CHAbstractBinarySearchTree_Internal.h; path = source/CHAbstractBinarySearchTree_Internal.h; sourceTree = "<group>"; };
		E4290A77100CE7F100C2C968 /* CHSortedSetTest.m */ = {isa = PBXFileReference; fileEncoding = 4; lastKnownFileType = sourcecode.c.objc; name = CHSortedSetTest.m; path = test/CHSortedSetTest.m; sourceTree = "<group>"; };
		E42DBAF10E8C3200000E1FBD /* CHDeque.h */ = {isa = PBXFileReference; fileEncoding = 4; lastKnownFileType = sourcecode.c.h; name = CHDeque.h; path = source/CHDeque.h; sourceTree = "<group>"; };
		E4386EEE1123A69C00DC6CAC /* CHBidirectionalDictionary.h */ = {isa = PBXFileReference; fileEncoding = 4; lastKnownFileType = sourcecode.c.h; name = CHBidirectionalDictionary.h; path = source/CHBidirectionalDictionary.h; sourceTree = "<group>"; };
		E4386EEF1123A69C00DC6CAC /* CHBidirectionalDictionary.m */ = {isa = PBXFileReference; fileEncoding = 4; lastKnownFileType = sourcecode.c.objc; name = CHBidirectionalDictionary.m; path = source/CHBidirectionalDictionary.m; sourceTree = "<group>"; };
		E442DFA70E8F1BDF00BD62F6 /* CHDataStructures.h */ = {isa = PBXFileReference; fileEncoding = 4; lastKnownFileType = sourcecode.c.h; name = CHDataStructures.h; path = source/CHDataStructures.h; sourceTree = "<group>"; };
		E442DFB60E8F1E6D00BD62F6 /* CHAnderssonTree.h */ = {isa = PBXFileReference; fileEncoding = 4; lastKnownFileType = sourcecode.c.h; name = CHAnderssonTree.h; path = source/CHAnderssonTree.h; sourceTree = "<group>"; };
		E442DFB70E8F1E6D00BD62F6 /* CHAnderssonTree.m */ = {isa = PBXFileReference; fileEncoding = 4; lastKnownFileType = sourcecode.c.objc; name = CHAnderssonTree.m; path = source/CHAnderssonTree.m; sourceTree = "<group>"; };
		E44558090EBCB70A00D9C482 /* CHAVLTree.h */ = {isa = PBXFileReference; fileEncoding = 4; lastKnownFileType = sourcecode.c.h; name = CHAVLTree.h; path = source/CHAVLTree.h; sourceTree = "<group>"; };
		E445580A0EBCB70A00D9C482 /* CHAVLTree.m */ = {isa = PBXFileReference; fileEncoding = 4; lastKnownFileType = sourcecode.c.objc; name = CHAVLTree.m; path = source/CHAVLTree.m; sourceTree = "<group>"; };
		E44773A10E913C89000889F7 /* CHUtil.h */ = {isa = PBXFileReference; fileEncoding = 4; lastKnownFileType = sourcecode.c.h; name = CHUtil.h; path = source/CHUtil.h; sourceTree = "<group>"; };
		E44B58C40E95820400F9DD1A /* Benchmarks.m */ = {isa = PBXFileReference; fileEncoding = 4; lastKnownFileType = sourcecode.c.objc; name = Benchmarks.m; path = test/Benchmarks.m; sourceTree = "<group>"; };
		E44B59B40E95850F00F9DD1A /* Benchmarks */ = {isa = PBXFileReference; explicitFileType = "compiled.mach-o.executable"; includeInIndex = 0; path = Benchmarks; sourceTree = BUILT_PRODUCTS_DIR; };
		E44EB0F10ECB83230071F93A /* CHUtilTest.m */ = {isa = PBXFileReference; fileEncoding = 4; lastKnownFileType = sourcecode.c.objc; name = CHUtilTest.m; path = test/CHUtilTest.m; sourceTree = "<group>"; };
		E4558D8F0FE758C300CC5860 /* CHMutableDictionary.h */ = {isa = PBXFileReference; fileEncoding = 4; lastKnownFileType = sourcecode.c.h; name = CHMutableDictionary.h; path = source/CHMutableDictionary.h; sourceTree = "<group>"; };
		E4558D900FE758C300CC5860 /* CHMutableDictionary.m */ = {isa = PBXFileReference; fileEncoding = 4; lastKnownFileType = sourcecode.c.objc; name = CHMutableDictionary.m; path = source/CHMutableDictionary.m; sourceTree = "<group>"; };
		E4558DAE0FE7598700CC5860 /* CHOrderedDictionary.h */ = {isa = PBXFileReference; fileEncoding = 4; lastKnownFileType = sourcecode.c.h; name = CHOrderedDictionary.h; path = source/CHOrderedDictionary.h; sourceTree = "<group>"; };
		E4558DAF0FE7598700CC5860 /* CHOrderedDictionary.m */ = {isa = PBXFileReference; fileEncoding = 4; lastKnownFileType = sourcecode.c.objc; name = CHOrderedDictionary.m; path = source/CHOrderedDictionary.m; sourceTree = "<group>"; };
		E4558DB40FE7599500CC5860 /* CHSortedDictionary.h */ = {isa = PBXFileReference; fileEncoding = 4; lastKnownFileType = sourcecode.c.h; name = CHSortedDictionary.h; path = source/CHSortedDictionary.h; sourceTree = "<group>"; };
		E4558DB50FE7599500CC5860 /* CHSortedDictionary.m */ = {isa = PBXFileReference; fileEncoding = 4; lastKnownFileType = sourcecode.c.objc; name = CHSortedDictionary.m; path = source/CHSortedDictionary.m; sourceTree = "<group>"; };
		E45F4CC2111F6025008E8B5D /* CHBinaryHeap.h */ = {isa = PBXFileReference; fileEncoding = 4; lastKnownFileType = sourcecode.c.h; name = CHBinaryHeap.h; path = source/CHBinaryHeap.h; sourceTree = "<group>"; };
		E45F4CC3111F6025008E8B5D /* CHBinaryHeap.m */ = {isa = PBXFileReference; fileEncoding = 4; lastKnownFileType = sourcecode.c.objc; name = CHBinaryHeap.m; path = source/CHBinaryHeap.m; sourceTree = "<group>"; };
		E46D52B11104B62C007C5D9D /* CHCircularBuffer.h */ = {isa = PBXFileReference; fileEncoding = 4; lastKnownFileType = sourcecode.c.h; name = CHCircularBuffer.h; path = source/CHCircularBuffer.h; sourceTree = "<group>"; };
		E46D52B21104B62C007C5D9D /* CHCircularBuffer.m */ = {isa = PBXFileReference; fileEncoding = 4; lastKnownFileType = sourcecode.c.objc; name = CHCircularBuffer.m; path = source/CHCircularBuffer.m; sourceTree = "<group>"; };
		E4723A710EB91B7A006FE465 /* CHUtil.m */ = {isa = PBXFileReference; fileEncoding = 4; lastKnownFileType = sourcecode.c.objc; name = CHUtil.m; path = source/CHUtil.m; sourceTree = "<group>"; };
		E473C9890E9331FA005CA997 /* Info-Tests.plist */ = {isa = PBXFileReference; lastKnownFileType = text.plist.xml; name = "Info-Tests.plist"; path = "resources/Info-Tests.plist"; sourceTree = "<group>"; };
		E473CB550E9346CB005CA997 /* CHDataStructures.xctest */ = {isa = PBXFileReference; explicitFileType = wrapper.cfbundle; includeInIndex = 0; path = CHDataStructures.xctest; sourceTree = BUILT_PRODUCTS_DIR; };
		E48860B80EA66072000F132A /* CHAbstractListCollection.h */ = {isa = PBXFileReference; fileEncoding = 4; lastKnownFileType = sourcecode.c.h; name = CHAbstractListCollection.h; path = source/CHAbstractListCollection.h; sourceTree = "<group>"; };
		E48860B90EA66072000F132A /* CHAbstractListCollection.m */ = {isa = PBXFileReference; fileEncoding = 4; lastKnownFileType = sourcecode.c.objc; name = CHAbstractListCollection.m; path = source/CHAbstractListCollection.m; sourceTree = "<group>"; };
		E48BF92E0EE79AAE0004D5E6 /* CHMultiDictionary.h */ = {isa = PBXFileReference; fileEncoding = 4; lastKnownFileType = sourcecode.c.h; name = CHMultiDictionary.h; path = source/CHMultiDictionary.h; sourceTree = "<group>"; };
		E48BF9720EE7A2010004D5E6 /* CHMultiDictionary.m */ = {isa = PBXFileReference; fileEncoding = 4; lastKnownFileType = sourcecode.c.objc; name = CHMultiDictionary.m; path = source/CHMultiDictionary.m; sourceTree = "<group>"; };
		E49923740FEB7B2600923859 /* CHDataStructuresFormatters.plist */ = {isa = PBXFileReference; fileEncoding = 4; lastKnownFileType = text.plist.xml; name = CHDataStructuresFormatters.plist; path = resources/CHDataStructuresFormatters.plist; sourceTree = "<group>"; };
		E49BE2810FB21058002904AB /* CHOrderedSet.h */ = {isa = PBXFileReference; fileEncoding = 4; lastKnownFileType = sourcecode.c.h; name = CHOrderedSet.h; path = source/CHOrderedSet.h; sourceTree = "<group>"; };
		E49BE2820FB21058002904AB /* CHOrderedSet.m */ = {isa = PBXFileReference; fileEncoding = 4; lastKnownFileType = sourcecode.c.objc; name = CHOrderedSet.m; path = source/CHOrderedSet.m; sourceTree = "<group>"; };
		E49BE3DB0FB230D4002904AB /* CHCustomSetsTest.m */ = {isa = PBXFileReference; fileEncoding = 4; lastKnownFileType = sourcecode.c.objc; name = CHCustomSetsTest.m; path = test/CHCustomSetsTest.m; sourceTree = "<group>"; };
		E4A720C50EA78DCE00E0AC21 /* CHAbstractListCollectionTest.m */ = {isa = PBXFileReference; fileEncoding = 4; lastKnownFileType = sourcecode.c.objc; name = CHAbstractListCollectionTest.m; path = test/CHAbstractListCollectionTest.m; sourceTree = "<group>"; };
		E4ADBB060E88174200B570BC /* CHMutableArrayHeap.h */ = {isa = PBXFileReference; fileEncoding = 4; lastKnownFileType = sourcecode.c.h; name = CHMutableArrayHeap.h; path = source/CHMutableArrayHeap.h; sourceTree = "<group>"; };
		E4ADBB070E88174200B570BC /* CHMutableArrayHeap.m */ = {isa = PBXFileReference; fileEncoding = 4; lastKnownFileType = sourcecode.c.objc; name = CHMutableArrayHeap.m; path = source/CHMutableArrayHeap.m; sourceTree = "<group>"; };
		E4ADBB120E88174200B570BC /* CHHeap.h */ = {isa = PBXFileReference; fileEncoding = 4; lastKnownFileType = sourcecode.c.h; name = CHHeap.h; path = source/CHHeap.h; sourceTree = "<group>"; };
		E4ADBB130E88174200B570BC /* CHListQueue.h */ = {isa = PBXFileReference; fileEncoding = 4; lastKnownFileType = sourcecode.c.h; name = CHListQueue.h; path = source/CHListQueue.h; sourceTree = "<group>"; };
		E4ADBB140E88174200B570BC /* CHListQueue.m */ = {isa = PBXFileReference; fileEncoding = 4; lastKnownFileType = sourcecode.c.objc; name = CHListQueue.m; path = source/CHListQueue.m; sourceTree = "<group>"; };
		E4ADBB150E88174200B570BC /* CHListStack.h */ = {isa = PBXFileReference; fileEncoding = 4; lastKnownFileType = sourcecode.c.h; name = CHListStack.h; path = source/CHListStack.h; sourceTree = "<group>"; };
		E4ADBB160E88174200B570BC /* CHListStack.m */ = {isa = PBXFileReference; fileEncoding = 4; lastKnownFileType = sourcecode.c.objc; name = CHListStack.m; path = source/CHListStack.m; sourceTree = "<group>"; };
		E4ADBB170E88174200B570BC /* CHLinkedList.h */ = {isa = PBXFileReference; fileEncoding = 4; lastKnownFileType = sourcecode.c.h; name = CHLinkedList.h; path = source/CHLinkedList.h; sourceTree = "<group>"; };
		E4ADBB180E88174200B570BC /* CHQueue.h */ = {isa = PBXFileReference; fileEncoding = 4; lastKnownFileType = sourcecode.c.h; name = CHQueue.h; path = source/CHQueue.h; sourceTree = "<group>"; };
		E4ADBB1B0E88174200B570BC /* CHRedBlackTree.h */ = {isa = PBXFileReference; fileEncoding = 4; lastKnownFileType = sourcecode.c.h; name = CHRedBlackTree.h; path = source/CHRedBlackTree.h; sourceTree = "<group>"; };
		E4ADBB1C0E88174200B570BC /* CHRedBlackTree.m */ = {isa = PBXFileReference; fileEncoding = 4; lastKnownFileType = sourcecode.c.objc; name = CHRedBlackTree.m; path = source/CHRedBlackTree.m; sourceTree = "<group>"; };
		E4ADBB1D0E88174200B570BC /* CHStack.h */ = {isa = PBXFileReference; fileEncoding = 4; lastKnownFileType = sourcecode.c.h; name = CHStack.h; path = source/CHStack.h; sourceTree = "<group>"; };
		E4ADBB1E0E88174200B570BC /* CHDoublyLinkedList.h */ = {isa = PBXFileReference; fileEncoding = 4; lastKnownFileType = sourcecode.c.h; name = CHDoublyLinkedList.h; path = source/CHDoublyLinkedList.h; sourceTree = "<group>"; };
		E4ADBB1F0E88174200B570BC /* CHDoublyLinkedList.m */ = {isa = PBXFileReference; fileEncoding = 4; lastKnownFileType = sourcecode.c.objc; name = CHDoublyLinkedList.m; path = source/CHDoublyLinkedList.m; sourceTree = "<group>"; };
		E4ADBB220E88174200B570BC /* CHUnbalancedTree.h */ = {isa = PBXFileReference; fileEncoding = 4; lastKnownFileType = sourcecode.c.h; name = CHUnbalancedTree.h; path = source/CHUnbalancedTree.h; sourceTree = "<group>"; };
		E4ADBB230E88174200B570BC /* CHUnbalancedTree.m */ = {isa = PBXFileReference; fileEncoding = 4; lastKnownFileType = sourcecode.c.objc; name = CHUnbalancedTree.m; path = source/CHUnbalancedTree.m; sourceTree = "<group>"; };
		E4ADBB7E0E8828C500B570BC /* README.md */ = {isa = PBXFileReference; fileEncoding = 4; lastKnownFileType = net.daringfireball.markdown; path = README.md; sourceTree = "<group>"; };
		E4ADBC990E88412C00B570BC /* CHAbstractBinarySearchTree.m */ = {isa = PBXFileReference; fileEncoding = 4; lastKnownFileType = sourcecode.c.objc; name = CHAbstractBinarySearchTree.m; path = source/CHAbstractBinarySearchTree.m; sourceTree = "<group>"; };
		E4CFCDB00E8FD18300B0253A /* docs.html */ = {isa = PBXFileReference; fileEncoding = 4; lastKnownFileType = text.html; path = docs.html; sourceTree = "<group>"; };
		E4CFCDB10E8FD18300B0253A /* Doxyfile */ = {isa = PBXFileReference; fileEncoding = 4; lastKnownFileType = text; name = Doxyfile; path = doxygen/Doxyfile; sourceTree = "<group>"; };
		E4CFCDB20E8FD18300B0253A /* doxygen-cocoa-tags.xml */ = {isa = PBXFileReference; fileEncoding = 4; lastKnownFileType = text.xml; name = "doxygen-cocoa-tags.xml"; path = "doxygen/doxygen-cocoa-tags.xml"; sourceTree = "<group>"; };
		E4CFCDB30E8FD18300B0253A /* doxygen.css */ = {isa = PBXFileReference; fileEncoding = 4; lastKnownFileType = text.css; name = doxygen.css; path = doxygen/doxygen.css; sourceTree = "<group>"; };
		E4D3A4C60F789FF500E21CF8 /* CHCircularBufferTest.m */ = {isa = PBXFileReference; fileEncoding = 4; lastKnownFileType = sourcecode.c.objc; name = CHCircularBufferTest.m; path = test/CHCircularBufferTest.m; sourceTree = "<group>"; };
		E4D48E960FE9510B009BA8BC /* CHCustomDictionariesTest.m */ = {isa = PBXFileReference; fileEncoding = 4; lastKnownFileType = sourcecode.c.objc; name = CHCustomDictionariesTest.m; path = test/CHCustomDictionariesTest.m; sourceTree = "<group>"; };
		E4D499690E93CD1300434CBA /* CHLinkedListTest.m */ = {isa = PBXFileReference; fileEncoding = 4; lastKnownFileType = sourcecode.c.objc; name = CHLinkedListTest.m; path = test/CHLinkedListTest.m; sourceTree = "<group>"; };
		E4D9413E0F93C147001BAE05 /* CHCircularBufferStack.h */ = {isa = PBXFileReference; fileEncoding = 4; lastKnownFileType = sourcecode.c.h; name = CHCircularBufferStack.h; path = source/CHCircularBufferStack.h; sourceTree = "<group>"; };
		E4D9413F0F93C147001BAE05 /* CHCircularBufferStack.m */ = {isa = PBXFileReference; fileEncoding = 4; lastKnownFileType = sourcecode.c.objc; name = CHCircularBufferStack.m; path = source/CHCircularBufferStack.m; sourceTree = "<group>"; };
		E4E7C1260EC0CACE009B19D7 /* CHDataStructures_Prefix.pch */ = {isa = PBXFileReference; fileEncoding = 4; lastKnownFileType = sourcecode.c.h; name = CHDataStructures_Prefix.pch; path = source/CHDataStructures_Prefix.pch; sourceTree = "<group>"; };
		E4FD52CC0ECA8589006D9FF8 /* CHDequeTest.m */ = {isa = PBXFileReference; fileEncoding = 4; lastKnownFileType = sourcecode.c.objc; name = CHDequeTest.m; path = test/CHDequeTest.m; sourceTree = "<group>"; };
		E4FD52F50ECA8A9F006D9FF8 /* CHQueueTest.m */ = {isa = PBXFileReference; fileEncoding = 4; lastKnownFileType = sourcecode.c.objc; name = CHQueueTest.m; path = test/CHQueueTest.m; sourceTree = "<group>"; };
		E4FD53020ECA9212006D9FF8 /* CHStackTest.m */ = {isa = PBXFileReference; fileEncoding = 4; lastKnownFileType = sourcecode.c.objc; name = CHStackTest.m; path = test/CHStackTest.m; sourceTree = "<group>"; };
		E4FE17F70FA6765D00C34601 /* Info-Framework.plist */ = {isa = PBXFileReference; fileEncoding = 4; lastKnownFileType = text.plist.xml; name = "Info-Framework.plist"; path = "resources/Info-Framework.plist"; sourceTree = "<group>"; };
		E4FE77C60E8978C300971EE6 /* CHSearchTree.h */ = {isa = PBXFileReference; fileEncoding = 4; lastKnownFileType = sourcecode.c.h; name = CHSearchTree.h; path = source/CHSearchTree.h; sourceTree = "<group>"; };
		E4FE77C90E8978DD00971EE6 /* CHAbstractBinarySearchTree.h */ = {isa = PBXFileReference; fileEncoding = 4; lastKnownFileType = sourcecode.c.h; name = CHAbstractBinarySearchTree.h; path = source/CHAbstractBinarySearchTree.h; sourceTree = "<group>"; };
/* End PBXFileReference section */

/* Begin PBXFrameworksBuildPhase section */
		8DC2EF560486A6940098B216 /* Frameworks */ = {
			isa = PBXFrameworksBuildPhase;
			buildActionMask = 2147483647;
			files = (
				E4ADBA930E88155A00B570BC /* Foundation.framework in Frameworks */,
			);
			runOnlyForDeploymentPostprocessing = 0;
		};
		96E5B2A21A70FCB40074B77B /* Frameworks */ = {
			isa = PBXFrameworksBuildPhase;
			buildActionMask = 2147483647;
			files = (
			);
			runOnlyForDeploymentPostprocessing = 0;
		};
		96E5B2AD1A70FCB50074B77B /* Frameworks */ = {
			isa = PBXFrameworksBuildPhase;
			buildActionMask = 2147483647;
			files = (
				96E5B2B11A70FCB50074B77B /* CHDataStructures.framework in Frameworks */,
			);
			runOnlyForDeploymentPostprocessing = 0;
		};
		E44B59B20E95850F00F9DD1A /* Frameworks */ = {
			isa = PBXFrameworksBuildPhase;
			buildActionMask = 2147483647;
			files = (
				E4DCD17A0EA7B0DF006383FC /* CHDataStructures.framework in Frameworks */,
			);
			runOnlyForDeploymentPostprocessing = 0;
		};
		E473CB520E9346CB005CA997 /* Frameworks */ = {
			isa = PBXFrameworksBuildPhase;
			buildActionMask = 2147483647;
			files = (
				E4A721A50EA7AED700E0AC21 /* CHDataStructures.framework in Frameworks */,
			);
			runOnlyForDeploymentPostprocessing = 0;
		};
/* End PBXFrameworksBuildPhase section */

/* Begin PBXGroup section */
		034768DFFF38A50411DB9C8B /* Products */ = {
			isa = PBXGroup;
			children = (
				8DC2EF5B0486A6940098B216 /* CHDataStructures.framework */,
				E473CB550E9346CB005CA997 /* CHDataStructures.xctest */,
				E44B59B40E95850F00F9DD1A /* Benchmarks */,
				96E5B2A61A70FCB40074B77B /* CHDataStructures.framework */,
				96E5B2B01A70FCB50074B77B /* CHDataStructures.xctest */,
			);
			name = Products;
			sourceTree = "<group>";
		};
		0867D691FE84028FC02AAC07 /* CHDataStructures */ = {
			isa = PBXGroup;
			children = (
				E4ADBB7E0E8828C500B570BC /* README.md */,
				96A45EE62154A19900C50ABB /* LICENSE */,
				96E14B7825926307006519C9 /* Configs */,
				E4BD316A0FEEE79C00A084B2 /* Framework Code */,
				E473C9A70E933350005CA997 /* Unit Test Code */,
				E4CFCDAD0E8FD16400B0253A /* Documentation */,
				E4FAE0F60E967A8B007BB1F9 /* Benchmarks */,
				089C1665FE841158C02AAC07 /* Resources */,
				0867D69AFE84028FC02AAC07 /* Linked Frameworks */,
				034768DFFF38A50411DB9C8B /* Products */,
			);
			name = CHDataStructures;
			sourceTree = "<group>";
			usesTabs = 1;
		};
		0867D69AFE84028FC02AAC07 /* Linked Frameworks */ = {
			isa = PBXGroup;
			children = (
				0867D69BFE84028FC02AAC07 /* Foundation.framework */,
			);
			name = "Linked Frameworks";
			sourceTree = "<group>";
		};
		089C1665FE841158C02AAC07 /* Resources */ = {
			isa = PBXGroup;
			children = (
				E49923740FEB7B2600923859 /* CHDataStructuresFormatters.plist */,
				E4FE17F70FA6765D00C34601 /* Info-Framework.plist */,
				E473C9890E9331FA005CA997 /* Info-Tests.plist */,
			);
			name = Resources;
			sourceTree = "<group>";
		};
		08FB77AEFE84172EC02AAC07 /* Classes */ = {
			isa = PBXGroup;
			children = (
				E4FE77C90E8978DD00971EE6 /* CHAbstractBinarySearchTree.h */,
				E41D293D0F6CC44900AF80C4 /* CHAbstractBinarySearchTree_Internal.h */,
				E4ADBC990E88412C00B570BC /* CHAbstractBinarySearchTree.m */,
				E48860B80EA66072000F132A /* CHAbstractListCollection.h */,
				E48860B90EA66072000F132A /* CHAbstractListCollection.m */,
				E442DFB60E8F1E6D00BD62F6 /* CHAnderssonTree.h */,
				E442DFB70E8F1E6D00BD62F6 /* CHAnderssonTree.m */,
				E44558090EBCB70A00D9C482 /* CHAVLTree.h */,
				E445580A0EBCB70A00D9C482 /* CHAVLTree.m */,
				E4386EEE1123A69C00DC6CAC /* CHBidirectionalDictionary.h */,
				E4386EEF1123A69C00DC6CAC /* CHBidirectionalDictionary.m */,
				E45F4CC2111F6025008E8B5D /* CHBinaryHeap.h */,
				E45F4CC3111F6025008E8B5D /* CHBinaryHeap.m */,
				E46D52B11104B62C007C5D9D /* CHCircularBuffer.h */,
				E46D52B21104B62C007C5D9D /* CHCircularBuffer.m */,
				E400CAC10F791A08003189D3 /* CHCircularBufferDeque.h */,
				E400CAC20F791A08003189D3 /* CHCircularBufferDeque.m */,
				E400CAAA0F7919B7003189D3 /* CHCircularBufferQueue.h */,
				E400CAAB0F7919B7003189D3 /* CHCircularBufferQueue.m */,
				E4D9413E0F93C147001BAE05 /* CHCircularBufferStack.h */,
				E4D9413F0F93C147001BAE05 /* CHCircularBufferStack.m */,
				E4ADBB1E0E88174200B570BC /* CHDoublyLinkedList.h */,
				E4ADBB1F0E88174200B570BC /* CHDoublyLinkedList.m */,
				E40D184A0E945580007F39D8 /* CHListDeque.h */,
				E40D184B0E945580007F39D8 /* CHListDeque.m */,
				E4ADBB130E88174200B570BC /* CHListQueue.h */,
				E4ADBB140E88174200B570BC /* CHListQueue.m */,
				E4ADBB150E88174200B570BC /* CHListStack.h */,
				E4ADBB160E88174200B570BC /* CHListStack.m */,
				E48BF92E0EE79AAE0004D5E6 /* CHMultiDictionary.h */,
				E48BF9720EE7A2010004D5E6 /* CHMultiDictionary.m */,
				E4ADBB060E88174200B570BC /* CHMutableArrayHeap.h */,
				E4ADBB070E88174200B570BC /* CHMutableArrayHeap.m */,
				E4558D8F0FE758C300CC5860 /* CHMutableDictionary.h */,
				E4558D900FE758C300CC5860 /* CHMutableDictionary.m */,
				E40C4D00108D7A6A00A63A23 /* CHMutableSet.h */,
				E40C4D01108D7A6A00A63A23 /* CHMutableSet.m */,
				E4558DAE0FE7598700CC5860 /* CHOrderedDictionary.h */,
				E4558DAF0FE7598700CC5860 /* CHOrderedDictionary.m */,
				E49BE2810FB21058002904AB /* CHOrderedSet.h */,
				E49BE2820FB21058002904AB /* CHOrderedSet.m */,
				E4ADBB1B0E88174200B570BC /* CHRedBlackTree.h */,
				E4ADBB1C0E88174200B570BC /* CHRedBlackTree.m */,
				E41180250E91E7E700E66053 /* CHSinglyLinkedList.h */,
				E41180260E91E7E700E66053 /* CHSinglyLinkedList.m */,
				E4558DB40FE7599500CC5860 /* CHSortedDictionary.h */,
				E4558DB50FE7599500CC5860 /* CHSortedDictionary.m */,
				E41035260EC409B900C2CFB9 /* CHTreap.h */,
				E41035270EC409B900C2CFB9 /* CHTreap.m */,
				E4ADBB220E88174200B570BC /* CHUnbalancedTree.h */,
				E4ADBB230E88174200B570BC /* CHUnbalancedTree.m */,
			);
			name = Classes;
			sourceTree = "<group>";
		};
		96E14B7825926307006519C9 /* Configs */ = {
			isa = PBXGroup;
			children = (
				96E14B792592632C006519C9 /* Common.xcconfig */,
				96E14B7A2592634D006519C9 /* Debug.xcconfig */,
				96E14B7B25926360006519C9 /* Release.xcconfig */,
			);
			path = Configs;
			sourceTree = "<group>";
		};
		E44B57D00E9558A000F9DD1A /* Protocols */ = {
			isa = PBXGroup;
			children = (
				E42DBAF10E8C3200000E1FBD /* CHDeque.h */,
				E4ADBB120E88174200B570BC /* CHHeap.h */,
				E4ADBB170E88174200B570BC /* CHLinkedList.h */,
				E4ADBB180E88174200B570BC /* CHQueue.h */,
				E4FE77C60E8978C300971EE6 /* CHSearchTree.h */,
				E4128A950FB27E4F00CC187D /* CHSortedSet.h */,
				E4ADBB1D0E88174200B570BC /* CHStack.h */,
			);
			name = Protocols;
			sourceTree = "<group>";
		};
		E473C9A70E933350005CA997 /* Unit Test Code */ = {
			isa = PBXGroup;
			children = (
				E4A720C50EA78DCE00E0AC21 /* CHAbstractListCollectionTest.m */,
				E4D3A4C60F789FF500E21CF8 /* CHCircularBufferTest.m */,
				E4D48E960FE9510B009BA8BC /* CHCustomDictionariesTest.m */,
				E4FD52CC0ECA8589006D9FF8 /* CHDequeTest.m */,
				E40D18220E9452BB007F39D8 /* CHHeapTest.m */,
				E4D499690E93CD1300434CBA /* CHLinkedListTest.m */,
				E49BE3DB0FB230D4002904AB /* CHCustomSetsTest.m */,
				E4FD52F50ECA8A9F006D9FF8 /* CHQueueTest.m */,
				E4290A77100CE7F100C2C968 /* CHSortedSetTest.m */,
				E4FD53020ECA9212006D9FF8 /* CHStackTest.m */,
				E44EB0F10ECB83230071F93A /* CHUtilTest.m */,
			);
			name = "Unit Test Code";
			sourceTree = "<group>";
		};
		E4BD316A0FEEE79C00A084B2 /* Framework Code */ = {
			isa = PBXGroup;
			children = (
				E442DFA70E8F1BDF00BD62F6 /* CHDataStructures.h */,
				E4E7C1260EC0CACE009B19D7 /* CHDataStructures_Prefix.pch */,
				E44773A10E913C89000889F7 /* CHUtil.h */,
				E4723A710EB91B7A006FE465 /* CHUtil.m */,
				E44B57D00E9558A000F9DD1A /* Protocols */,
				08FB77AEFE84172EC02AAC07 /* Classes */,
			);
			name = "Framework Code";
			sourceTree = "<group>";
		};
		E4CFCDAD0E8FD16400B0253A /* Documentation */ = {
			isa = PBXGroup;
			children = (
				E4CFCDB00E8FD18300B0253A /* docs.html */,
				E4CFCDB10E8FD18300B0253A /* Doxyfile */,
				E4CFCDB20E8FD18300B0253A /* doxygen-cocoa-tags.xml */,
				E4CFCDB30E8FD18300B0253A /* doxygen.css */,
			);
			name = Documentation;
			sourceTree = "<group>";
		};
		E4FAE0F60E967A8B007BB1F9 /* Benchmarks */ = {
			isa = PBXGroup;
			children = (
				E44B58C40E95820400F9DD1A /* Benchmarks.m */,
			);
			name = Benchmarks;
			sourceTree = "<group>";
		};
/* End PBXGroup section */

/* Begin PBXHeadersBuildPhase section */
		8DC2EF500486A6940098B216 /* Headers */ = {
			isa = PBXHeadersBuildPhase;
			buildActionMask = 2147483647;
			files = (
				E4FE77CA0E8978DD00971EE6 /* CHAbstractBinarySearchTree.h in Headers */,
				E48860BA0EA66072000F132A /* CHAbstractListCollection.h in Headers */,
				E442DFB80E8F1E6D00BD62F6 /* CHAnderssonTree.h in Headers */,
				E445580B0EBCB70A00D9C482 /* CHAVLTree.h in Headers */,
				E4386EF01123A69C00DC6CAC /* CHBidirectionalDictionary.h in Headers */,
				E45F4CC4111F6025008E8B5D /* CHBinaryHeap.h in Headers */,
				E46D52B31104B62C007C5D9D /* CHCircularBuffer.h in Headers */,
				E4373E0E111D338200953B7D /* CHCircularBufferDeque.h in Headers */,
				E4373E0C111D338100953B7D /* CHCircularBufferQueue.h in Headers */,
				E4373E0A111D337F00953B7D /* CHCircularBufferStack.h in Headers */,
				E442DFA80E8F1BDF00BD62F6 /* CHDataStructures.h in Headers */,
				E42DBAF20E8C3200000E1FBD /* CHDeque.h in Headers */,
				E4ADBB3C0E88174200B570BC /* CHDoublyLinkedList.h in Headers */,
				E4ADBB300E88174200B570BC /* CHHeap.h in Headers */,
				E4ADBB350E88174200B570BC /* CHLinkedList.h in Headers */,
				E40D184D0E945580007F39D8 /* CHListDeque.h in Headers */,
				E4ADBB310E88174200B570BC /* CHListQueue.h in Headers */,
				E4ADBB330E88174200B570BC /* CHListStack.h in Headers */,
				E48BF92F0EE79AAE0004D5E6 /* CHMultiDictionary.h in Headers */,
				E4ADBB240E88174200B570BC /* CHMutableArrayHeap.h in Headers */,
				E4558D910FE758C300CC5860 /* CHMutableDictionary.h in Headers */,
				E40C4D02108D7A6A00A63A23 /* CHMutableSet.h in Headers */,
				E49BE2830FB21058002904AB /* CHOrderedSet.h in Headers */,
				E41D293E0F6CC44900AF80C4 /* CHAbstractBinarySearchTree_Internal.h in Headers */,
				E4ADBB390E88174200B570BC /* CHRedBlackTree.h in Headers */,
				E4FE77C70E8978C300971EE6 /* CHSearchTree.h in Headers */,
				E4ADBB360E88174200B570BC /* CHQueue.h in Headers */,
				E41180270E91E7E700E66053 /* CHSinglyLinkedList.h in Headers */,
				E4558DB60FE7599500CC5860 /* CHSortedDictionary.h in Headers */,
				E4128A970FB27E4F00CC187D /* CHSortedSet.h in Headers */,
				E4ADBB3B0E88174200B570BC /* CHStack.h in Headers */,
				E4558DB00FE7598700CC5860 /* CHOrderedDictionary.h in Headers */,
				E41035280EC409B900C2CFB9 /* CHTreap.h in Headers */,
				E4ADBB400E88174200B570BC /* CHUnbalancedTree.h in Headers */,
				E44773A20E913C89000889F7 /* CHUtil.h in Headers */,
			);
			runOnlyForDeploymentPostprocessing = 0;
		};
		96E5B2A31A70FCB40074B77B /* Headers */ = {
			isa = PBXHeadersBuildPhase;
			buildActionMask = 2147483647;
			files = (
				969123C61A7100470073C75A /* CHDataStructures.h in Headers */,
				969123CF1A7100470073C75A /* CHAbstractBinarySearchTree.h in Headers */,
				969123D01A7100470073C75A /* CHAbstractBinarySearchTree_Internal.h in Headers */,
				969123D11A7100470073C75A /* CHAbstractListCollection.h in Headers */,
				969123D21A7100470073C75A /* CHAnderssonTree.h in Headers */,
				969123D31A7100470073C75A /* CHAVLTree.h in Headers */,
				969123D41A7100470073C75A /* CHBidirectionalDictionary.h in Headers */,
				969123D51A7100470073C75A /* CHBinaryHeap.h in Headers */,
				969123D61A7100470073C75A /* CHCircularBuffer.h in Headers */,
				969123D71A7100470073C75A /* CHCircularBufferDeque.h in Headers */,
				969123D81A7100470073C75A /* CHCircularBufferQueue.h in Headers */,
				969123D91A7100470073C75A /* CHCircularBufferStack.h in Headers */,
				969123C81A7100470073C75A /* CHDeque.h in Headers */,
				969123DA1A7100470073C75A /* CHDoublyLinkedList.h in Headers */,
				969123C91A7100470073C75A /* CHHeap.h in Headers */,
				969123CA1A7100470073C75A /* CHLinkedList.h in Headers */,
				969123DB1A7100470073C75A /* CHListDeque.h in Headers */,
				969123DC1A7100480073C75A /* CHListQueue.h in Headers */,
				969123DD1A7100480073C75A /* CHListStack.h in Headers */,
				969123DE1A7100480073C75A /* CHMultiDictionary.h in Headers */,
				969123DF1A7100480073C75A /* CHMutableArrayHeap.h in Headers */,
				969123E01A7100480073C75A /* CHMutableDictionary.h in Headers */,
				969123E11A7100480073C75A /* CHMutableSet.h in Headers */,
				969123E21A7100480073C75A /* CHOrderedDictionary.h in Headers */,
				969123E31A7100480073C75A /* CHOrderedSet.h in Headers */,
				969123CB1A7100470073C75A /* CHQueue.h in Headers */,
				969123E41A7100480073C75A /* CHRedBlackTree.h in Headers */,
				969123CC1A7100470073C75A /* CHSearchTree.h in Headers */,
				969123E51A7100480073C75A /* CHSinglyLinkedList.h in Headers */,
				969123E61A7100480073C75A /* CHSortedDictionary.h in Headers */,
				969123CD1A7100470073C75A /* CHSortedSet.h in Headers */,
				969123CE1A7100470073C75A /* CHStack.h in Headers */,
				969123E71A7100480073C75A /* CHTreap.h in Headers */,
				969123E81A7100480073C75A /* CHUnbalancedTree.h in Headers */,
				969123C71A7100470073C75A /* CHUtil.h in Headers */,
			);
			runOnlyForDeploymentPostprocessing = 0;
		};
/* End PBXHeadersBuildPhase section */

/* Begin PBXNativeTarget section */
		8DC2EF4F0486A6940098B216 /* Mac */ = {
			isa = PBXNativeTarget;
			buildConfigurationList = 1DEB91AD08733DA50010E9CD /* Build configuration list for PBXNativeTarget "Mac" */;
			buildPhases = (
				8DC2EF500486A6940098B216 /* Headers */,
				8DC2EF520486A6940098B216 /* Resources */,
				8DC2EF540486A6940098B216 /* Sources */,
				8DC2EF560486A6940098B216 /* Frameworks */,
				E44B57800E9553A700F9DD1A /* Copy Files */,
				E4677860100462F600E7A565 /* CopyFiles */,
			);
			buildRules = (
			);
			dependencies = (
			);
			name = Mac;
			productInstallPath = "$(HOME)/Library/Frameworks";
			productName = CHDataStructures;
			productReference = 8DC2EF5B0486A6940098B216 /* CHDataStructures.framework */;
			productType = "com.apple.product-type.framework";
		};
		96E5B2A51A70FCB40074B77B /* iOS */ = {
			isa = PBXNativeTarget;
			buildConfigurationList = 96E5B2BF1A70FCB50074B77B /* Build configuration list for PBXNativeTarget "iOS" */;
			buildPhases = (
				96E5B2A31A70FCB40074B77B /* Headers */,
				96E5B2A11A70FCB40074B77B /* Sources */,
				96E5B2A21A70FCB40074B77B /* Frameworks */,
				96E5B2A41A70FCB40074B77B /* Resources */,
			);
			buildRules = (
			);
			dependencies = (
			);
			name = iOS;
			productName = iOS;
			productReference = 96E5B2A61A70FCB40074B77B /* CHDataStructures.framework */;
			productType = "com.apple.product-type.framework";
		};
		96E5B2AF1A70FCB50074B77B /* iOSTests */ = {
			isa = PBXNativeTarget;
			buildConfigurationList = 96E5B2C01A70FCB50074B77B /* Build configuration list for PBXNativeTarget "iOSTests" */;
			buildPhases = (
				96E5B2AC1A70FCB50074B77B /* Sources */,
				96E5B2AD1A70FCB50074B77B /* Frameworks */,
				96E5B2AE1A70FCB50074B77B /* Resources */,
			);
			buildRules = (
			);
			dependencies = (
				96E5B2B31A70FCB50074B77B /* PBXTargetDependency */,
			);
			name = iOSTests;
			productName = iOSTests;
			productReference = 96E5B2B01A70FCB50074B77B /* CHDataStructures.xctest */;
			productType = "com.apple.product-type.bundle.unit-test";
		};
		E44B59B30E95850F00F9DD1A /* Benchmarks */ = {
			isa = PBXNativeTarget;
			buildConfigurationList = E44B59CB0E95853300F9DD1A /* Build configuration list for PBXNativeTarget "Benchmarks" */;
			buildPhases = (
				E44B59B10E95850F00F9DD1A /* Sources */,
				E44B59B20E95850F00F9DD1A /* Frameworks */,
			);
			buildRules = (
			);
			dependencies = (
				E428B52F0EA537D9007CB324 /* PBXTargetDependency */,
			);
			name = Benchmarks;
			productName = Benchmarks;
			productReference = E44B59B40E95850F00F9DD1A /* Benchmarks */;
			productType = "com.apple.product-type.tool";
		};
		E473CB540E9346CB005CA997 /* MacTests */ = {
			isa = PBXNativeTarget;
			buildConfigurationList = E473CB690E9346F3005CA997 /* Build configuration list for PBXNativeTarget "MacTests" */;
			buildPhases = (
				E473CB500E9346CB005CA997 /* Resources */,
				E473CB510E9346CB005CA997 /* Sources */,
				E473CB520E9346CB005CA997 /* Frameworks */,
			);
			buildRules = (
			);
			dependencies = (
				E4A721AA0EA7AEFB00E0AC21 /* PBXTargetDependency */,
			);
			name = MacTests;
			productName = "Unit Testing";
			productReference = E473CB550E9346CB005CA997 /* CHDataStructures.xctest */;
			productType = "com.apple.product-type.bundle.unit-test";
		};
/* End PBXNativeTarget section */

/* Begin PBXProject section */
		0867D690FE84028FC02AAC07 /* Project object */ = {
			isa = PBXProject;
			attributes = {
				LastUpgradeCheck = 0460;
				TargetAttributes = {
					96E5B2A51A70FCB40074B77B = {
						CreatedOnToolsVersion = 6.2;
					};
					96E5B2AF1A70FCB50074B77B = {
						CreatedOnToolsVersion = 6.2;
					};
				};
			};
			buildConfigurationList = 1DEB91B108733DA50010E9CD /* Build configuration list for PBXProject "CHDataStructures" */;
			compatibilityVersion = "Xcode 3.2";
			developmentRegion = en;
			hasScannedForEncodings = 1;
			knownRegions = (
				en,
			);
			mainGroup = 0867D691FE84028FC02AAC07 /* CHDataStructures */;
			productRefGroup = 034768DFFF38A50411DB9C8B /* Products */;
			projectDirPath = "";
			projectRoot = "";
			targets = (
				8DC2EF4F0486A6940098B216 /* Mac */,
				E473CB540E9346CB005CA997 /* MacTests */,
				96E5B2A51A70FCB40074B77B /* iOS */,
				96E5B2AF1A70FCB50074B77B /* iOSTests */,
				E4FE76D80E89556A00971EE6 /* Documentation */,
				E44B59B30E95850F00F9DD1A /* Benchmarks */,
				E43C87680EA3D35500B3B31E /* Deployment */,
				E4FAE15B0E968F1B007BB1F9 /* All */,
			);
		};
/* End PBXProject section */

/* Begin PBXResourcesBuildPhase section */
		8DC2EF520486A6940098B216 /* Resources */ = {
			isa = PBXResourcesBuildPhase;
			buildActionMask = 2147483647;
			files = (
			);
			runOnlyForDeploymentPostprocessing = 0;
		};
		96E5B2A41A70FCB40074B77B /* Resources */ = {
			isa = PBXResourcesBuildPhase;
			buildActionMask = 2147483647;
			files = (
			);
			runOnlyForDeploymentPostprocessing = 0;
		};
		96E5B2AE1A70FCB50074B77B /* Resources */ = {
			isa = PBXResourcesBuildPhase;
			buildActionMask = 2147483647;
			files = (
			);
			runOnlyForDeploymentPostprocessing = 0;
		};
		E473CB500E9346CB005CA997 /* Resources */ = {
			isa = PBXResourcesBuildPhase;
			buildActionMask = 2147483647;
			files = (
			);
			runOnlyForDeploymentPostprocessing = 0;
		};
/* End PBXResourcesBuildPhase section */

/* Begin PBXShellScriptBuildPhase section */
		E41E579A0F6AF8E500FDA687 /* ShellScript */ = {
			isa = PBXShellScriptBuildPhase;
			buildActionMask = 2147483647;
			files = (
			);
			inputPaths = (
			);
			outputPaths = (
			);
			runOnlyForDeploymentPostprocessing = 0;
			shellPath = /bin/sh;
			shellScript = "if [ ${CONFIGURATION} = 'Release' ]\nthen\n\techo\n\techo \"Stripping documentation comments from public header files\"\n\tdirectory=\"build/Release/CHDataStructures.framework/Headers\"\n\tfor file in `ls $directory` ; do\n\t\techo '    '$file\n\t\ttools/strip_comments.py --input $directory/$file -JL > /tmp/$file\n\t\ttools/trim_trailing_whitespace.py /tmp/$file\n\t\tmv /tmp/$file $directory/\n\tdone\nfi";
			showEnvVarsInLog = 0;
		};
		E43C87670EA3D35500B3B31E /* ShellScript */ = {
			isa = PBXShellScriptBuildPhase;
			buildActionMask = 2147483647;
			files = (
			);
			inputPaths = (
			);
			outputPaths = (
			);
			runOnlyForDeploymentPostprocessing = 0;
			shellPath = /bin/sh;
			shellScript = "if [ ${CONFIGURATION} = 'Release' ]\nthen\n\t# http://www.red-sweater.com/blog/23/automatic-build-sub-versioning-in-xcode\n\tSVN_REVISION=`svnversion | perl -p -e 's/(\\d+:)(\\d+M?S?)/\\$2/'`\n\n\tif [ $SVN_REVISION = 'exported' ]\n\tthen\n\t\tDATE=`date '+%Y-%m-%d'`\n\t\tDISK_IMAGE_NAME=${PRODUCT_NAME}\\ \\(${DATE}\\)\n\t\tDISK_IMAGE_FILE=${PRODUCT_NAME}-${DATE}.dmg\n\telse\n\t\tDISK_IMAGE_NAME=${PRODUCT_NAME}\\ \\(r${SVN_REVISION}\\)\n\t\tDISK_IMAGE_FILE=${PRODUCT_NAME}-r${SVN_REVISION}.dmg\n\tfi\n\t\n\tSOURCE_DIRECTORY=${TEMP_FILES_DIR}/temp\t\n\trm -rf   \"${SOURCE_DIRECTORY}\"\n\tmkdir -p \"${SOURCE_DIRECTORY}\"/CHDataStructures.framework/\n\n\tcp -R build/Release/CHDataStructures.framework/ \"${SOURCE_DIRECTORY}\"/CHDataStructures.framework/\n\tcp README.html \"${SOURCE_DIRECTORY}\"\n\n\t# Remove all invisible .DS_Store files before creating disk image\n\tfor file in `find \"${SOURCE_DIRECTORY}\"/CHDataStructures.framework -name .DS_Store`\n\tdo\n\t\trm $file\n\tdone\n\n\trm -f \"${DISK_IMAGE_FILE}\"\n\thdiutil create -fs HFS+ -volname \"${DISK_IMAGE_NAME}\" -srcfolder \"${SOURCE_DIRECTORY}\" \"${DISK_IMAGE_FILE}\"\n\thdiutil internet-enable -yes \"${DISK_IMAGE_FILE}\"\nfi\n";
			showEnvVarsInLog = 0;
		};
		E4FE76D70E89556A00971EE6 /* ShellScript */ = {
			isa = PBXShellScriptBuildPhase;
			buildActionMask = 2147483647;
			files = (
			);
			inputPaths = (
			);
			outputPaths = (
			);
			runOnlyForDeploymentPostprocessing = 0;
			shellPath = /bin/sh;
			shellScript = "doxygen doxygen/Doxyfile";
			showEnvVarsInLog = 0;
		};
/* End PBXShellScriptBuildPhase section */

/* Begin PBXSourcesBuildPhase section */
		8DC2EF540486A6940098B216 /* Sources */ = {
			isa = PBXSourcesBuildPhase;
			buildActionMask = 2147483647;
			files = (
				E4ADBB250E88174200B570BC /* CHMutableArrayHeap.m in Sources */,
				E4ADBB320E88174200B570BC /* CHListQueue.m in Sources */,
				E4ADBB340E88174200B570BC /* CHListStack.m in Sources */,
				E4ADBB3A0E88174200B570BC /* CHRedBlackTree.m in Sources */,
				E4ADBB3D0E88174200B570BC /* CHDoublyLinkedList.m in Sources */,
				E4ADBB410E88174200B570BC /* CHUnbalancedTree.m in Sources */,
				E4ADBC9A0E88412C00B570BC /* CHAbstractBinarySearchTree.m in Sources */,
				E442DFB90E8F1E6D00BD62F6 /* CHAnderssonTree.m in Sources */,
				E41180280E91E7E700E66053 /* CHSinglyLinkedList.m in Sources */,
				E40D184E0E945580007F39D8 /* CHListDeque.m in Sources */,
				E48860BB0EA66072000F132A /* CHAbstractListCollection.m in Sources */,
				E4723A720EB91B7A006FE465 /* CHUtil.m in Sources */,
				E445580C0EBCB70A00D9C482 /* CHAVLTree.m in Sources */,
				E41035290EC409B900C2CFB9 /* CHTreap.m in Sources */,
				E48BF9730EE7A2010004D5E6 /* CHMultiDictionary.m in Sources */,
				E49BE2840FB21058002904AB /* CHOrderedSet.m in Sources */,
				E4558D920FE758C300CC5860 /* CHMutableDictionary.m in Sources */,
				E4558DB10FE7598700CC5860 /* CHOrderedDictionary.m in Sources */,
				E4558DB70FE7599500CC5860 /* CHSortedDictionary.m in Sources */,
				E40C4D03108D7A6A00A63A23 /* CHMutableSet.m in Sources */,
				E46D52B41104B62C007C5D9D /* CHCircularBuffer.m in Sources */,
				E4373E09111D337F00953B7D /* CHCircularBufferStack.m in Sources */,
				E4373E0B111D338000953B7D /* CHCircularBufferQueue.m in Sources */,
				E4373E0D111D338100953B7D /* CHCircularBufferDeque.m in Sources */,
				E45F4CC5111F6025008E8B5D /* CHBinaryHeap.m in Sources */,
				E4386EF11123A69C00DC6CAC /* CHBidirectionalDictionary.m in Sources */,
			);
			runOnlyForDeploymentPostprocessing = 0;
		};
		96E5B2A11A70FCB40074B77B /* Sources */ = {
			isa = PBXSourcesBuildPhase;
			buildActionMask = 2147483647;
			files = (
				969123AD1A7100120073C75A /* CHAbstractBinarySearchTree.m in Sources */,
				969123AE1A7100120073C75A /* CHAbstractListCollection.m in Sources */,
				969123AF1A7100120073C75A /* CHAnderssonTree.m in Sources */,
				969123B01A7100120073C75A /* CHAVLTree.m in Sources */,
				969123B11A7100120073C75A /* CHBidirectionalDictionary.m in Sources */,
				969123B21A7100120073C75A /* CHBinaryHeap.m in Sources */,
				969123B31A7100120073C75A /* CHCircularBuffer.m in Sources */,
				969123B41A7100120073C75A /* CHCircularBufferDeque.m in Sources */,
				969123B51A7100120073C75A /* CHCircularBufferQueue.m in Sources */,
				969123B61A7100120073C75A /* CHCircularBufferStack.m in Sources */,
				969123B71A7100120073C75A /* CHDoublyLinkedList.m in Sources */,
				969123B81A7100120073C75A /* CHListDeque.m in Sources */,
				969123B91A7100120073C75A /* CHListQueue.m in Sources */,
				969123BA1A7100120073C75A /* CHListStack.m in Sources */,
				969123BB1A7100120073C75A /* CHMultiDictionary.m in Sources */,
				969123BC1A7100120073C75A /* CHMutableArrayHeap.m in Sources */,
				969123BD1A7100120073C75A /* CHMutableDictionary.m in Sources */,
				969123BE1A7100120073C75A /* CHMutableSet.m in Sources */,
				969123BF1A7100120073C75A /* CHOrderedDictionary.m in Sources */,
				969123C01A7100120073C75A /* CHOrderedSet.m in Sources */,
				969123C11A7100120073C75A /* CHRedBlackTree.m in Sources */,
				969123C21A7100120073C75A /* CHSinglyLinkedList.m in Sources */,
				969123C31A7100120073C75A /* CHSortedDictionary.m in Sources */,
				969123C41A7100120073C75A /* CHTreap.m in Sources */,
				969123C51A7100120073C75A /* CHUnbalancedTree.m in Sources */,
				969123AC1A7100120073C75A /* CHUtil.m in Sources */,
			);
			runOnlyForDeploymentPostprocessing = 0;
		};
		96E5B2AC1A70FCB50074B77B /* Sources */ = {
			isa = PBXSourcesBuildPhase;
			buildActionMask = 2147483647;
			files = (
				96E5B2C11A70FDAE0074B77B /* CHAbstractListCollectionTest.m in Sources */,
				96E5B2C21A70FDAE0074B77B /* CHCircularBufferTest.m in Sources */,
				96E5B2C31A70FDAE0074B77B /* CHCustomDictionariesTest.m in Sources */,
				96E5B2C71A70FDAE0074B77B /* CHCustomSetsTest.m in Sources */,
				96E5B2C41A70FDAE0074B77B /* CHDequeTest.m in Sources */,
				96E5B2C51A70FDAE0074B77B /* CHHeapTest.m in Sources */,
				96E5B2C61A70FDAE0074B77B /* CHLinkedListTest.m in Sources */,
				96E5B2C81A70FDAE0074B77B /* CHQueueTest.m in Sources */,
				96E5B2C91A70FDAE0074B77B /* CHSortedSetTest.m in Sources */,
				96E5B2CA1A70FDAE0074B77B /* CHStackTest.m in Sources */,
				96E5B2CB1A70FDAE0074B77B /* CHUtilTest.m in Sources */,
			);
			runOnlyForDeploymentPostprocessing = 0;
		};
		E44B59B10E95850F00F9DD1A /* Sources */ = {
			isa = PBXSourcesBuildPhase;
			buildActionMask = 2147483647;
			files = (
				E44B59C70E95852400F9DD1A /* Benchmarks.m in Sources */,
			);
			runOnlyForDeploymentPostprocessing = 0;
		};
		E473CB510E9346CB005CA997 /* Sources */ = {
			isa = PBXSourcesBuildPhase;
			buildActionMask = 2147483647;
			files = (
				E4A720C60EA78DCE00E0AC21 /* CHAbstractListCollectionTest.m in Sources */,
				E4D3A4C70F789FF500E21CF8 /* CHCircularBufferTest.m in Sources */,
				E4D48E970FE9510B009BA8BC /* CHCustomDictionariesTest.m in Sources */,
				E49BE3DC0FB230D4002904AB /* CHCustomSetsTest.m in Sources */,
				E4FD52CD0ECA8589006D9FF8 /* CHDequeTest.m in Sources */,
				E48BFBB00EE858F40004D5E6 /* CHHeapTest.m in Sources */,
				E46300B30ECBEDAF00E1AF73 /* CHLinkedListTest.m in Sources */,
				E4FD52F60ECA8A9F006D9FF8 /* CHQueueTest.m in Sources */,
				E4290A78100CE7F100C2C968 /* CHSortedSetTest.m in Sources */,
				E4FD53030ECA9212006D9FF8 /* CHStackTest.m in Sources */,
				E44EB0F20ECB83230071F93A /* CHUtilTest.m in Sources */,
			);
			runOnlyForDeploymentPostprocessing = 0;
		};
/* End PBXSourcesBuildPhase section */

/* Begin PBXTargetDependency section */
		963818E91A7105EB0067CF59 /* PBXTargetDependency */ = {
			isa = PBXTargetDependency;
			target = 96E5B2A51A70FCB40074B77B /* iOS */;
			targetProxy = 963818E81A7105EB0067CF59 /* PBXContainerItemProxy */;
		};
		963818EB1A7105EB0067CF59 /* PBXTargetDependency */ = {
			isa = PBXTargetDependency;
			target = 96E5B2AF1A70FCB50074B77B /* iOSTests */;
			targetProxy = 963818EA1A7105EB0067CF59 /* PBXContainerItemProxy */;
		};
		96E5B2B31A70FCB50074B77B /* PBXTargetDependency */ = {
			isa = PBXTargetDependency;
			target = 96E5B2A51A70FCB40074B77B /* iOS */;
			targetProxy = 96E5B2B21A70FCB50074B77B /* PBXContainerItemProxy */;
		};
		E428B52F0EA537D9007CB324 /* PBXTargetDependency */ = {
			isa = PBXTargetDependency;
			target = 8DC2EF4F0486A6940098B216 /* Mac */;
			targetProxy = E428B52E0EA537D9007CB324 /* PBXContainerItemProxy */;
		};
		E43C876C0EA3D35C00B3B31E /* PBXTargetDependency */ = {
			isa = PBXTargetDependency;
			target = 8DC2EF4F0486A6940098B216 /* Mac */;
			targetProxy = E43C876B0EA3D35C00B3B31E /* PBXContainerItemProxy */;
		};
		E43C87A50EA3E19500B3B31E /* PBXTargetDependency */ = {
			isa = PBXTargetDependency;
			target = E43C87680EA3D35500B3B31E /* Deployment */;
			targetProxy = E43C87A40EA3E19500B3B31E /* PBXContainerItemProxy */;
		};
		E4A721AA0EA7AEFB00E0AC21 /* PBXTargetDependency */ = {
			isa = PBXTargetDependency;
			target = 8DC2EF4F0486A6940098B216 /* Mac */;
			targetProxy = E4A721A90EA7AEFB00E0AC21 /* PBXContainerItemProxy */;
		};
		E4FAE15F0E968F20007BB1F9 /* PBXTargetDependency */ = {
			isa = PBXTargetDependency;
			target = 8DC2EF4F0486A6940098B216 /* Mac */;
			targetProxy = E4FAE15E0E968F20007BB1F9 /* PBXContainerItemProxy */;
		};
		E4FAE1610E968F20007BB1F9 /* PBXTargetDependency */ = {
			isa = PBXTargetDependency;
			target = E473CB540E9346CB005CA997 /* MacTests */;
			targetProxy = E4FAE1600E968F20007BB1F9 /* PBXContainerItemProxy */;
		};
		E4FAE1630E968F20007BB1F9 /* PBXTargetDependency */ = {
			isa = PBXTargetDependency;
			target = E4FE76D80E89556A00971EE6 /* Documentation */;
			targetProxy = E4FAE1620E968F20007BB1F9 /* PBXContainerItemProxy */;
		};
		E4FAE1650E968F20007BB1F9 /* PBXTargetDependency */ = {
			isa = PBXTargetDependency;
			target = E44B59B30E95850F00F9DD1A /* Benchmarks */;
			targetProxy = E4FAE1640E968F20007BB1F9 /* PBXContainerItemProxy */;
		};
/* End PBXTargetDependency section */

/* Begin XCBuildConfiguration section */
		1DEB91AE08733DA50010E9CD /* Debug */ = {
			isa = XCBuildConfiguration;
			buildSettings = {
				DYLIB_COMPATIBILITY_VERSION = 1;
				DYLIB_CURRENT_VERSION = 1;
				FRAMEWORK_VERSION = A;
				GCC_PRECOMPILE_PREFIX_HEADER = YES;
				GCC_PREFIX_HEADER = source/CHDataStructures_Prefix.pch;
				INFOPLIST_FILE = "resources/Info-Framework.plist";
				INSTALL_PATH = "@executable_path/../Frameworks";
				WRAPPER_EXTENSION = framework;
			};
			name = Debug;
		};
		1DEB91AF08733DA50010E9CD /* Release */ = {
			isa = XCBuildConfiguration;
			buildSettings = {
				DYLIB_COMPATIBILITY_VERSION = 1;
				DYLIB_CURRENT_VERSION = 1;
				FRAMEWORK_VERSION = A;
				GCC_PRECOMPILE_PREFIX_HEADER = YES;
				GCC_PREFIX_HEADER = source/CHDataStructures_Prefix.pch;
				INFOPLIST_FILE = "resources/Info-Framework.plist";
				INSTALL_PATH = "@executable_path/../Frameworks";
				WRAPPER_EXTENSION = framework;
			};
			name = Release;
		};
		1DEB91B208733DA50010E9CD /* Debug */ = {
			isa = XCBuildConfiguration;
			baseConfigurationReference = 96E14B7A2592634D006519C9 /* Debug.xcconfig */;
			buildSettings = {
				ARCHS = "$(ARCHS_STANDARD_32_64_BIT)";
				PRODUCT_NAME = CHDataStructures;
			};
			name = Debug;
		};
		1DEB91B308733DA50010E9CD /* Release */ = {
			isa = XCBuildConfiguration;
			baseConfigurationReference = 96E14B7B25926360006519C9 /* Release.xcconfig */;
			buildSettings = {
				ARCHS = "$(ARCHS_STANDARD_32_64_BIT)";
				PRODUCT_NAME = CHDataStructures;
			};
			name = Release;
		};
		96E5B2B91A70FCB50074B77B /* Debug */ = {
			isa = XCBuildConfiguration;
			buildSettings = {
				CLANG_CXX_LANGUAGE_STANDARD = "gnu++0x";
				CLANG_CXX_LIBRARY = "libc++";
				CLANG_WARN_BOOL_CONVERSION = YES;
				CLANG_WARN_CONSTANT_CONVERSION = YES;
				CLANG_WARN_DIRECT_OBJC_ISA_USAGE = YES_ERROR;
				CLANG_WARN_EMPTY_BODY = YES;
				CLANG_WARN_ENUM_CONVERSION = YES;
				CLANG_WARN_INT_CONVERSION = YES;
				CLANG_WARN_OBJC_ROOT_CLASS = YES_ERROR;
				CLANG_WARN_UNREACHABLE_CODE = YES;
				CLANG_WARN__DUPLICATE_METHOD_MATCH = YES;
				"CODE_SIGN_IDENTITY[sdk=iphoneos*]" = "iPhone Developer";
				CURRENT_PROJECT_VERSION = 1;
				DEFINES_MODULE = YES;
				DYLIB_COMPATIBILITY_VERSION = 1;
				DYLIB_CURRENT_VERSION = 1;
				DYLIB_INSTALL_NAME_BASE = "@rpath";
				ENABLE_STRICT_OBJC_MSGSEND = YES;
				GCC_PREFIX_HEADER = source/CHDataStructures_Prefix.pch;
				GCC_PREPROCESSOR_DEFINITIONS = (
					"DEBUG=1",
					"$(inherited)",
				);
				GCC_SYMBOLS_PRIVATE_EXTERN = NO;
				GCC_WARN_UNDECLARED_SELECTOR = YES;
				GCC_WARN_UNINITIALIZED_AUTOS = YES_AGGRESSIVE;
				INFOPLIST_FILE = "resources/Info-Framework.plist";
				INSTALL_PATH = "$(LOCAL_LIBRARY_DIR)/Frameworks";
				IPHONEOS_DEPLOYMENT_TARGET = 8.2;
				LD_RUNPATH_SEARCH_PATHS = "$(inherited) @executable_path/Frameworks @loader_path/Frameworks";
				SDKROOT = iphoneos;
				SKIP_INSTALL = YES;
				TARGETED_DEVICE_FAMILY = "1,2";
				VERSIONING_SYSTEM = "apple-generic";
				VERSION_INFO_PREFIX = "";
			};
			name = Debug;
		};
		96E5B2BB1A70FCB50074B77B /* Release */ = {
			isa = XCBuildConfiguration;
			buildSettings = {
				CLANG_CXX_LANGUAGE_STANDARD = "gnu++0x";
				CLANG_CXX_LIBRARY = "libc++";
				CLANG_WARN_BOOL_CONVERSION = YES;
				CLANG_WARN_CONSTANT_CONVERSION = YES;
				CLANG_WARN_DIRECT_OBJC_ISA_USAGE = YES_ERROR;
				CLANG_WARN_EMPTY_BODY = YES;
				CLANG_WARN_ENUM_CONVERSION = YES;
				CLANG_WARN_INT_CONVERSION = YES;
				CLANG_WARN_OBJC_ROOT_CLASS = YES_ERROR;
				CLANG_WARN_UNREACHABLE_CODE = YES;
				CLANG_WARN__DUPLICATE_METHOD_MATCH = YES;
				"CODE_SIGN_IDENTITY[sdk=iphoneos*]" = "iPhone Developer";
				CURRENT_PROJECT_VERSION = 1;
				DEFINES_MODULE = YES;
				DYLIB_COMPATIBILITY_VERSION = 1;
				DYLIB_CURRENT_VERSION = 1;
				DYLIB_INSTALL_NAME_BASE = "@rpath";
				ENABLE_NS_ASSERTIONS = NO;
				ENABLE_STRICT_OBJC_MSGSEND = YES;
				GCC_PREFIX_HEADER = source/CHDataStructures_Prefix.pch;
				GCC_WARN_UNDECLARED_SELECTOR = YES;
				GCC_WARN_UNINITIALIZED_AUTOS = YES_AGGRESSIVE;
				INFOPLIST_FILE = "resources/Info-Framework.plist";
				INSTALL_PATH = "$(LOCAL_LIBRARY_DIR)/Frameworks";
				IPHONEOS_DEPLOYMENT_TARGET = 8.2;
				LD_RUNPATH_SEARCH_PATHS = "$(inherited) @executable_path/Frameworks @loader_path/Frameworks";
				SDKROOT = iphoneos;
				SKIP_INSTALL = YES;
				TARGETED_DEVICE_FAMILY = "1,2";
				VALIDATE_PRODUCT = YES;
				VERSIONING_SYSTEM = "apple-generic";
				VERSION_INFO_PREFIX = "";
			};
			name = Release;
		};
		96E5B2BC1A70FCB50074B77B /* Debug */ = {
			isa = XCBuildConfiguration;
			buildSettings = {
				CLANG_CXX_LANGUAGE_STANDARD = "gnu++0x";
				CLANG_CXX_LIBRARY = "libc++";
				CLANG_WARN_BOOL_CONVERSION = YES;
				CLANG_WARN_CONSTANT_CONVERSION = YES;
				CLANG_WARN_DIRECT_OBJC_ISA_USAGE = YES_ERROR;
				CLANG_WARN_EMPTY_BODY = YES;
				CLANG_WARN_ENUM_CONVERSION = YES;
				CLANG_WARN_INT_CONVERSION = YES;
				CLANG_WARN_OBJC_ROOT_CLASS = YES_ERROR;
				CLANG_WARN_UNREACHABLE_CODE = YES;
				CLANG_WARN__DUPLICATE_METHOD_MATCH = YES;
				ENABLE_STRICT_OBJC_MSGSEND = YES;
				FRAMEWORK_SEARCH_PATHS = (
					"$(SDKROOT)/Developer/Library/Frameworks",
					"$(inherited)",
				);
				GCC_PREPROCESSOR_DEFINITIONS = (
					"DEBUG=1",
					"$(inherited)",
				);
				GCC_SYMBOLS_PRIVATE_EXTERN = NO;
				GCC_WARN_UNDECLARED_SELECTOR = YES;
				GCC_WARN_UNINITIALIZED_AUTOS = YES_AGGRESSIVE;
				INFOPLIST_FILE = "resources/Info-Tests.plist";
				IPHONEOS_DEPLOYMENT_TARGET = 8.2;
				LD_RUNPATH_SEARCH_PATHS = "$(inherited) @executable_path/Frameworks @loader_path/Frameworks";
				SDKROOT = iphoneos;
			};
			name = Debug;
		};
		96E5B2BE1A70FCB50074B77B /* Release */ = {
			isa = XCBuildConfiguration;
			buildSettings = {
				CLANG_CXX_LANGUAGE_STANDARD = "gnu++0x";
				CLANG_CXX_LIBRARY = "libc++";
				CLANG_WARN_BOOL_CONVERSION = YES;
				CLANG_WARN_CONSTANT_CONVERSION = YES;
				CLANG_WARN_DIRECT_OBJC_ISA_USAGE = YES_ERROR;
				CLANG_WARN_EMPTY_BODY = YES;
				CLANG_WARN_ENUM_CONVERSION = YES;
				CLANG_WARN_INT_CONVERSION = YES;
				CLANG_WARN_OBJC_ROOT_CLASS = YES_ERROR;
				CLANG_WARN_UNREACHABLE_CODE = YES;
				CLANG_WARN__DUPLICATE_METHOD_MATCH = YES;
				ENABLE_NS_ASSERTIONS = NO;
				ENABLE_STRICT_OBJC_MSGSEND = YES;
				FRAMEWORK_SEARCH_PATHS = (
					"$(SDKROOT)/Developer/Library/Frameworks",
					"$(inherited)",
				);
				GCC_WARN_UNDECLARED_SELECTOR = YES;
				GCC_WARN_UNINITIALIZED_AUTOS = YES_AGGRESSIVE;
				INFOPLIST_FILE = "resources/Info-Tests.plist";
				IPHONEOS_DEPLOYMENT_TARGET = 8.2;
				LD_RUNPATH_SEARCH_PATHS = "$(inherited) @executable_path/Frameworks @loader_path/Frameworks";
				SDKROOT = iphoneos;
				VALIDATE_PRODUCT = YES;
			};
			name = Release;
		};
		E43C87690EA3D35500B3B31E /* Debug */ = {
			isa = XCBuildConfiguration;
			buildSettings = {
			};
			name = Debug;
		};
		E43C876A0EA3D35500B3B31E /* Release */ = {
			isa = XCBuildConfiguration;
			buildSettings = {
			};
			name = Release;
		};
		E44B59B80E95851000F9DD1A /* Debug */ = {
			isa = XCBuildConfiguration;
			buildSettings = {
				INSTALL_PATH = /usr/local/bin;
				OTHER_LDFLAGS = (
					"-framework",
					Foundation,
				);
				PRODUCT_NAME = Benchmarks;
			};
			name = Debug;
		};
		E44B59B90E95851000F9DD1A /* Release */ = {
			isa = XCBuildConfiguration;
			buildSettings = {
				INSTALL_PATH = /usr/local/bin;
				OTHER_LDFLAGS = (
					"-framework",
					Foundation,
				);
				PRODUCT_NAME = Benchmarks;
			};
			name = Release;
		};
		E473CB580E9346CB005CA997 /* Debug */ = {
			isa = XCBuildConfiguration;
			buildSettings = {
				INFOPLIST_FILE = "resources/Info-Tests.plist";
				INSTALL_PATH = "$(USER_LIBRARY_DIR)/Bundles";
				OTHER_LDFLAGS = (
					"-framework",
					Foundation,
				);
			};
			name = Debug;
		};
		E473CB590E9346CB005CA997 /* Release */ = {
			isa = XCBuildConfiguration;
			buildSettings = {
				INFOPLIST_FILE = "resources/Info-Tests.plist";
				INSTALL_PATH = "$(USER_LIBRARY_DIR)/Bundles";
				OTHER_LDFLAGS = (
					"-framework",
					Foundation,
				);
			};
			name = Release;
		};
		E4FAE15C0E968F1B007BB1F9 /* Debug */ = {
			isa = XCBuildConfiguration;
			buildSettings = {
			};
			name = Debug;
		};
		E4FAE15D0E968F1B007BB1F9 /* Release */ = {
			isa = XCBuildConfiguration;
			buildSettings = {
			};
			name = Release;
		};
		E4FE76D90E89556A00971EE6 /* Debug */ = {
			isa = XCBuildConfiguration;
			buildSettings = {
				PATH = "$PATH:/usr/local/bin";
			};
			name = Debug;
		};
		E4FE76DA0E89556A00971EE6 /* Release */ = {
			isa = XCBuildConfiguration;
			buildSettings = {
				PATH = "$PATH:/usr/local/bin";
			};
			name = Release;
		};
/* End XCBuildConfiguration section */

/* Begin XCConfigurationList section */
		1DEB91AD08733DA50010E9CD /* Build configuration list for PBXNativeTarget "Mac" */ = {
			isa = XCConfigurationList;
			buildConfigurations = (
				1DEB91AE08733DA50010E9CD /* Debug */,
				1DEB91AF08733DA50010E9CD /* Release */,
			);
			defaultConfigurationIsVisible = 0;
			defaultConfigurationName = Debug;
		};
		1DEB91B108733DA50010E9CD /* Build configuration list for PBXProject "CHDataStructures" */ = {
			isa = XCConfigurationList;
			buildConfigurations = (
				1DEB91B208733DA50010E9CD /* Debug */,
				1DEB91B308733DA50010E9CD /* Release */,
			);
			defaultConfigurationIsVisible = 0;
			defaultConfigurationName = Debug;
		};
		96E5B2BF1A70FCB50074B77B /* Build configuration list for PBXNativeTarget "iOS" */ = {
			isa = XCConfigurationList;
			buildConfigurations = (
				96E5B2B91A70FCB50074B77B /* Debug */,
				96E5B2BB1A70FCB50074B77B /* Release */,
			);
			defaultConfigurationIsVisible = 0;
			defaultConfigurationName = Debug;
		};
		96E5B2C01A70FCB50074B77B /* Build configuration list for PBXNativeTarget "iOSTests" */ = {
			isa = XCConfigurationList;
			buildConfigurations = (
				96E5B2BC1A70FCB50074B77B /* Debug */,
				96E5B2BE1A70FCB50074B77B /* Release */,
			);
			defaultConfigurationIsVisible = 0;
			defaultConfigurationName = Debug;
		};
		E43C87740EA3D36600B3B31E /* Build configuration list for PBXAggregateTarget "Deployment" */ = {
			isa = XCConfigurationList;
			buildConfigurations = (
				E43C87690EA3D35500B3B31E /* Debug */,
				E43C876A0EA3D35500B3B31E /* Release */,
			);
			defaultConfigurationIsVisible = 0;
			defaultConfigurationName = Debug;
		};
		E44B59CB0E95853300F9DD1A /* Build configuration list for PBXNativeTarget "Benchmarks" */ = {
			isa = XCConfigurationList;
			buildConfigurations = (
				E44B59B80E95851000F9DD1A /* Debug */,
				E44B59B90E95851000F9DD1A /* Release */,
			);
			defaultConfigurationIsVisible = 0;
			defaultConfigurationName = Debug;
		};
		E473CB690E9346F3005CA997 /* Build configuration list for PBXNativeTarget "MacTests" */ = {
			isa = XCConfigurationList;
			buildConfigurations = (
				E473CB580E9346CB005CA997 /* Debug */,
				E473CB590E9346CB005CA997 /* Release */,
			);
			defaultConfigurationIsVisible = 0;
			defaultConfigurationName = Debug;
		};
		E4FAE1670E968F3F007BB1F9 /* Build configuration list for PBXAggregateTarget "All" */ = {
			isa = XCConfigurationList;
			buildConfigurations = (
				E4FAE15C0E968F1B007BB1F9 /* Debug */,
				E4FAE15D0E968F1B007BB1F9 /* Release */,
			);
			defaultConfigurationIsVisible = 0;
			defaultConfigurationName = Debug;
		};
		E4FE76F70E8955BB00971EE6 /* Build configuration list for PBXAggregateTarget "Documentation" */ = {
			isa = XCConfigurationList;
			buildConfigurations = (
				E4FE76D90E89556A00971EE6 /* Debug */,
				E4FE76DA0E89556A00971EE6 /* Release */,
			);
			defaultConfigurationIsVisible = 0;
			defaultConfigurationName = Debug;
		};
/* End XCConfigurationList section */
	};
	rootObject = 0867D690FE84028FC02AAC07 /* Project object */;
}
